<?xml version="1.0" encoding="utf-8"?>
<!--
xmake version 2.9.7+master.540d496f5

  This file is auto generated by xmake.

  Please DO NOT EDIT since all your modification will lost after re-generation.
  See https://github.com/xmake-io/xmake/pull/472 for more infomation.
-->
<Project ToolsVersion="4.0" xmlns="http://schemas.microsoft.com/developer/msbuild/2003">
  <ItemGroup>
    <Filter Include="Properties">
      <UniqueIdentifier>{CC7C6180-942D-056E-3227-E6A2B3FB19CD}</UniqueIdentifier>
    </Filter>
    <Filter Include="include">
      <UniqueIdentifier>{04CCF0D3-2EF0-416E-960B-AE7879D46B6B}</UniqueIdentifier>
    </Filter>
    <Filter Include="src">
      <UniqueIdentifier>{491FBF00-292E-479F-8C8F-7A2AC045023A}</UniqueIdentifier>
    </Filter>

  </ItemGroup>
  <ItemGroup>
    <None Include="$(MSBuildProjectDirectory)\Xmake.Custom.props">
      <Filter>Properties</Filter>
    </None>
    <None Include="$(MSBuildProjectDirectory)\Xmake.Custom.targets">
      <Filter>Properties</Filter>
    </None>
    <None Include="$(MSBuildProjectDirectory)\Xmake.Custom.items">
      <Filter>Properties</Filter>
    </None>
    <None Include="$(MSBuildProjectDirectory)\Xmake.Custom.items.filters">
      <Filter>Properties</Filter>
    </None>
    <None Include="$(XmakeScriptDir)\xmake.lua">
      <Filter>Properties</Filter>
    </None>
  </ItemGroup>
  <ItemGroup>
    <ClInclude Include="$(XmakeProjectDir)\RE-UE4SS\deps\first\LuaRaw\include\lua.hpp">
      <Filter>include</Filter>
    </ClInclude>


  </ItemGroup>
  <ItemGroup>
    <ClCompile Include="$(XmakeProjectDir)\RE-UE4SS\deps\first\LuaRaw\src\lapi.c">
      <Filter>src</Filter>
    </ClCompile>
    <ClCompile Include="$(XmakeProjectDir)\RE-UE4SS\deps\first\LuaRaw\src\lauxlib.c">
      <Filter>src</Filter>
    </ClCompile>
    <ClCompile Include="$(XmakeProjectDir)\RE-UE4SS\deps\first\LuaRaw\src\lbaselib.c">
      <Filter>src</Filter>
    </ClCompile>
    <ClCompile Include="$(XmakeProjectDir)\RE-UE4SS\deps\first\LuaRaw\src\lcode.c">
      <Filter>src</Filter>
    </ClCompile>
    <ClCompile Include="$(XmakeProjectDir)\RE-UE4SS\deps\first\LuaRaw\src\lcorolib.c">
      <Filter>src</Filter>
    </ClCompile>
    <ClCompile Include="$(XmakeProjectDir)\RE-UE4SS\deps\first\LuaRaw\src\lctype.c">
      <Filter>src</Filter>
    </ClCompile>
    <ClCompile Include="$(XmakeProjectDir)\RE-UE4SS\deps\first\LuaRaw\src\ldblib.c">
      <Filter>src</Filter>
    </ClCompile>
    <ClCompile Include="$(XmakeProjectDir)\RE-UE4SS\deps\first\LuaRaw\src\ldebug.c">
      <Filter>src</Filter>
    </ClCompile>
    <ClCompile Include="$(XmakeProjectDir)\RE-UE4SS\deps\first\LuaRaw\src\ldo.c">
      <Filter>src</Filter>
    </ClCompile>
    <ClCompile Include="$(XmakeProjectDir)\RE-UE4SS\deps\first\LuaRaw\src\ldump.c">
      <Filter>src</Filter>
    </ClCompile>
    <ClCompile Include="$(XmakeProjectDir)\RE-UE4SS\deps\first\LuaRaw\src\lfunc.c">
      <Filter>src</Filter>
    </ClCompile>
    <ClCompile Include="$(XmakeProjectDir)\RE-UE4SS\deps\first\LuaRaw\src\lgc.c">
      <Filter>src</Filter>
    </ClCompile>
    <ClCompile Include="$(XmakeProjectDir)\RE-UE4SS\deps\first\LuaRaw\src\linit.c">
      <Filter>src</Filter>
    </ClCompile>
    <ClCompile Include="$(XmakeProjectDir)\RE-UE4SS\deps\first\LuaRaw\src\liolib.c">
      <Filter>src</Filter>
    </ClCompile>
    <ClCompile Include="$(XmakeProjectDir)\RE-UE4SS\deps\first\LuaRaw\src\llex.c">
      <Filter>src</Filter>
    </ClCompile>
    <ClCompile Include="$(XmakeProjectDir)\RE-UE4SS\deps\first\LuaRaw\src\lmathlib.c">
      <Filter>src</Filter>
    </ClCompile>
    <ClCompile Include="$(XmakeProjectDir)\RE-UE4SS\deps\first\LuaRaw\src\lmem.c">
      <Filter>src</Filter>
    </ClCompile>
    <ClCompile Include="$(XmakeProjectDir)\RE-UE4SS\deps\first\LuaRaw\src\loadlib.c">
      <Filter>src</Filter>
    </ClCompile>
    <ClCompile Include="$(XmakeProjectDir)\RE-UE4SS\deps\first\LuaRaw\src\lobject.c">
      <Filter>src</Filter>
    </ClCompile>
    <ClCompile Include="$(XmakeProjectDir)\RE-UE4SS\deps\first\LuaRaw\src\lopcodes.c">
      <Filter>src</Filter>
    </ClCompile>
    <ClCompile Include="$(XmakeProjectDir)\RE-UE4SS\deps\first\LuaRaw\src\loslib.c">
      <Filter>src</Filter>
    </ClCompile>
    <ClCompile Include="$(XmakeProjectDir)\RE-UE4SS\deps\first\LuaRaw\src\lparser.c">
      <Filter>src</Filter>
    </ClCompile>
    <ClCompile Include="$(XmakeProjectDir)\RE-UE4SS\deps\first\LuaRaw\src\lstate.c">
      <Filter>src</Filter>
    </ClCompile>
    <ClCompile Include="$(XmakeProjectDir)\RE-UE4SS\deps\first\LuaRaw\src\lstring.c">
      <Filter>src</Filter>
    </ClCompile>
    <ClCompile Include="$(XmakeProjectDir)\RE-UE4SS\deps\first\LuaRaw\src\lstrlib.c">
      <Filter>src</Filter>
    </ClCompile>
    <ClCompile Include="$(XmakeProjectDir)\RE-UE4SS\deps\first\LuaRaw\src\ltable.c">
      <Filter>src</Filter>
    </ClCompile>
    <ClCompile Include="$(XmakeProjectDir)\RE-UE4SS\deps\first\LuaRaw\src\ltablib.c">
      <Filter>src</Filter>
    </ClCompile>
    <ClCompile Include="$(XmakeProjectDir)\RE-UE4SS\deps\first\LuaRaw\src\ltm.c">
      <Filter>src</Filter>
    </ClCompile>
    <ClCompile Include="$(XmakeProjectDir)\RE-UE4SS\deps\first\LuaRaw\src\luauser.c">
      <Filter>src</Filter>
    </ClCompile>
    <ClCompile Include="$(XmakeProjectDir)\RE-UE4SS\deps\first\LuaRaw\src\lundump.c">
      <Filter>src</Filter>
    </ClCompile>
    <ClCompile Include="$(XmakeProjectDir)\RE-UE4SS\deps\first\LuaRaw\src\lutf8lib.c">
      <Filter>src</Filter>
    </ClCompile>
    <ClCompile Include="$(XmakeProjectDir)\RE-UE4SS\deps\first\LuaRaw\src\lvm.c">
      <Filter>src</Filter>
    </ClCompile>
    <ClCompile Include="$(XmakeProjectDir)\RE-UE4SS\deps\first\LuaRaw\src\lzio.c">
      <Filter>src</Filter>
    </ClCompile>




  </ItemGroup>
  <ItemGroup>

  </ItemGroup>
  <ItemGroup>




  </ItemGroup>
  <Import Condition="Exists('$(MSBuildThisFileDirectory)\Xmake.Custom.files.filters')"
    Project="$(MSBuildThisFileDirectory)\Xmake.Custom.files.filters" />
</Project>
