Microsoft Visual Studio Solution File, Format Version 12.00
# Visual Studio Version 17.0
#
# xmake version 2.9.7+master.540d496f5
#
#   This file is auto generated by xmake.
#
#   Please DO NOT EDIT since all your modification will lost after re-generation.
#   See https://github.com/xmake-io/xmake/pull/472 for more infomation.
#
VisualStudioVersion = 17.0
MinimumVisualStudioVersion = 10.0.40219.1
Project("{8BC9CEB8-8B4A-11D0-8D11-00A0C91BC942}") = "UE4SS", "UE4SS\UE4SS.vcxproj", "{C65EA019-E0FF-4209-9F69-B07F7BC31137}"
EndProject
Project("{8BC9CEB8-8B4A-11D0-8D11-00A0C91BC942}") = "ArgsParser", "ArgsParser\ArgsParser.vcxproj", "{53C3A396-DDF3-4D84-8AE2-90E1B258E674}"
EndProject
Project("{8BC9CEB8-8B4A-11D0-8D11-00A0C91BC942}") = "ASMHelper", "ASMHelper\ASMHelper.vcxproj", "{B9BDD6AA-AEA2-4727-A338-90696752E0C1}"
EndProject
Project("{8BC9CEB8-8B4A-11D0-8D11-00A0C91BC942}") = "Constructs", "Constructs\Constructs.vcxproj", "{1C347114-7C82-4676-AA3F-9192DAE53010}"
EndProject
Project("{8BC9CEB8-8B4A-11D0-8D11-00A0C91BC942}") = "DynamicOutput", "DynamicOutput\DynamicOutput.vcxproj", "{CF1EED23-8271-4653-AAB7-8F29EB96481C}"
EndProject
Project("{8BC9CEB8-8B4A-11D0-8D11-00A0C91BC942}") = "File", "File\File.vcxproj", "{A3CF0700-4323-4686-B5A5-690AFD5CE790}"
EndProject
Project("{8BC9CEB8-8B4A-11D0-8D11-00A0C91BC942}") = "Function", "Function\Function.vcxproj", "{9D96CB13-ACB1-49BD-9DAA-213B0AFD8585}"
EndProject
Project("{8BC9CEB8-8B4A-11D0-8D11-00A0C91BC942}") = "Helpers", "Helpers\Helpers.vcxproj", "{5840C994-C5EE-4CD4-BB35-20A013798AD7}"
EndProject
Project("{8BC9CEB8-8B4A-11D0-8D11-00A0C91BC942}") = "IniParser", "IniParser\IniParser.vcxproj", "{E5583436-1C4C-433D-A718-EED709065AF0}"
EndProject
Project("{8BC9CEB8-8B4A-11D0-8D11-00A0C91BC942}") = "Input", "Input\Input.vcxproj", "{93C8C9B8-5107-4338-A00B-685C15912D45}"
EndProject
Project("{8BC9CEB8-8B4A-11D0-8D11-00A0C91BC942}") = "JSON", "JSON\JSON.vcxproj", "{45CE5999-9A9B-43AC-80E1-B9226B0FD49B}"
EndProject
Project("{8BC9CEB8-8B4A-11D0-8D11-00A0C91BC942}") = "KismetDebuggerMod", "KismetDebuggerMod\KismetDebuggerMod.vcxproj", "{0AC64F1A-D707-4422-96E4-55372D7EA566}"
EndProject
Project("{8BC9CEB8-8B4A-11D0-8D11-00A0C91BC942}") = "LuaMadeSimple", "LuaMadeSimple\LuaMadeSimple.vcxproj", "{076A39BA-E376-4417-8CDD-A2946BA2E504}"
EndProject
Project("{8BC9CEB8-8B4A-11D0-8D11-00A0C91BC942}") = "LuaRaw", "LuaRaw\LuaRaw.vcxproj", "{7D1D2B09-D37C-4587-B020-F662953F8BFF}"
EndProject
Project("{8BC9CEB8-8B4A-11D0-8D11-00A0C91BC942}") = "MProgram", "MProgram\MProgram.vcxproj", "{D6E01C08-E13F-4F6D-80F5-64CD6BA27984}"
EndProject
Project("{8BC9CEB8-8B4A-11D0-8D11-00A0C91BC942}") = "ParserBase", "ParserBase\ParserBase.vcxproj", "{BE6F14AB-5E08-4633-9760-A843D967F42A}"
EndProject
Project("{8BC9CEB8-8B4A-11D0-8D11-00A0C91BC942}") = "Profiler", "Profiler\Profiler.vcxproj", "{8B706F37-17DE-4466-BF3E-546D9A578E8D}"
EndProject
Project("{8BC9CEB8-8B4A-11D0-8D11-00A0C91BC942}") = "ScopedTimer", "ScopedTimer\ScopedTimer.vcxproj", "{DD9F31AF-F98A-4663-89DB-AC0203E94CF4}"
EndProject
Project("{8BC9CEB8-8B4A-11D0-8D11-00A0C91BC942}") = "SinglePassSigScanner", "SinglePassSigScanner\SinglePassSigScanner.vcxproj", "{0730B8E5-0440-4F97-A5F9-6AFEEC11DD4A}"
EndProject
Project("{8BC9CEB8-8B4A-11D0-8D11-00A0C91BC942}") = "String", "String\String.vcxproj", "{830C37EE-0D01-421E-8C91-BC511FC846FA}"
EndProject
Project("{8BC9CEB8-8B4A-11D0-8D11-00A0C91BC942}") = "TSWWeatherMod", "TSWWeatherMod\TSWWeatherMod.vcxproj", "{9B98DCAC-1682-4EEB-A374-1FC77A7B5F6A}"
EndProject
Project("{8BC9CEB8-8B4A-11D0-8D11-00A0C91BC942}") = "UVTD", "UVTD\UVTD.vcxproj", "{6A1A6FE1-79E4-4008-87A3-EF080F89F909}"
EndProject
Project("{8BC9CEB8-8B4A-11D0-8D11-00A0C91BC942}") = "Unreal", "Unreal\Unreal.vcxproj", "{80BDB7F8-D73C-491A-B612-C04DB8BA2B33}"
EndProject
Project("{8BC9CEB8-8B4A-11D0-8D11-00A0C91BC942}") = "glad", "glad\glad.vcxproj", "{67D9F9CC-FADA-4979-8810-6F0E48C336C3}"
EndProject
Project("{8BC9CEB8-8B4A-11D0-8D11-00A0C91BC942}") = "patternsleuth_bind", "patternsleuth_bind\patternsleuth_bind.vcxproj", "{DE32B926-BB26-4912-8D76-6CACA284C456}"
EndProject
Project("{8BC9CEB8-8B4A-11D0-8D11-00A0C91BC942}") = "proxy", "proxy\proxy.vcxproj", "{2AA6EAC5-C868-4866-B9E2-BC9530A10303}"
EndProject
Project("{8BC9CEB8-8B4A-11D0-8D11-00A0C91BC942}") = "proxy_generator", "proxy_generator\proxy_generator.vcxproj", "{F8044801-A96E-42DD-8010-25ACA668105A}"
EndProject

Project("{2150E333-8FDC-42A3-9474-1A3956D46DE8}") = "deps", "deps", "{B6FDC29B-81A7-435F-8053-62E65EBCF048}"
EndProject
Project("{2150E333-8FDC-42A3-9474-1A3956D46DE8}") = "mods", "mods", "{9F304CEE-73F1-429C-8F88-FDEB2206D267}"
EndProject

Project("{2150E333-8FDC-42A3-9474-1A3956D46DE8}") = "Properties", "Properties", "{007754BD-BB1F-452F-A0D8-13EF216C5ED9}"
	ProjectSection(SolutionItems) = preProject
		Xmake.Custom.props = Xmake.Custom.props
		Xmake.Custom.targets = Xmake.Custom.targets
		..\xmake.lua = ..\xmake.lua
	EndProjectSection
EndProject
Global
	GlobalSection(SolutionConfigurationPlatforms) = preSolution
		Game__Shipping__Win64|x64 = Game__Shipping__Win64|x64
	EndGlobalSection
	GlobalSection(ProjectConfigurationPlatforms) = postSolution
		{C65EA019-E0FF-4209-9F69-B07F7BC31137}.Game__Shipping__Win64|x64.ActiveCfg = Game__Shipping__Win64|x64
		{C65EA019-E0FF-4209-9F69-B07F7BC31137}.Game__Shipping__Win64|x64.Build.0 = Game__Shipping__Win64|x64
		{53C3A396-DDF3-4D84-8AE2-90E1B258E674}.Game__Shipping__Win64|x64.ActiveCfg = Game__Shipping__Win64|x64
		{53C3A396-DDF3-4D84-8AE2-90E1B258E674}.Game__Shipping__Win64|x64.Build.0 = Game__Shipping__Win64|x64
		{B9BDD6AA-AEA2-4727-A338-90696752E0C1}.Game__Shipping__Win64|x64.ActiveCfg = Game__Shipping__Win64|x64
		{B9BDD6AA-AEA2-4727-A338-90696752E0C1}.Game__Shipping__Win64|x64.Build.0 = Game__Shipping__Win64|x64
		{1C347114-7C82-4676-AA3F-9192DAE53010}.Game__Shipping__Win64|x64.ActiveCfg = Game__Shipping__Win64|x64
		{1C347114-7C82-4676-AA3F-9192DAE53010}.Game__Shipping__Win64|x64.Build.0 = Game__Shipping__Win64|x64
		{CF1EED23-8271-4653-AAB7-8F29EB96481C}.Game__Shipping__Win64|x64.ActiveCfg = Game__Shipping__Win64|x64
		{CF1EED23-8271-4653-AAB7-8F29EB96481C}.Game__Shipping__Win64|x64.Build.0 = Game__Shipping__Win64|x64
		{A3CF0700-4323-4686-B5A5-690AFD5CE790}.Game__Shipping__Win64|x64.ActiveCfg = Game__Shipping__Win64|x64
		{A3CF0700-4323-4686-B5A5-690AFD5CE790}.Game__Shipping__Win64|x64.Build.0 = Game__Shipping__Win64|x64
		{9D96CB13-ACB1-49BD-9DAA-213B0AFD8585}.Game__Shipping__Win64|x64.ActiveCfg = Game__Shipping__Win64|x64
		{9D96CB13-ACB1-49BD-9DAA-213B0AFD8585}.Game__Shipping__Win64|x64.Build.0 = Game__Shipping__Win64|x64
		{5840C994-C5EE-4CD4-BB35-20A013798AD7}.Game__Shipping__Win64|x64.ActiveCfg = Game__Shipping__Win64|x64
		{5840C994-C5EE-4CD4-BB35-20A013798AD7}.Game__Shipping__Win64|x64.Build.0 = Game__Shipping__Win64|x64
		{E5583436-1C4C-433D-A718-EED709065AF0}.Game__Shipping__Win64|x64.ActiveCfg = Game__Shipping__Win64|x64
		{E5583436-1C4C-433D-A718-EED709065AF0}.Game__Shipping__Win64|x64.Build.0 = Game__Shipping__Win64|x64
		{93C8C9B8-5107-4338-A00B-685C15912D45}.Game__Shipping__Win64|x64.ActiveCfg = Game__Shipping__Win64|x64
		{93C8C9B8-5107-4338-A00B-685C15912D45}.Game__Shipping__Win64|x64.Build.0 = Game__Shipping__Win64|x64
		{45CE5999-9A9B-43AC-80E1-B9226B0FD49B}.Game__Shipping__Win64|x64.ActiveCfg = Game__Shipping__Win64|x64
		{45CE5999-9A9B-43AC-80E1-B9226B0FD49B}.Game__Shipping__Win64|x64.Build.0 = Game__Shipping__Win64|x64
		{0AC64F1A-D707-4422-96E4-55372D7EA566}.Game__Shipping__Win64|x64.ActiveCfg = Game__Shipping__Win64|x64
		{0AC64F1A-D707-4422-96E4-55372D7EA566}.Game__Shipping__Win64|x64.Build.0 = Game__Shipping__Win64|x64
		{076A39BA-E376-4417-8CDD-A2946BA2E504}.Game__Shipping__Win64|x64.ActiveCfg = Game__Shipping__Win64|x64
		{076A39BA-E376-4417-8CDD-A2946BA2E504}.Game__Shipping__Win64|x64.Build.0 = Game__Shipping__Win64|x64
		{7D1D2B09-D37C-4587-B020-F662953F8BFF}.Game__Shipping__Win64|x64.ActiveCfg = Game__Shipping__Win64|x64
		{7D1D2B09-D37C-4587-B020-F662953F8BFF}.Game__Shipping__Win64|x64.Build.0 = Game__Shipping__Win64|x64
		{D6E01C08-E13F-4F6D-80F5-64CD6BA27984}.Game__Shipping__Win64|x64.ActiveCfg = Game__Shipping__Win64|x64
		{D6E01C08-E13F-4F6D-80F5-64CD6BA27984}.Game__Shipping__Win64|x64.Build.0 = Game__Shipping__Win64|x64
		{BE6F14AB-5E08-4633-9760-A843D967F42A}.Game__Shipping__Win64|x64.ActiveCfg = Game__Shipping__Win64|x64
		{BE6F14AB-5E08-4633-9760-A843D967F42A}.Game__Shipping__Win64|x64.Build.0 = Game__Shipping__Win64|x64
		{8B706F37-17DE-4466-BF3E-546D9A578E8D}.Game__Shipping__Win64|x64.ActiveCfg = Game__Shipping__Win64|x64
		{8B706F37-17DE-4466-BF3E-546D9A578E8D}.Game__Shipping__Win64|x64.Build.0 = Game__Shipping__Win64|x64
		{DD9F31AF-F98A-4663-89DB-AC0203E94CF4}.Game__Shipping__Win64|x64.ActiveCfg = Game__Shipping__Win64|x64
		{DD9F31AF-F98A-4663-89DB-AC0203E94CF4}.Game__Shipping__Win64|x64.Build.0 = Game__Shipping__Win64|x64
		{0730B8E5-0440-4F97-A5F9-6AFEEC11DD4A}.Game__Shipping__Win64|x64.ActiveCfg = Game__Shipping__Win64|x64
		{0730B8E5-0440-4F97-A5F9-6AFEEC11DD4A}.Game__Shipping__Win64|x64.Build.0 = Game__Shipping__Win64|x64
		{830C37EE-0D01-421E-8C91-BC511FC846FA}.Game__Shipping__Win64|x64.ActiveCfg = Game__Shipping__Win64|x64
		{830C37EE-0D01-421E-8C91-BC511FC846FA}.Game__Shipping__Win64|x64.Build.0 = Game__Shipping__Win64|x64
		{9B98DCAC-1682-4EEB-A374-1FC77A7B5F6A}.Game__Shipping__Win64|x64.ActiveCfg = Game__Shipping__Win64|x64
		{9B98DCAC-1682-4EEB-A374-1FC77A7B5F6A}.Game__Shipping__Win64|x64.Build.0 = Game__Shipping__Win64|x64
		{6A1A6FE1-79E4-4008-87A3-EF080F89F909}.Game__Shipping__Win64|x64.ActiveCfg = Game__Shipping__Win64|x64
		{6A1A6FE1-79E4-4008-87A3-EF080F89F909}.Game__Shipping__Win64|x64.Build.0 = Game__Shipping__Win64|x64
		{80BDB7F8-D73C-491A-B612-C04DB8BA2B33}.Game__Shipping__Win64|x64.ActiveCfg = Game__Shipping__Win64|x64
		{80BDB7F8-D73C-491A-B612-C04DB8BA2B33}.Game__Shipping__Win64|x64.Build.0 = Game__Shipping__Win64|x64
		{67D9F9CC-FADA-4979-8810-6F0E48C336C3}.Game__Shipping__Win64|x64.ActiveCfg = Game__Shipping__Win64|x64
		{67D9F9CC-FADA-4979-8810-6F0E48C336C3}.Game__Shipping__Win64|x64.Build.0 = Game__Shipping__Win64|x64
		{DE32B926-BB26-4912-8D76-6CACA284C456}.Game__Shipping__Win64|x64.ActiveCfg = Game__Shipping__Win64|x64
		{DE32B926-BB26-4912-8D76-6CACA284C456}.Game__Shipping__Win64|x64.Build.0 = Game__Shipping__Win64|x64
		{2AA6EAC5-C868-4866-B9E2-BC9530A10303}.Game__Shipping__Win64|x64.ActiveCfg = Game__Shipping__Win64|x64
		{2AA6EAC5-C868-4866-B9E2-BC9530A10303}.Game__Shipping__Win64|x64.Build.0 = Game__Shipping__Win64|x64
		{F8044801-A96E-42DD-8010-25ACA668105A}.Game__Shipping__Win64|x64.ActiveCfg = Game__Shipping__Win64|x64
		{F8044801-A96E-42DD-8010-25ACA668105A}.Game__Shipping__Win64|x64.Build.0 = Game__Shipping__Win64|x64
	EndGlobalSection
	GlobalSection(SolutionProperties) = preSolution
		HideSolutionNode = FALSE
	EndGlobalSection
	GlobalSection(NestedProjects) = preSolution
		{B9BDD6AA-AEA2-4727-A338-90696752E0C1} = {B6FDC29B-81A7-435F-8053-62E65EBCF048}
		{53C3A396-DDF3-4D84-8AE2-90E1B258E674} = {B6FDC29B-81A7-435F-8053-62E65EBCF048}
		{1C347114-7C82-4676-AA3F-9192DAE53010} = {B6FDC29B-81A7-435F-8053-62E65EBCF048}
		{CF1EED23-8271-4653-AAB7-8F29EB96481C} = {B6FDC29B-81A7-435F-8053-62E65EBCF048}
		{A3CF0700-4323-4686-B5A5-690AFD5CE790} = {B6FDC29B-81A7-435F-8053-62E65EBCF048}
		{9D96CB13-ACB1-49BD-9DAA-213B0AFD8585} = {B6FDC29B-81A7-435F-8053-62E65EBCF048}
		{5840C994-C5EE-4CD4-BB35-20A013798AD7} = {B6FDC29B-81A7-435F-8053-62E65EBCF048}
		{E5583436-1C4C-433D-A718-EED709065AF0} = {B6FDC29B-81A7-435F-8053-62E65EBCF048}
		{93C8C9B8-5107-4338-A00B-685C15912D45} = {B6FDC29B-81A7-435F-8053-62E65EBCF048}
		{45CE5999-9A9B-43AC-80E1-B9226B0FD49B} = {B6FDC29B-81A7-435F-8053-62E65EBCF048}
		{0AC64F1A-D707-4422-96E4-55372D7EA566} = {9F304CEE-73F1-429C-8F88-FDEB2206D267}
		{076A39BA-E376-4417-8CDD-A2946BA2E504} = {B6FDC29B-81A7-435F-8053-62E65EBCF048}
		{7D1D2B09-D37C-4587-B020-F662953F8BFF} = {B6FDC29B-81A7-435F-8053-62E65EBCF048}
		{D6E01C08-E13F-4F6D-80F5-64CD6BA27984} = {B6FDC29B-81A7-435F-8053-62E65EBCF048}
		{BE6F14AB-5E08-4633-9760-A843D967F42A} = {B6FDC29B-81A7-435F-8053-62E65EBCF048}
		{8B706F37-17DE-4466-BF3E-546D9A578E8D} = {B6FDC29B-81A7-435F-8053-62E65EBCF048}
		{DD9F31AF-F98A-4663-89DB-AC0203E94CF4} = {B6FDC29B-81A7-435F-8053-62E65EBCF048}
		{0730B8E5-0440-4F97-A5F9-6AFEEC11DD4A} = {B6FDC29B-81A7-435F-8053-62E65EBCF048}
		{830C37EE-0D01-421E-8C91-BC511FC846FA} = {B6FDC29B-81A7-435F-8053-62E65EBCF048}
		{9B98DCAC-1682-4EEB-A374-1FC77A7B5F6A} = {9F304CEE-73F1-429C-8F88-FDEB2206D267}
		{80BDB7F8-D73C-491A-B612-C04DB8BA2B33} = {B6FDC29B-81A7-435F-8053-62E65EBCF048}
	EndGlobalSection
	GlobalSection(ExtensibilityGlobals) = postSolution
		SolutionGuid = {93945EAF-A294-4558-BF0B-7314A3EAA53C}
	EndGlobalSection
EndGlobal
