<?xml version="1.0" encoding="utf-8"?>
<!--
xmake version 2.9.7+master.540d496f5

  This file is auto generated by xmake.

  Please DO NOT EDIT since all your modification will lost after re-generation.
  See https://github.com/xmake-io/xmake/pull/472 for more infomation.
-->
<Project ToolsVersion="4.0" xmlns="http://schemas.microsoft.com/developer/msbuild/2003">
  <ItemGroup>
    <Filter Include="Properties">
      <UniqueIdentifier>{CC7C6180-942D-056E-3227-E6A2B3FB19CD}</UniqueIdentifier>
    </Filter>
    <Filter Include="include">
      <UniqueIdentifier>{04CCF0D3-2EF0-416E-960B-AE7879D46B6B}</UniqueIdentifier>
    </Filter>
    <Filter Include="include\UVTD">
      <UniqueIdentifier>{406497FB-0CE3-423A-BB91-75ED1474A24B}</UniqueIdentifier>
    </Filter>
    <Filter Include="src">
      <UniqueIdentifier>{491FBF00-292E-479F-8C8F-7A2AC045023A}</UniqueIdentifier>
    </Filter>

  </ItemGroup>
  <ItemGroup>
    <None Include="$(MSBuildProjectDirectory)\Xmake.Custom.props">
      <Filter>Properties</Filter>
    </None>
    <None Include="$(MSBuildProjectDirectory)\Xmake.Custom.targets">
      <Filter>Properties</Filter>
    </None>
    <None Include="$(MSBuildProjectDirectory)\Xmake.Custom.items">
      <Filter>Properties</Filter>
    </None>
    <None Include="$(MSBuildProjectDirectory)\Xmake.Custom.items.filters">
      <Filter>Properties</Filter>
    </None>
    <None Include="$(XmakeScriptDir)\xmake.lua">
      <Filter>Properties</Filter>
    </None>
  </ItemGroup>
  <ItemGroup>
    <ClInclude Include="$(XmakeProjectDir)\RE-UE4SS\UVTD\include\UVTD\ExceptionHandling.hpp">
      <Filter>include\UVTD</Filter>
    </ClInclude>
    <ClInclude Include="$(XmakeProjectDir)\RE-UE4SS\UVTD\include\UVTD\Helpers.hpp">
      <Filter>include\UVTD</Filter>
    </ClInclude>
    <ClInclude Include="$(XmakeProjectDir)\RE-UE4SS\UVTD\include\UVTD\MemberVarsDumper.hpp">
      <Filter>include\UVTD</Filter>
    </ClInclude>
    <ClInclude Include="$(XmakeProjectDir)\RE-UE4SS\UVTD\include\UVTD\MemberVarsWrapperGenerator.hpp">
      <Filter>include\UVTD</Filter>
    </ClInclude>
    <ClInclude Include="$(XmakeProjectDir)\RE-UE4SS\UVTD\include\UVTD\SolBindingsGenerator.hpp">
      <Filter>include\UVTD</Filter>
    </ClInclude>
    <ClInclude Include="$(XmakeProjectDir)\RE-UE4SS\UVTD\include\UVTD\Symbols.hpp">
      <Filter>include\UVTD</Filter>
    </ClInclude>
    <ClInclude Include="$(XmakeProjectDir)\RE-UE4SS\UVTD\include\UVTD\TemplateClassParser.hpp">
      <Filter>include\UVTD</Filter>
    </ClInclude>
    <ClInclude Include="$(XmakeProjectDir)\RE-UE4SS\UVTD\include\UVTD\TypeContainer.hpp">
      <Filter>include\UVTD</Filter>
    </ClInclude>
    <ClInclude Include="$(XmakeProjectDir)\RE-UE4SS\UVTD\include\UVTD\UVTD.hpp">
      <Filter>include\UVTD</Filter>
    </ClInclude>
    <ClInclude Include="$(XmakeProjectDir)\RE-UE4SS\UVTD\include\UVTD\UnrealVirtualGenerator.hpp">
      <Filter>include\UVTD</Filter>
    </ClInclude>
    <ClInclude Include="$(XmakeProjectDir)\RE-UE4SS\UVTD\include\UVTD\VTableDumper.hpp">
      <Filter>include\UVTD</Filter>
    </ClInclude>


  </ItemGroup>
  <ItemGroup>

    <ClCompile Include="$(XmakeProjectDir)\RE-UE4SS\UVTD\src\Helpers.cpp">
      <Filter>src</Filter>
    </ClCompile>
    <ClCompile Include="$(XmakeProjectDir)\RE-UE4SS\UVTD\src\MemberVarsDumper.cpp">
      <Filter>src</Filter>
    </ClCompile>
    <ClCompile Include="$(XmakeProjectDir)\RE-UE4SS\UVTD\src\MemberVarsWrapperGenerator.cpp">
      <Filter>src</Filter>
    </ClCompile>
    <ClCompile Include="$(XmakeProjectDir)\RE-UE4SS\UVTD\src\SolBindingsGenerator.cpp">
      <Filter>src</Filter>
    </ClCompile>
    <ClCompile Include="$(XmakeProjectDir)\RE-UE4SS\UVTD\src\Symbols.cpp">
      <Filter>src</Filter>
    </ClCompile>
    <ClCompile Include="$(XmakeProjectDir)\RE-UE4SS\UVTD\src\TemplateClassParser.cpp">
      <Filter>src</Filter>
    </ClCompile>
    <ClCompile Include="$(XmakeProjectDir)\RE-UE4SS\UVTD\src\TypeContainer.cpp">
      <Filter>src</Filter>
    </ClCompile>
    <ClCompile Include="$(XmakeProjectDir)\RE-UE4SS\UVTD\src\UVTD.cpp">
      <Filter>src</Filter>
    </ClCompile>
    <ClCompile Include="$(XmakeProjectDir)\RE-UE4SS\UVTD\src\UnrealVirtualGenerator.cpp">
      <Filter>src</Filter>
    </ClCompile>
    <ClCompile Include="$(XmakeProjectDir)\RE-UE4SS\UVTD\src\VTableDumper.cpp">
      <Filter>src</Filter>
    </ClCompile>
    <ClCompile Include="$(XmakeProjectDir)\RE-UE4SS\UVTD\src\main.cpp">
      <Filter>src</Filter>
    </ClCompile>



  </ItemGroup>
  <ItemGroup>

  </ItemGroup>
  <ItemGroup>




  </ItemGroup>
  <Import Condition="Exists('$(MSBuildThisFileDirectory)\Xmake.Custom.files.filters')"
    Project="$(MSBuildThisFileDirectory)\Xmake.Custom.files.filters" />
</Project>
