<?xml version="1.0" encoding="utf-8"?>
<!--
xmake version 2.9.7+master.540d496f5

  This file is auto generated by xmake.

  Please DO NOT EDIT since all your modification will lost after re-generation.
  See https://github.com/xmake-io/xmake/pull/472 for more infomation.
-->
<Project ToolsVersion="4.0" xmlns="http://schemas.microsoft.com/developer/msbuild/2003">
  <ItemGroup>
    <Filter Include="Properties">
      <UniqueIdentifier>{CC7C6180-942D-056E-3227-E6A2B3FB19CD}</UniqueIdentifier>
    </Filter>
    <Filter Include="include">
      <UniqueIdentifier>{04CCF0D3-2EF0-416E-960B-AE7879D46B6B}</UniqueIdentifier>
    </Filter>
    <Filter Include="include\ArgsParser">
      <UniqueIdentifier>{5EF42465-972D-428E-B9CC-D759C1C9F1A2}</UniqueIdentifier>
    </Filter>
    <Filter Include="src">
      <UniqueIdentifier>{491FBF00-292E-479F-8C8F-7A2AC045023A}</UniqueIdentifier>
    </Filter>
    <Filter Include="src\ArgsParser">
      <UniqueIdentifier>{BB4C56F5-0808-4338-99F3-DCCE7306EA5C}</UniqueIdentifier>
    </Filter>

  </ItemGroup>
  <ItemGroup>
    <None Include="$(MSBuildProjectDirectory)\Xmake.Custom.props">
      <Filter>Properties</Filter>
    </None>
    <None Include="$(MSBuildProjectDirectory)\Xmake.Custom.targets">
      <Filter>Properties</Filter>
    </None>
    <None Include="$(MSBuildProjectDirectory)\Xmake.Custom.items">
      <Filter>Properties</Filter>
    </None>
    <None Include="$(MSBuildProjectDirectory)\Xmake.Custom.items.filters">
      <Filter>Properties</Filter>
    </None>
    <None Include="$(XmakeScriptDir)\xmake.lua">
      <Filter>Properties</Filter>
    </None>
  </ItemGroup>
  <ItemGroup>
    <ClInclude Include="$(XmakeProjectDir)\RE-UE4SS\deps\first\ArgsParser\include\ArgsParser\ArgsParser.hpp">
      <Filter>include\ArgsParser</Filter>
    </ClInclude>


  </ItemGroup>
  <ItemGroup>

    <ClCompile Include="$(XmakeProjectDir)\RE-UE4SS\deps\first\ArgsParser\src\ArgsParser\main.cpp">
      <Filter>src\ArgsParser</Filter>
    </ClCompile>



  </ItemGroup>
  <ItemGroup>

  </ItemGroup>
  <ItemGroup>




  </ItemGroup>
  <Import Condition="Exists('$(MSBuildThisFileDirectory)\Xmake.Custom.files.filters')"
    Project="$(MSBuildThisFileDirectory)\Xmake.Custom.files.filters" />
</Project>
