<?xml version="1.0" encoding="utf-8"?>
<!--
xmake version 2.9.7+master.540d496f5

  This file is auto generated by xmake.

  Please DO NOT EDIT since all your modification will lost after re-generation.
  See https://github.com/xmake-io/xmake/pull/472 for more infomation.
-->
<Project ToolsVersion="4.0" xmlns="http://schemas.microsoft.com/developer/msbuild/2003">
  <ItemGroup>
    <Filter Include="Properties">
      <UniqueIdentifier>{CC7C6180-942D-056E-3227-E6A2B3FB19CD}</UniqueIdentifier>
    </Filter>
    <Filter Include="generated_include">
      <UniqueIdentifier>{B97FE16B-84E1-45D4-B958-36454C00BA20}</UniqueIdentifier>
    </Filter>
    <Filter Include="include">
      <UniqueIdentifier>{04CCF0D3-2EF0-416E-960B-AE7879D46B6B}</UniqueIdentifier>
    </Filter>
    <Filter Include="include\Unreal">
      <UniqueIdentifier>{B3C64963-A12D-4E57-80A8-1FCBBDC0245A}</UniqueIdentifier>
    </Filter>
    <Filter Include="include\Unreal\Core">
      <UniqueIdentifier>{B53C30E7-0DFD-429F-AAC6-423F5EA22CDA}</UniqueIdentifier>
    </Filter>
    <Filter Include="include\Unreal\Core\Algo">
      <UniqueIdentifier>{34534B54-E073-4108-ACAB-F88E5F001A62}</UniqueIdentifier>
    </Filter>
    <Filter Include="include\Unreal\Core\Algo\Impl">
      <UniqueIdentifier>{44A995F6-A2E2-4DBD-A5F2-3B019F327AB1}</UniqueIdentifier>
    </Filter>
    <Filter Include="include\Unreal\Core\Clang">
      <UniqueIdentifier>{E6D72069-0E75-4B94-92BE-16A10BFF86D5}</UniqueIdentifier>
    </Filter>
    <Filter Include="include\Unreal\Core\Concepts">
      <UniqueIdentifier>{1F7E485E-8FE8-42D0-A1E2-3643FF72FBB1}</UniqueIdentifier>
    </Filter>
    <Filter Include="include\Unreal\Core\Containers">
      <UniqueIdentifier>{83D626EF-722B-43F1-B461-720D2B8ED5D3}</UniqueIdentifier>
    </Filter>
    <Filter Include="include\Unreal\Core\Delegates">
      <UniqueIdentifier>{23682518-6586-4721-92D3-BC49F6117281}</UniqueIdentifier>
    </Filter>
    <Filter Include="include\Unreal\Core\GenericPlatform">
      <UniqueIdentifier>{CD38F967-D618-4BD8-8A28-9691AE36664F}</UniqueIdentifier>
    </Filter>
    <Filter Include="include\Unreal\Core\HAL">
      <UniqueIdentifier>{8BF915E5-FA53-4479-A7E6-3283271EFD7F}</UniqueIdentifier>
    </Filter>
    <Filter Include="include\Unreal\Core\MSVC">
      <UniqueIdentifier>{49B18365-F0F2-4751-89E6-43932185EC23}</UniqueIdentifier>
    </Filter>
    <Filter Include="include\Unreal\Core\Math">
      <UniqueIdentifier>{42526265-279C-47FB-9578-6734C909BECF}</UniqueIdentifier>
    </Filter>
    <Filter Include="include\Unreal\Core\Microsoft">
      <UniqueIdentifier>{D39D5E26-718E-447D-B087-AD3BAE87D230}</UniqueIdentifier>
    </Filter>
    <Filter Include="include\Unreal\Core\Misc">
      <UniqueIdentifier>{5AFAAA17-0FEC-47C5-ABCD-2BEC0F9381F3}</UniqueIdentifier>
    </Filter>
    <Filter Include="include\Unreal\Core\Serialization">
      <UniqueIdentifier>{2EC62E4C-C515-4F0F-AD5C-63A8902996EB}</UniqueIdentifier>
    </Filter>
    <Filter Include="include\Unreal\Core\Templates">
      <UniqueIdentifier>{FEF60FE5-0DDF-4F82-A9A1-BE3CA99D0B8D}</UniqueIdentifier>
    </Filter>
    <Filter Include="include\Unreal\Core\Traits">
      <UniqueIdentifier>{E71975AE-5EF8-4277-9C78-07E6ACE04FAE}</UniqueIdentifier>
    </Filter>
    <Filter Include="include\Unreal\Core\UObject">
      <UniqueIdentifier>{4CE84C2F-4D1B-4696-BAF8-F385EC591768}</UniqueIdentifier>
    </Filter>
    <Filter Include="include\Unreal\Core\Windows">
      <UniqueIdentifier>{B02247F9-1F8F-4B5D-A101-457451D8B029}</UniqueIdentifier>
    </Filter>
    <Filter Include="include\Unreal\Property">
      <UniqueIdentifier>{5A60F9BB-FF48-45B6-BB72-277565E6842B}</UniqueIdentifier>
    </Filter>
    <Filter Include="include\Unreal\Searcher">
      <UniqueIdentifier>{C45C4136-5F31-4018-B9D5-2D2165BAC512}</UniqueIdentifier>
    </Filter>
    <Filter Include="include\Unreal\VersionedContainer">
      <UniqueIdentifier>{A353A770-27B9-404B-AFC1-FCFB9897FB00}</UniqueIdentifier>
    </Filter>
    <Filter Include="include\Unreal\VersionedContainer\UnrealVirtualImpl">
      <UniqueIdentifier>{45591E00-99C7-48E3-B1A1-85CED59FE4B4}</UniqueIdentifier>
    </Filter>
    <Filter Include="src">
      <UniqueIdentifier>{491FBF00-292E-479F-8C8F-7A2AC045023A}</UniqueIdentifier>
    </Filter>
    <Filter Include="src\Core">
      <UniqueIdentifier>{E8F90DC6-569B-48FB-A769-59AC3D831AAC}</UniqueIdentifier>
    </Filter>
    <Filter Include="src\Core\Containers">
      <UniqueIdentifier>{C591888C-CEBD-4DED-9DD2-6939B33065DA}</UniqueIdentifier>
    </Filter>
    <Filter Include="src\Core\GenericPlatform">
      <UniqueIdentifier>{0FC6A324-BE4B-4F43-996E-504DE10B7E7C}</UniqueIdentifier>
    </Filter>
    <Filter Include="src\Core\HAL">
      <UniqueIdentifier>{07081E36-CA08-4285-B587-4CE5C01031D5}</UniqueIdentifier>
    </Filter>
    <Filter Include="src\Core\Microsoft">
      <UniqueIdentifier>{7E540424-9101-4C25-8E72-16CA827FF5D9}</UniqueIdentifier>
    </Filter>
    <Filter Include="src\Core\Misc">
      <UniqueIdentifier>{1E74B4D9-4E44-4428-AAC5-3D3A1EABF2D8}</UniqueIdentifier>
    </Filter>
    <Filter Include="src\Property">
      <UniqueIdentifier>{CFE4A2C5-59AE-4F07-929A-8280FAA33F92}</UniqueIdentifier>
    </Filter>
    <Filter Include="src\Searcher">
      <UniqueIdentifier>{2AC303C8-0F81-4A55-A791-0B01D437C989}</UniqueIdentifier>
    </Filter>
    <Filter Include="src\VersionedContainer">
      <UniqueIdentifier>{61BC8677-5ECC-4D6B-B60E-F4EB959556A2}</UniqueIdentifier>
    </Filter>
    <Filter Include="src\VersionedContainer\UnrealVirtualImpl">
      <UniqueIdentifier>{83FE6696-044C-4383-B623-C8A0C7C5437E}</UniqueIdentifier>
    </Filter>

  </ItemGroup>
  <ItemGroup>
    <None Include="$(MSBuildProjectDirectory)\Xmake.Custom.props">
      <Filter>Properties</Filter>
    </None>
    <None Include="$(MSBuildProjectDirectory)\Xmake.Custom.targets">
      <Filter>Properties</Filter>
    </None>
    <None Include="$(MSBuildProjectDirectory)\Xmake.Custom.items">
      <Filter>Properties</Filter>
    </None>
    <None Include="$(MSBuildProjectDirectory)\Xmake.Custom.items.filters">
      <Filter>Properties</Filter>
    </None>
    <None Include="$(XmakeScriptDir)\xmake.lua">
      <Filter>Properties</Filter>
    </None>
  </ItemGroup>
  <ItemGroup>
    <ClInclude Include="$(XmakeProjectDir)\RE-UE4SS\deps\first\Unreal\generated_include\MemberVariableLayout_HeaderWrapper_AActor.hpp">
      <Filter>generated_include</Filter>
    </ClInclude>
    <ClInclude Include="$(XmakeProjectDir)\RE-UE4SS\deps\first\Unreal\generated_include\MemberVariableLayout_HeaderWrapper_AGameMode.hpp">
      <Filter>generated_include</Filter>
    </ClInclude>
    <ClInclude Include="$(XmakeProjectDir)\RE-UE4SS\deps\first\Unreal\generated_include\MemberVariableLayout_HeaderWrapper_AGameModeBase.hpp">
      <Filter>generated_include</Filter>
    </ClInclude>
    <ClInclude Include="$(XmakeProjectDir)\RE-UE4SS\deps\first\Unreal\generated_include\MemberVariableLayout_HeaderWrapper_FArchive.hpp">
      <Filter>generated_include</Filter>
    </ClInclude>
    <ClInclude Include="$(XmakeProjectDir)\RE-UE4SS\deps\first\Unreal\generated_include\MemberVariableLayout_HeaderWrapper_FArchiveState.hpp">
      <Filter>generated_include</Filter>
    </ClInclude>
    <ClInclude Include="$(XmakeProjectDir)\RE-UE4SS\deps\first\Unreal\generated_include\MemberVariableLayout_HeaderWrapper_FArrayProperty.hpp">
      <Filter>generated_include</Filter>
    </ClInclude>
    <ClInclude Include="$(XmakeProjectDir)\RE-UE4SS\deps\first\Unreal\generated_include\MemberVariableLayout_HeaderWrapper_FBoolProperty.hpp">
      <Filter>generated_include</Filter>
    </ClInclude>
    <ClInclude Include="$(XmakeProjectDir)\RE-UE4SS\deps\first\Unreal\generated_include\MemberVariableLayout_HeaderWrapper_FByteProperty.hpp">
      <Filter>generated_include</Filter>
    </ClInclude>
    <ClInclude Include="$(XmakeProjectDir)\RE-UE4SS\deps\first\Unreal\generated_include\MemberVariableLayout_HeaderWrapper_FClassProperty.hpp">
      <Filter>generated_include</Filter>
    </ClInclude>
    <ClInclude Include="$(XmakeProjectDir)\RE-UE4SS\deps\first\Unreal\generated_include\MemberVariableLayout_HeaderWrapper_FConsoleCommandBase.hpp">
      <Filter>generated_include</Filter>
    </ClInclude>
    <ClInclude Include="$(XmakeProjectDir)\RE-UE4SS\deps\first\Unreal\generated_include\MemberVariableLayout_HeaderWrapper_FConsoleManager.hpp">
      <Filter>generated_include</Filter>
    </ClInclude>
    <ClInclude Include="$(XmakeProjectDir)\RE-UE4SS\deps\first\Unreal\generated_include\MemberVariableLayout_HeaderWrapper_FConsoleVariableBase.hpp">
      <Filter>generated_include</Filter>
    </ClInclude>
    <ClInclude Include="$(XmakeProjectDir)\RE-UE4SS\deps\first\Unreal\generated_include\MemberVariableLayout_HeaderWrapper_FDelegateProperty.hpp">
      <Filter>generated_include</Filter>
    </ClInclude>
    <ClInclude Include="$(XmakeProjectDir)\RE-UE4SS\deps\first\Unreal\generated_include\MemberVariableLayout_HeaderWrapper_FEnumProperty.hpp">
      <Filter>generated_include</Filter>
    </ClInclude>
    <ClInclude Include="$(XmakeProjectDir)\RE-UE4SS\deps\first\Unreal\generated_include\MemberVariableLayout_HeaderWrapper_FField.hpp">
      <Filter>generated_include</Filter>
    </ClInclude>
    <ClInclude Include="$(XmakeProjectDir)\RE-UE4SS\deps\first\Unreal\generated_include\MemberVariableLayout_HeaderWrapper_FFieldPathProperty.hpp">
      <Filter>generated_include</Filter>
    </ClInclude>
    <ClInclude Include="$(XmakeProjectDir)\RE-UE4SS\deps\first\Unreal\generated_include\MemberVariableLayout_HeaderWrapper_FInterfaceProperty.hpp">
      <Filter>generated_include</Filter>
    </ClInclude>
    <ClInclude Include="$(XmakeProjectDir)\RE-UE4SS\deps\first\Unreal\generated_include\MemberVariableLayout_HeaderWrapper_FMapProperty.hpp">
      <Filter>generated_include</Filter>
    </ClInclude>
    <ClInclude Include="$(XmakeProjectDir)\RE-UE4SS\deps\first\Unreal\generated_include\MemberVariableLayout_HeaderWrapper_FMulticastDelegateProperty.hpp">
      <Filter>generated_include</Filter>
    </ClInclude>
    <ClInclude Include="$(XmakeProjectDir)\RE-UE4SS\deps\first\Unreal\generated_include\MemberVariableLayout_HeaderWrapper_FObjectPropertyBase.hpp">
      <Filter>generated_include</Filter>
    </ClInclude>
    <ClInclude Include="$(XmakeProjectDir)\RE-UE4SS\deps\first\Unreal\generated_include\MemberVariableLayout_HeaderWrapper_FOutputDevice.hpp">
      <Filter>generated_include</Filter>
    </ClInclude>
    <ClInclude Include="$(XmakeProjectDir)\RE-UE4SS\deps\first\Unreal\generated_include\MemberVariableLayout_HeaderWrapper_FProperty.hpp">
      <Filter>generated_include</Filter>
    </ClInclude>
    <ClInclude Include="$(XmakeProjectDir)\RE-UE4SS\deps\first\Unreal\generated_include\MemberVariableLayout_HeaderWrapper_FSetProperty.hpp">
      <Filter>generated_include</Filter>
    </ClInclude>
    <ClInclude Include="$(XmakeProjectDir)\RE-UE4SS\deps\first\Unreal\generated_include\MemberVariableLayout_HeaderWrapper_FSoftClassProperty.hpp">
      <Filter>generated_include</Filter>
    </ClInclude>
    <ClInclude Include="$(XmakeProjectDir)\RE-UE4SS\deps\first\Unreal\generated_include\MemberVariableLayout_HeaderWrapper_FStructProperty.hpp">
      <Filter>generated_include</Filter>
    </ClInclude>
    <ClInclude Include="$(XmakeProjectDir)\RE-UE4SS\deps\first\Unreal\generated_include\MemberVariableLayout_HeaderWrapper_FWorldContext.hpp">
      <Filter>generated_include</Filter>
    </ClInclude>
    <ClInclude Include="$(XmakeProjectDir)\RE-UE4SS\deps\first\Unreal\generated_include\MemberVariableLayout_HeaderWrapper_UClass.hpp">
      <Filter>generated_include</Filter>
    </ClInclude>
    <ClInclude Include="$(XmakeProjectDir)\RE-UE4SS\deps\first\Unreal\generated_include\MemberVariableLayout_HeaderWrapper_UConsole.hpp">
      <Filter>generated_include</Filter>
    </ClInclude>
    <ClInclude Include="$(XmakeProjectDir)\RE-UE4SS\deps\first\Unreal\generated_include\MemberVariableLayout_HeaderWrapper_UDataTable.hpp">
      <Filter>generated_include</Filter>
    </ClInclude>
    <ClInclude Include="$(XmakeProjectDir)\RE-UE4SS\deps\first\Unreal\generated_include\MemberVariableLayout_HeaderWrapper_UEnum.hpp">
      <Filter>generated_include</Filter>
    </ClInclude>
    <ClInclude Include="$(XmakeProjectDir)\RE-UE4SS\deps\first\Unreal\generated_include\MemberVariableLayout_HeaderWrapper_UField.hpp">
      <Filter>generated_include</Filter>
    </ClInclude>
    <ClInclude Include="$(XmakeProjectDir)\RE-UE4SS\deps\first\Unreal\generated_include\MemberVariableLayout_HeaderWrapper_UFunction.hpp">
      <Filter>generated_include</Filter>
    </ClInclude>
    <ClInclude Include="$(XmakeProjectDir)\RE-UE4SS\deps\first\Unreal\generated_include\MemberVariableLayout_HeaderWrapper_UGameViewportClient.hpp">
      <Filter>generated_include</Filter>
    </ClInclude>
    <ClInclude Include="$(XmakeProjectDir)\RE-UE4SS\deps\first\Unreal\generated_include\MemberVariableLayout_HeaderWrapper_ULocalPlayer.hpp">
      <Filter>generated_include</Filter>
    </ClInclude>
    <ClInclude Include="$(XmakeProjectDir)\RE-UE4SS\deps\first\Unreal\generated_include\MemberVariableLayout_HeaderWrapper_UObjectBase.hpp">
      <Filter>generated_include</Filter>
    </ClInclude>
    <ClInclude Include="$(XmakeProjectDir)\RE-UE4SS\deps\first\Unreal\generated_include\MemberVariableLayout_HeaderWrapper_UPlayer.hpp">
      <Filter>generated_include</Filter>
    </ClInclude>
    <ClInclude Include="$(XmakeProjectDir)\RE-UE4SS\deps\first\Unreal\generated_include\MemberVariableLayout_HeaderWrapper_UScriptStruct.hpp">
      <Filter>generated_include</Filter>
    </ClInclude>
    <ClInclude Include="$(XmakeProjectDir)\RE-UE4SS\deps\first\Unreal\generated_include\MemberVariableLayout_HeaderWrapper_UScriptStruct__ICppStructOps.hpp">
      <Filter>generated_include</Filter>
    </ClInclude>
    <ClInclude Include="$(XmakeProjectDir)\RE-UE4SS\deps\first\Unreal\generated_include\MemberVariableLayout_HeaderWrapper_UStruct.hpp">
      <Filter>generated_include</Filter>
    </ClInclude>
    <ClInclude Include="$(XmakeProjectDir)\RE-UE4SS\deps\first\Unreal\generated_include\MemberVariableLayout_HeaderWrapper_UWorld.hpp">
      <Filter>generated_include</Filter>
    </ClInclude>
    <ClInclude Include="$(XmakeProjectDir)\RE-UE4SS\deps\first\Unreal\generated_include\MemberVariableLayout_SrcWrapper_AActor.hpp">
      <Filter>generated_include</Filter>
    </ClInclude>
    <ClInclude Include="$(XmakeProjectDir)\RE-UE4SS\deps\first\Unreal\generated_include\MemberVariableLayout_SrcWrapper_AGameMode.hpp">
      <Filter>generated_include</Filter>
    </ClInclude>
    <ClInclude Include="$(XmakeProjectDir)\RE-UE4SS\deps\first\Unreal\generated_include\MemberVariableLayout_SrcWrapper_AGameModeBase.hpp">
      <Filter>generated_include</Filter>
    </ClInclude>
    <ClInclude Include="$(XmakeProjectDir)\RE-UE4SS\deps\first\Unreal\generated_include\MemberVariableLayout_SrcWrapper_FArchive.hpp">
      <Filter>generated_include</Filter>
    </ClInclude>
    <ClInclude Include="$(XmakeProjectDir)\RE-UE4SS\deps\first\Unreal\generated_include\MemberVariableLayout_SrcWrapper_FArchiveState.hpp">
      <Filter>generated_include</Filter>
    </ClInclude>
    <ClInclude Include="$(XmakeProjectDir)\RE-UE4SS\deps\first\Unreal\generated_include\MemberVariableLayout_SrcWrapper_FArrayProperty.hpp">
      <Filter>generated_include</Filter>
    </ClInclude>
    <ClInclude Include="$(XmakeProjectDir)\RE-UE4SS\deps\first\Unreal\generated_include\MemberVariableLayout_SrcWrapper_FBoolProperty.hpp">
      <Filter>generated_include</Filter>
    </ClInclude>
    <ClInclude Include="$(XmakeProjectDir)\RE-UE4SS\deps\first\Unreal\generated_include\MemberVariableLayout_SrcWrapper_FByteProperty.hpp">
      <Filter>generated_include</Filter>
    </ClInclude>
    <ClInclude Include="$(XmakeProjectDir)\RE-UE4SS\deps\first\Unreal\generated_include\MemberVariableLayout_SrcWrapper_FClassProperty.hpp">
      <Filter>generated_include</Filter>
    </ClInclude>
    <ClInclude Include="$(XmakeProjectDir)\RE-UE4SS\deps\first\Unreal\generated_include\MemberVariableLayout_SrcWrapper_FConsoleCommandBase.hpp">
      <Filter>generated_include</Filter>
    </ClInclude>
    <ClInclude Include="$(XmakeProjectDir)\RE-UE4SS\deps\first\Unreal\generated_include\MemberVariableLayout_SrcWrapper_FConsoleManager.hpp">
      <Filter>generated_include</Filter>
    </ClInclude>
    <ClInclude Include="$(XmakeProjectDir)\RE-UE4SS\deps\first\Unreal\generated_include\MemberVariableLayout_SrcWrapper_FConsoleVariableBase.hpp">
      <Filter>generated_include</Filter>
    </ClInclude>
    <ClInclude Include="$(XmakeProjectDir)\RE-UE4SS\deps\first\Unreal\generated_include\MemberVariableLayout_SrcWrapper_FDelegateProperty.hpp">
      <Filter>generated_include</Filter>
    </ClInclude>
    <ClInclude Include="$(XmakeProjectDir)\RE-UE4SS\deps\first\Unreal\generated_include\MemberVariableLayout_SrcWrapper_FEnumProperty.hpp">
      <Filter>generated_include</Filter>
    </ClInclude>
    <ClInclude Include="$(XmakeProjectDir)\RE-UE4SS\deps\first\Unreal\generated_include\MemberVariableLayout_SrcWrapper_FField.hpp">
      <Filter>generated_include</Filter>
    </ClInclude>
    <ClInclude Include="$(XmakeProjectDir)\RE-UE4SS\deps\first\Unreal\generated_include\MemberVariableLayout_SrcWrapper_FFieldPathProperty.hpp">
      <Filter>generated_include</Filter>
    </ClInclude>
    <ClInclude Include="$(XmakeProjectDir)\RE-UE4SS\deps\first\Unreal\generated_include\MemberVariableLayout_SrcWrapper_FInterfaceProperty.hpp">
      <Filter>generated_include</Filter>
    </ClInclude>
    <ClInclude Include="$(XmakeProjectDir)\RE-UE4SS\deps\first\Unreal\generated_include\MemberVariableLayout_SrcWrapper_FMapProperty.hpp">
      <Filter>generated_include</Filter>
    </ClInclude>
    <ClInclude Include="$(XmakeProjectDir)\RE-UE4SS\deps\first\Unreal\generated_include\MemberVariableLayout_SrcWrapper_FMulticastDelegateProperty.hpp">
      <Filter>generated_include</Filter>
    </ClInclude>
    <ClInclude Include="$(XmakeProjectDir)\RE-UE4SS\deps\first\Unreal\generated_include\MemberVariableLayout_SrcWrapper_FObjectPropertyBase.hpp">
      <Filter>generated_include</Filter>
    </ClInclude>
    <ClInclude Include="$(XmakeProjectDir)\RE-UE4SS\deps\first\Unreal\generated_include\MemberVariableLayout_SrcWrapper_FOutputDevice.hpp">
      <Filter>generated_include</Filter>
    </ClInclude>
    <ClInclude Include="$(XmakeProjectDir)\RE-UE4SS\deps\first\Unreal\generated_include\MemberVariableLayout_SrcWrapper_FProperty.hpp">
      <Filter>generated_include</Filter>
    </ClInclude>
    <ClInclude Include="$(XmakeProjectDir)\RE-UE4SS\deps\first\Unreal\generated_include\MemberVariableLayout_SrcWrapper_FSetProperty.hpp">
      <Filter>generated_include</Filter>
    </ClInclude>
    <ClInclude Include="$(XmakeProjectDir)\RE-UE4SS\deps\first\Unreal\generated_include\MemberVariableLayout_SrcWrapper_FSoftClassProperty.hpp">
      <Filter>generated_include</Filter>
    </ClInclude>
    <ClInclude Include="$(XmakeProjectDir)\RE-UE4SS\deps\first\Unreal\generated_include\MemberVariableLayout_SrcWrapper_FStructProperty.hpp">
      <Filter>generated_include</Filter>
    </ClInclude>
    <ClInclude Include="$(XmakeProjectDir)\RE-UE4SS\deps\first\Unreal\generated_include\MemberVariableLayout_SrcWrapper_FWorldContext.hpp">
      <Filter>generated_include</Filter>
    </ClInclude>
    <ClInclude Include="$(XmakeProjectDir)\RE-UE4SS\deps\first\Unreal\generated_include\MemberVariableLayout_SrcWrapper_UClass.hpp">
      <Filter>generated_include</Filter>
    </ClInclude>
    <ClInclude Include="$(XmakeProjectDir)\RE-UE4SS\deps\first\Unreal\generated_include\MemberVariableLayout_SrcWrapper_UConsole.hpp">
      <Filter>generated_include</Filter>
    </ClInclude>
    <ClInclude Include="$(XmakeProjectDir)\RE-UE4SS\deps\first\Unreal\generated_include\MemberVariableLayout_SrcWrapper_UDataTable.hpp">
      <Filter>generated_include</Filter>
    </ClInclude>
    <ClInclude Include="$(XmakeProjectDir)\RE-UE4SS\deps\first\Unreal\generated_include\MemberVariableLayout_SrcWrapper_UEnum.hpp">
      <Filter>generated_include</Filter>
    </ClInclude>
    <ClInclude Include="$(XmakeProjectDir)\RE-UE4SS\deps\first\Unreal\generated_include\MemberVariableLayout_SrcWrapper_UField.hpp">
      <Filter>generated_include</Filter>
    </ClInclude>
    <ClInclude Include="$(XmakeProjectDir)\RE-UE4SS\deps\first\Unreal\generated_include\MemberVariableLayout_SrcWrapper_UFunction.hpp">
      <Filter>generated_include</Filter>
    </ClInclude>
    <ClInclude Include="$(XmakeProjectDir)\RE-UE4SS\deps\first\Unreal\generated_include\MemberVariableLayout_SrcWrapper_UGameViewportClient.hpp">
      <Filter>generated_include</Filter>
    </ClInclude>
    <ClInclude Include="$(XmakeProjectDir)\RE-UE4SS\deps\first\Unreal\generated_include\MemberVariableLayout_SrcWrapper_ULocalPlayer.hpp">
      <Filter>generated_include</Filter>
    </ClInclude>
    <ClInclude Include="$(XmakeProjectDir)\RE-UE4SS\deps\first\Unreal\generated_include\MemberVariableLayout_SrcWrapper_UObjectBase.hpp">
      <Filter>generated_include</Filter>
    </ClInclude>
    <ClInclude Include="$(XmakeProjectDir)\RE-UE4SS\deps\first\Unreal\generated_include\MemberVariableLayout_SrcWrapper_UPlayer.hpp">
      <Filter>generated_include</Filter>
    </ClInclude>
    <ClInclude Include="$(XmakeProjectDir)\RE-UE4SS\deps\first\Unreal\generated_include\MemberVariableLayout_SrcWrapper_UScriptStruct.hpp">
      <Filter>generated_include</Filter>
    </ClInclude>
    <ClInclude Include="$(XmakeProjectDir)\RE-UE4SS\deps\first\Unreal\generated_include\MemberVariableLayout_SrcWrapper_UScriptStruct__ICppStructOps.hpp">
      <Filter>generated_include</Filter>
    </ClInclude>
    <ClInclude Include="$(XmakeProjectDir)\RE-UE4SS\deps\first\Unreal\generated_include\MemberVariableLayout_SrcWrapper_UStruct.hpp">
      <Filter>generated_include</Filter>
    </ClInclude>
    <ClInclude Include="$(XmakeProjectDir)\RE-UE4SS\deps\first\Unreal\generated_include\MemberVariableLayout_SrcWrapper_UWorld.hpp">
      <Filter>generated_include</Filter>
    </ClInclude>
    <ClInclude Include="$(XmakeProjectDir)\RE-UE4SS\deps\first\Unreal\include\Unreal\AActor.hpp">
      <Filter>include\Unreal</Filter>
    </ClInclude>
    <ClInclude Include="$(XmakeProjectDir)\RE-UE4SS\deps\first\Unreal\include\Unreal\AGameMode.hpp">
      <Filter>include\Unreal</Filter>
    </ClInclude>
    <ClInclude Include="$(XmakeProjectDir)\RE-UE4SS\deps\first\Unreal\include\Unreal\AGameModeBase.hpp">
      <Filter>include\Unreal</Filter>
    </ClInclude>
    <ClInclude Include="$(XmakeProjectDir)\RE-UE4SS\deps\first\Unreal\include\Unreal\BPMacros.hpp">
      <Filter>include\Unreal</Filter>
    </ClInclude>
    <ClInclude Include="$(XmakeProjectDir)\RE-UE4SS\deps\first\Unreal\include\Unreal\CanvasPanel.hpp">
      <Filter>include\Unreal</Filter>
    </ClInclude>
    <ClInclude Include="$(XmakeProjectDir)\RE-UE4SS\deps\first\Unreal\include\Unreal\ClassListener.hpp">
      <Filter>include\Unreal</Filter>
    </ClInclude>
    <ClInclude Include="$(XmakeProjectDir)\RE-UE4SS\deps\first\Unreal\include\Unreal\Common.hpp">
      <Filter>include\Unreal</Filter>
    </ClInclude>
    <ClInclude Include="$(XmakeProjectDir)\RE-UE4SS\deps\first\Unreal\include\Unreal\Core\Algo\BinarySearch.hpp">
      <Filter>include\Unreal\Core\Algo</Filter>
    </ClInclude>
    <ClInclude Include="$(XmakeProjectDir)\RE-UE4SS\deps\first\Unreal\include\Unreal\Core\Algo\Impl\BinaryHeap.hpp">
      <Filter>include\Unreal\Core\Algo\Impl</Filter>
    </ClInclude>
    <ClInclude Include="$(XmakeProjectDir)\RE-UE4SS\deps\first\Unreal\include\Unreal\Core\Algo\IntroSort.hpp">
      <Filter>include\Unreal\Core\Algo</Filter>
    </ClInclude>
    <ClInclude Include="$(XmakeProjectDir)\RE-UE4SS\deps\first\Unreal\include\Unreal\Core\Algo\Reverse.hpp">
      <Filter>include\Unreal\Core\Algo</Filter>
    </ClInclude>
    <ClInclude Include="$(XmakeProjectDir)\RE-UE4SS\deps\first\Unreal\include\Unreal\Core\Algo\Rotate.hpp">
      <Filter>include\Unreal\Core\Algo</Filter>
    </ClInclude>
    <ClInclude Include="$(XmakeProjectDir)\RE-UE4SS\deps\first\Unreal\include\Unreal\Core\Algo\Sort.hpp">
      <Filter>include\Unreal\Core\Algo</Filter>
    </ClInclude>
    <ClInclude Include="$(XmakeProjectDir)\RE-UE4SS\deps\first\Unreal\include\Unreal\Core\Algo\StableSort.hpp">
      <Filter>include\Unreal\Core\Algo</Filter>
    </ClInclude>
    <ClInclude Include="$(XmakeProjectDir)\RE-UE4SS\deps\first\Unreal\include\Unreal\Core\Clang\ClangPlatform.hpp">
      <Filter>include\Unreal\Core\Clang</Filter>
    </ClInclude>
    <ClInclude Include="$(XmakeProjectDir)\RE-UE4SS\deps\first\Unreal\include\Unreal\Core\Clang\ClangPlatformCompilerPreSetup.hpp">
      <Filter>include\Unreal\Core\Clang</Filter>
    </ClInclude>
    <ClInclude Include="$(XmakeProjectDir)\RE-UE4SS\deps\first\Unreal\include\Unreal\Core\Concepts\StaticClassProvider.hpp">
      <Filter>include\Unreal\Core\Concepts</Filter>
    </ClInclude>
    <ClInclude Include="$(XmakeProjectDir)\RE-UE4SS\deps\first\Unreal\include\Unreal\Core\Concepts\StaticStructProvider.hpp">
      <Filter>include\Unreal\Core\Concepts</Filter>
    </ClInclude>
    <ClInclude Include="$(XmakeProjectDir)\RE-UE4SS\deps\first\Unreal\include\Unreal\Core\Containers\Array.hpp">
      <Filter>include\Unreal\Core\Containers</Filter>
    </ClInclude>
    <ClInclude Include="$(XmakeProjectDir)\RE-UE4SS\deps\first\Unreal\include\Unreal\Core\Containers\BitArray.hpp">
      <Filter>include\Unreal\Core\Containers</Filter>
    </ClInclude>
    <ClInclude Include="$(XmakeProjectDir)\RE-UE4SS\deps\first\Unreal\include\Unreal\Core\Containers\ContainerAllocationPolicies.hpp">
      <Filter>include\Unreal\Core\Containers</Filter>
    </ClInclude>
    <ClInclude Include="$(XmakeProjectDir)\RE-UE4SS\deps\first\Unreal\include\Unreal\Core\Containers\ContainerElementTypeCompatibility.hpp">
      <Filter>include\Unreal\Core\Containers</Filter>
    </ClInclude>
    <ClInclude Include="$(XmakeProjectDir)\RE-UE4SS\deps\first\Unreal\include\Unreal\Core\Containers\ContainersFwd.hpp">
      <Filter>include\Unreal\Core\Containers</Filter>
    </ClInclude>
    <ClInclude Include="$(XmakeProjectDir)\RE-UE4SS\deps\first\Unreal\include\Unreal\Core\Containers\EnumAsByte.hpp">
      <Filter>include\Unreal\Core\Containers</Filter>
    </ClInclude>
    <ClInclude Include="$(XmakeProjectDir)\RE-UE4SS\deps\first\Unreal\include\Unreal\Core\Containers\Map.hpp">
      <Filter>include\Unreal\Core\Containers</Filter>
    </ClInclude>
    <ClInclude Include="$(XmakeProjectDir)\RE-UE4SS\deps\first\Unreal\include\Unreal\Core\Containers\ScriptArray.hpp">
      <Filter>include\Unreal\Core\Containers</Filter>
    </ClInclude>
    <ClInclude Include="$(XmakeProjectDir)\RE-UE4SS\deps\first\Unreal\include\Unreal\Core\Containers\Set.hpp">
      <Filter>include\Unreal\Core\Containers</Filter>
    </ClInclude>
    <ClInclude Include="$(XmakeProjectDir)\RE-UE4SS\deps\first\Unreal\include\Unreal\Core\Containers\SparseArray.hpp">
      <Filter>include\Unreal\Core\Containers</Filter>
    </ClInclude>
    <ClInclude Include="$(XmakeProjectDir)\RE-UE4SS\deps\first\Unreal\include\Unreal\Core\Containers\StringFwd.hpp">
      <Filter>include\Unreal\Core\Containers</Filter>
    </ClInclude>
    <ClInclude Include="$(XmakeProjectDir)\RE-UE4SS\deps\first\Unreal\include\Unreal\Core\CoreFwd.hpp">
      <Filter>include\Unreal\Core</Filter>
    </ClInclude>
    <ClInclude Include="$(XmakeProjectDir)\RE-UE4SS\deps\first\Unreal\include\Unreal\Core\CoreTypes.hpp">
      <Filter>include\Unreal\Core</Filter>
    </ClInclude>
    <ClInclude Include="$(XmakeProjectDir)\RE-UE4SS\deps\first\Unreal\include\Unreal\Core\Delegates\IntegerSequence.hpp">
      <Filter>include\Unreal\Core\Delegates</Filter>
    </ClInclude>
    <ClInclude Include="$(XmakeProjectDir)\RE-UE4SS\deps\first\Unreal\include\Unreal\Core\GenericPlatform\GenericPlatform.hpp">
      <Filter>include\Unreal\Core\GenericPlatform</Filter>
    </ClInclude>
    <ClInclude Include="$(XmakeProjectDir)\RE-UE4SS\deps\first\Unreal\include\Unreal\Core\GenericPlatform\GenericPlatformAtomics.hpp">
      <Filter>include\Unreal\Core\GenericPlatform</Filter>
    </ClInclude>
    <ClInclude Include="$(XmakeProjectDir)\RE-UE4SS\deps\first\Unreal\include\Unreal\Core\GenericPlatform\GenericPlatformCompilerPreSetup.hpp">
      <Filter>include\Unreal\Core\GenericPlatform</Filter>
    </ClInclude>
    <ClInclude Include="$(XmakeProjectDir)\RE-UE4SS\deps\first\Unreal\include\Unreal\Core\GenericPlatform\GenericPlatformMath.hpp">
      <Filter>include\Unreal\Core\GenericPlatform</Filter>
    </ClInclude>
    <ClInclude Include="$(XmakeProjectDir)\RE-UE4SS\deps\first\Unreal\include\Unreal\Core\GenericPlatform\GenericPlatformMemory.hpp">
      <Filter>include\Unreal\Core\GenericPlatform</Filter>
    </ClInclude>
    <ClInclude Include="$(XmakeProjectDir)\RE-UE4SS\deps\first\Unreal\include\Unreal\Core\GenericPlatform\GenericPlatformMisc.hpp">
      <Filter>include\Unreal\Core\GenericPlatform</Filter>
    </ClInclude>
    <ClInclude Include="$(XmakeProjectDir)\RE-UE4SS\deps\first\Unreal\include\Unreal\Core\GenericPlatform\GenericPlatformStricmp.hpp">
      <Filter>include\Unreal\Core\GenericPlatform</Filter>
    </ClInclude>
    <ClInclude Include="$(XmakeProjectDir)\RE-UE4SS\deps\first\Unreal\include\Unreal\Core\GenericPlatform\GenericPlatformString.hpp">
      <Filter>include\Unreal\Core\GenericPlatform</Filter>
    </ClInclude>
    <ClInclude Include="$(XmakeProjectDir)\RE-UE4SS\deps\first\Unreal\include\Unreal\Core\GenericPlatform\MicrosoftPlatformString.hpp">
      <Filter>include\Unreal\Core\GenericPlatform</Filter>
    </ClInclude>
    <ClInclude Include="$(XmakeProjectDir)\RE-UE4SS\deps\first\Unreal\include\Unreal\Core\HAL\AllowTCHAR.hpp">
      <Filter>include\Unreal\Core\HAL</Filter>
    </ClInclude>
    <ClInclude Include="$(XmakeProjectDir)\RE-UE4SS\deps\first\Unreal\include\Unreal\Core\HAL\HideTCHAR.hpp">
      <Filter>include\Unreal\Core\HAL</Filter>
    </ClInclude>
    <ClInclude Include="$(XmakeProjectDir)\RE-UE4SS\deps\first\Unreal\include\Unreal\Core\HAL\MemoryBase.hpp">
      <Filter>include\Unreal\Core\HAL</Filter>
    </ClInclude>
    <ClInclude Include="$(XmakeProjectDir)\RE-UE4SS\deps\first\Unreal\include\Unreal\Core\HAL\Platform.hpp">
      <Filter>include\Unreal\Core\HAL</Filter>
    </ClInclude>
    <ClInclude Include="$(XmakeProjectDir)\RE-UE4SS\deps\first\Unreal\include\Unreal\Core\HAL\PlatformAtomics.hpp">
      <Filter>include\Unreal\Core\HAL</Filter>
    </ClInclude>
    <ClInclude Include="$(XmakeProjectDir)\RE-UE4SS\deps\first\Unreal\include\Unreal\Core\HAL\PlatformCrt.hpp">
      <Filter>include\Unreal\Core\HAL</Filter>
    </ClInclude>
    <ClInclude Include="$(XmakeProjectDir)\RE-UE4SS\deps\first\Unreal\include\Unreal\Core\HAL\PlatformFile.hpp">
      <Filter>include\Unreal\Core\HAL</Filter>
    </ClInclude>
    <ClInclude Include="$(XmakeProjectDir)\RE-UE4SS\deps\first\Unreal\include\Unreal\Core\HAL\PlatformMath.hpp">
      <Filter>include\Unreal\Core\HAL</Filter>
    </ClInclude>
    <ClInclude Include="$(XmakeProjectDir)\RE-UE4SS\deps\first\Unreal\include\Unreal\Core\HAL\PlatformMemory.hpp">
      <Filter>include\Unreal\Core\HAL</Filter>
    </ClInclude>
    <ClInclude Include="$(XmakeProjectDir)\RE-UE4SS\deps\first\Unreal\include\Unreal\Core\HAL\PlatformMisc.hpp">
      <Filter>include\Unreal\Core\HAL</Filter>
    </ClInclude>
    <ClInclude Include="$(XmakeProjectDir)\RE-UE4SS\deps\first\Unreal\include\Unreal\Core\HAL\PlatformString.hpp">
      <Filter>include\Unreal\Core\HAL</Filter>
    </ClInclude>
    <ClInclude Include="$(XmakeProjectDir)\RE-UE4SS\deps\first\Unreal\include\Unreal\Core\HAL\PreprocessorHelpers.hpp">
      <Filter>include\Unreal\Core\HAL</Filter>
    </ClInclude>
    <ClInclude Include="$(XmakeProjectDir)\RE-UE4SS\deps\first\Unreal\include\Unreal\Core\HAL\ThreadSafeCounter.hpp">
      <Filter>include\Unreal\Core\HAL</Filter>
    </ClInclude>
    <ClInclude Include="$(XmakeProjectDir)\RE-UE4SS\deps\first\Unreal\include\Unreal\Core\HAL\ThreadSafeCounter64.hpp">
      <Filter>include\Unreal\Core\HAL</Filter>
    </ClInclude>
    <ClInclude Include="$(XmakeProjectDir)\RE-UE4SS\deps\first\Unreal\include\Unreal\Core\HAL\UnrealMemory.hpp">
      <Filter>include\Unreal\Core\HAL</Filter>
    </ClInclude>
    <ClInclude Include="$(XmakeProjectDir)\RE-UE4SS\deps\first\Unreal\include\Unreal\Core\MSVC\MSVCPlatform.hpp">
      <Filter>include\Unreal\Core\MSVC</Filter>
    </ClInclude>
    <ClInclude Include="$(XmakeProjectDir)\RE-UE4SS\deps\first\Unreal\include\Unreal\Core\Math\BigInt.hpp">
      <Filter>include\Unreal\Core\Math</Filter>
    </ClInclude>
    <ClInclude Include="$(XmakeProjectDir)\RE-UE4SS\deps\first\Unreal\include\Unreal\Core\Math\MathFwd.hpp">
      <Filter>include\Unreal\Core\Math</Filter>
    </ClInclude>
    <ClInclude Include="$(XmakeProjectDir)\RE-UE4SS\deps\first\Unreal\include\Unreal\Core\Math\NumericLimits.hpp">
      <Filter>include\Unreal\Core\Math</Filter>
    </ClInclude>
    <ClInclude Include="$(XmakeProjectDir)\RE-UE4SS\deps\first\Unreal\include\Unreal\Core\Math\UnrealMathUtility.hpp">
      <Filter>include\Unreal\Core\Math</Filter>
    </ClInclude>
    <ClInclude Include="$(XmakeProjectDir)\RE-UE4SS\deps\first\Unreal\include\Unreal\Core\Math\UnrealPlatformMathSSE.hpp">
      <Filter>include\Unreal\Core\Math</Filter>
    </ClInclude>
    <ClInclude Include="$(XmakeProjectDir)\RE-UE4SS\deps\first\Unreal\include\Unreal\Core\Math\UnrealPlatformMathSSE4.hpp">
      <Filter>include\Unreal\Core\Math</Filter>
    </ClInclude>
    <ClInclude Include="$(XmakeProjectDir)\RE-UE4SS\deps\first\Unreal\include\Unreal\Core\Microsoft\AllowMicrosoftPlatformAtomics.hpp">
      <Filter>include\Unreal\Core\Microsoft</Filter>
    </ClInclude>
    <ClInclude Include="$(XmakeProjectDir)\RE-UE4SS\deps\first\Unreal\include\Unreal\Core\Microsoft\AllowMicrosoftPlatformTypes.hpp">
      <Filter>include\Unreal\Core\Microsoft</Filter>
    </ClInclude>
    <ClInclude Include="$(XmakeProjectDir)\RE-UE4SS\deps\first\Unreal\include\Unreal\Core\Microsoft\HideMicrosoftPlatformAtomics.hpp">
      <Filter>include\Unreal\Core\Microsoft</Filter>
    </ClInclude>
    <ClInclude Include="$(XmakeProjectDir)\RE-UE4SS\deps\first\Unreal\include\Unreal\Core\Microsoft\HideMicrosoftPlatformTypes.hpp">
      <Filter>include\Unreal\Core\Microsoft</Filter>
    </ClInclude>
    <ClInclude Include="$(XmakeProjectDir)\RE-UE4SS\deps\first\Unreal\include\Unreal\Core\Microsoft\MicrosoftPlatformMath.hpp">
      <Filter>include\Unreal\Core\Microsoft</Filter>
    </ClInclude>
    <ClInclude Include="$(XmakeProjectDir)\RE-UE4SS\deps\first\Unreal\include\Unreal\Core\Microsoft\MinimalWindowsApi.hpp">
      <Filter>include\Unreal\Core\Microsoft</Filter>
    </ClInclude>
    <ClInclude Include="$(XmakeProjectDir)\RE-UE4SS\deps\first\Unreal\include\Unreal\Core\Microsoft\WindowsHWrapper.hpp">
      <Filter>include\Unreal\Core\Microsoft</Filter>
    </ClInclude>
    <ClInclude Include="$(XmakeProjectDir)\RE-UE4SS\deps\first\Unreal\include\Unreal\Core\Misc\AssertionMacros.hpp">
      <Filter>include\Unreal\Core\Misc</Filter>
    </ClInclude>
    <ClInclude Include="$(XmakeProjectDir)\RE-UE4SS\deps\first\Unreal\include\Unreal\Core\Misc\Build.hpp">
      <Filter>include\Unreal\Core\Misc</Filter>
    </ClInclude>
    <ClInclude Include="$(XmakeProjectDir)\RE-UE4SS\deps\first\Unreal\include\Unreal\Core\Misc\ByteSwap.hpp">
      <Filter>include\Unreal\Core\Misc</Filter>
    </ClInclude>
    <ClInclude Include="$(XmakeProjectDir)\RE-UE4SS\deps\first\Unreal\include\Unreal\Core\Misc\CString.hpp">
      <Filter>include\Unreal\Core\Misc</Filter>
    </ClInclude>
    <ClInclude Include="$(XmakeProjectDir)\RE-UE4SS\deps\first\Unreal\include\Unreal\Core\Misc\Char.hpp">
      <Filter>include\Unreal\Core\Misc</Filter>
    </ClInclude>
    <ClInclude Include="$(XmakeProjectDir)\RE-UE4SS\deps\first\Unreal\include\Unreal\Core\Misc\CompressionFlags.hpp">
      <Filter>include\Unreal\Core\Misc</Filter>
    </ClInclude>
    <ClInclude Include="$(XmakeProjectDir)\RE-UE4SS\deps\first\Unreal\include\Unreal\Core\Misc\CoreDefines.hpp">
      <Filter>include\Unreal\Core\Misc</Filter>
    </ClInclude>
    <ClInclude Include="$(XmakeProjectDir)\RE-UE4SS\deps\first\Unreal\include\Unreal\Core\Misc\CoreMiscDefines.hpp">
      <Filter>include\Unreal\Core\Misc</Filter>
    </ClInclude>
    <ClInclude Include="$(XmakeProjectDir)\RE-UE4SS\deps\first\Unreal\include\Unreal\Core\Misc\Crc.hpp">
      <Filter>include\Unreal\Core\Misc</Filter>
    </ClInclude>
    <ClInclude Include="$(XmakeProjectDir)\RE-UE4SS\deps\first\Unreal\include\Unreal\Core\Misc\EnumClassFlags.hpp">
      <Filter>include\Unreal\Core\Misc</Filter>
    </ClInclude>
    <ClInclude Include="$(XmakeProjectDir)\RE-UE4SS\deps\first\Unreal\include\Unreal\Core\Misc\IntrusiveUnsetOptionalState.hpp">
      <Filter>include\Unreal\Core\Misc</Filter>
    </ClInclude>
    <ClInclude Include="$(XmakeProjectDir)\RE-UE4SS\deps\first\Unreal\include\Unreal\Core\Misc\Optional.hpp">
      <Filter>include\Unreal\Core\Misc</Filter>
    </ClInclude>
    <ClInclude Include="$(XmakeProjectDir)\RE-UE4SS\deps\first\Unreal\include\Unreal\Core\Misc\OptionalFwd.hpp">
      <Filter>include\Unreal\Core\Misc</Filter>
    </ClInclude>
    <ClInclude Include="$(XmakeProjectDir)\RE-UE4SS\deps\first\Unreal\include\Unreal\Core\Misc\StaticAssertCompleteType.hpp">
      <Filter>include\Unreal\Core\Misc</Filter>
    </ClInclude>
    <ClInclude Include="$(XmakeProjectDir)\RE-UE4SS\deps\first\Unreal\include\Unreal\Core\Misc\StructBuilder.hpp">
      <Filter>include\Unreal\Core\Misc</Filter>
    </ClInclude>
    <ClInclude Include="$(XmakeProjectDir)\RE-UE4SS\deps\first\Unreal\include\Unreal\Core\Misc\VarArgs.hpp">
      <Filter>include\Unreal\Core\Misc</Filter>
    </ClInclude>
    <ClInclude Include="$(XmakeProjectDir)\RE-UE4SS\deps\first\Unreal\include\Unreal\Core\Misc\VarargsHelper.hpp">
      <Filter>include\Unreal\Core\Misc</Filter>
    </ClInclude>
    <ClInclude Include="$(XmakeProjectDir)\RE-UE4SS\deps\first\Unreal\include\Unreal\Core\Serialization\MemoryImageWriter.hpp">
      <Filter>include\Unreal\Core\Serialization</Filter>
    </ClInclude>
    <ClInclude Include="$(XmakeProjectDir)\RE-UE4SS\deps\first\Unreal\include\Unreal\Core\Serialization\MemoryLayout.hpp">
      <Filter>include\Unreal\Core\Serialization</Filter>
    </ClInclude>
    <ClInclude Include="$(XmakeProjectDir)\RE-UE4SS\deps\first\Unreal\include\Unreal\Core\Serialization\StructuredArchive.hpp">
      <Filter>include\Unreal\Core\Serialization</Filter>
    </ClInclude>
    <ClInclude Include="$(XmakeProjectDir)\RE-UE4SS\deps\first\Unreal\include\Unreal\Core\Templates\AlignmentTemplates.hpp">
      <Filter>include\Unreal\Core\Templates</Filter>
    </ClInclude>
    <ClInclude Include="$(XmakeProjectDir)\RE-UE4SS\deps\first\Unreal\include\Unreal\Core\Templates\AndOrNot.hpp">
      <Filter>include\Unreal\Core\Templates</Filter>
    </ClInclude>
    <ClInclude Include="$(XmakeProjectDir)\RE-UE4SS\deps\first\Unreal\include\Unreal\Core\Templates\AreTypesEqual.hpp">
      <Filter>include\Unreal\Core\Templates</Filter>
    </ClInclude>
    <ClInclude Include="$(XmakeProjectDir)\RE-UE4SS\deps\first\Unreal\include\Unreal\Core\Templates\Atomic.hpp">
      <Filter>include\Unreal\Core\Templates</Filter>
    </ClInclude>
    <ClInclude Include="$(XmakeProjectDir)\RE-UE4SS\deps\first\Unreal\include\Unreal\Core\Templates\ChooseClass.hpp">
      <Filter>include\Unreal\Core\Templates</Filter>
    </ClInclude>
    <ClInclude Include="$(XmakeProjectDir)\RE-UE4SS\deps\first\Unreal\include\Unreal\Core\Templates\CopyQualifiersAndRefsFromTo.hpp">
      <Filter>include\Unreal\Core\Templates</Filter>
    </ClInclude>
    <ClInclude Include="$(XmakeProjectDir)\RE-UE4SS\deps\first\Unreal\include\Unreal\Core\Templates\CopyQualifiersFromTo.hpp">
      <Filter>include\Unreal\Core\Templates</Filter>
    </ClInclude>
    <ClInclude Include="$(XmakeProjectDir)\RE-UE4SS\deps\first\Unreal\include\Unreal\Core\Templates\Decay.hpp">
      <Filter>include\Unreal\Core\Templates</Filter>
    </ClInclude>
    <ClInclude Include="$(XmakeProjectDir)\RE-UE4SS\deps\first\Unreal\include\Unreal\Core\Templates\EnableIf.hpp">
      <Filter>include\Unreal\Core\Templates</Filter>
    </ClInclude>
    <ClInclude Include="$(XmakeProjectDir)\RE-UE4SS\deps\first\Unreal\include\Unreal\Core\Templates\EqualTo.hpp">
      <Filter>include\Unreal\Core\Templates</Filter>
    </ClInclude>
    <ClInclude Include="$(XmakeProjectDir)\RE-UE4SS\deps\first\Unreal\include\Unreal\Core\Templates\Function.hpp">
      <Filter>include\Unreal\Core\Templates</Filter>
    </ClInclude>
    <ClInclude Include="$(XmakeProjectDir)\RE-UE4SS\deps\first\Unreal\include\Unreal\Core\Templates\Identity.hpp">
      <Filter>include\Unreal\Core\Templates</Filter>
    </ClInclude>
    <ClInclude Include="$(XmakeProjectDir)\RE-UE4SS\deps\first\Unreal\include\Unreal\Core\Templates\IdentityFunctor.hpp">
      <Filter>include\Unreal\Core\Templates</Filter>
    </ClInclude>
    <ClInclude Include="$(XmakeProjectDir)\RE-UE4SS\deps\first\Unreal\include\Unreal\Core\Templates\Invoke.hpp">
      <Filter>include\Unreal\Core\Templates</Filter>
    </ClInclude>
    <ClInclude Include="$(XmakeProjectDir)\RE-UE4SS\deps\first\Unreal\include\Unreal\Core\Templates\IsAbstract.hpp">
      <Filter>include\Unreal\Core\Templates</Filter>
    </ClInclude>
    <ClInclude Include="$(XmakeProjectDir)\RE-UE4SS\deps\first\Unreal\include\Unreal\Core\Templates\IsArithmetic.hpp">
      <Filter>include\Unreal\Core\Templates</Filter>
    </ClInclude>
    <ClInclude Include="$(XmakeProjectDir)\RE-UE4SS\deps\first\Unreal\include\Unreal\Core\Templates\IsArray.hpp">
      <Filter>include\Unreal\Core\Templates</Filter>
    </ClInclude>
    <ClInclude Include="$(XmakeProjectDir)\RE-UE4SS\deps\first\Unreal\include\Unreal\Core\Templates\IsArrayOrRefOfType.hpp">
      <Filter>include\Unreal\Core\Templates</Filter>
    </ClInclude>
    <ClInclude Include="$(XmakeProjectDir)\RE-UE4SS\deps\first\Unreal\include\Unreal\Core\Templates\IsArrayOrRefOfTypeByPredicate.hpp">
      <Filter>include\Unreal\Core\Templates</Filter>
    </ClInclude>
    <ClInclude Include="$(XmakeProjectDir)\RE-UE4SS\deps\first\Unreal\include\Unreal\Core\Templates\IsConstructible.hpp">
      <Filter>include\Unreal\Core\Templates</Filter>
    </ClInclude>
    <ClInclude Include="$(XmakeProjectDir)\RE-UE4SS\deps\first\Unreal\include\Unreal\Core\Templates\IsEnum.hpp">
      <Filter>include\Unreal\Core\Templates</Filter>
    </ClInclude>
    <ClInclude Include="$(XmakeProjectDir)\RE-UE4SS\deps\first\Unreal\include\Unreal\Core\Templates\IsEnumClass.hpp">
      <Filter>include\Unreal\Core\Templates</Filter>
    </ClInclude>
    <ClInclude Include="$(XmakeProjectDir)\RE-UE4SS\deps\first\Unreal\include\Unreal\Core\Templates\IsFloatingPoint.hpp">
      <Filter>include\Unreal\Core\Templates</Filter>
    </ClInclude>
    <ClInclude Include="$(XmakeProjectDir)\RE-UE4SS\deps\first\Unreal\include\Unreal\Core\Templates\IsIntegral.hpp">
      <Filter>include\Unreal\Core\Templates</Filter>
    </ClInclude>
    <ClInclude Include="$(XmakeProjectDir)\RE-UE4SS\deps\first\Unreal\include\Unreal\Core\Templates\IsInvocable.hpp">
      <Filter>include\Unreal\Core\Templates</Filter>
    </ClInclude>
    <ClInclude Include="$(XmakeProjectDir)\RE-UE4SS\deps\first\Unreal\include\Unreal\Core\Templates\IsMemberPointer.hpp">
      <Filter>include\Unreal\Core\Templates</Filter>
    </ClInclude>
    <ClInclude Include="$(XmakeProjectDir)\RE-UE4SS\deps\first\Unreal\include\Unreal\Core\Templates\IsPODType.hpp">
      <Filter>include\Unreal\Core\Templates</Filter>
    </ClInclude>
    <ClInclude Include="$(XmakeProjectDir)\RE-UE4SS\deps\first\Unreal\include\Unreal\Core\Templates\IsPointer.hpp">
      <Filter>include\Unreal\Core\Templates</Filter>
    </ClInclude>
    <ClInclude Include="$(XmakeProjectDir)\RE-UE4SS\deps\first\Unreal\include\Unreal\Core\Templates\IsPolymorphic.hpp">
      <Filter>include\Unreal\Core\Templates</Filter>
    </ClInclude>
    <ClInclude Include="$(XmakeProjectDir)\RE-UE4SS\deps\first\Unreal\include\Unreal\Core\Templates\IsSigned.hpp">
      <Filter>include\Unreal\Core\Templates</Filter>
    </ClInclude>
    <ClInclude Include="$(XmakeProjectDir)\RE-UE4SS\deps\first\Unreal\include\Unreal\Core\Templates\IsTrivial.hpp">
      <Filter>include\Unreal\Core\Templates</Filter>
    </ClInclude>
    <ClInclude Include="$(XmakeProjectDir)\RE-UE4SS\deps\first\Unreal\include\Unreal\Core\Templates\IsTriviallyCopyAssignable.hpp">
      <Filter>include\Unreal\Core\Templates</Filter>
    </ClInclude>
    <ClInclude Include="$(XmakeProjectDir)\RE-UE4SS\deps\first\Unreal\include\Unreal\Core\Templates\IsTriviallyCopyConstructible.hpp">
      <Filter>include\Unreal\Core\Templates</Filter>
    </ClInclude>
    <ClInclude Include="$(XmakeProjectDir)\RE-UE4SS\deps\first\Unreal\include\Unreal\Core\Templates\IsTriviallyDestructible.hpp">
      <Filter>include\Unreal\Core\Templates</Filter>
    </ClInclude>
    <ClInclude Include="$(XmakeProjectDir)\RE-UE4SS\deps\first\Unreal\include\Unreal\Core\Templates\IsUECoreType.hpp">
      <Filter>include\Unreal\Core\Templates</Filter>
    </ClInclude>
    <ClInclude Include="$(XmakeProjectDir)\RE-UE4SS\deps\first\Unreal\include\Unreal\Core\Templates\IsValidVariadicFunctionArg.hpp">
      <Filter>include\Unreal\Core\Templates</Filter>
    </ClInclude>
    <ClInclude Include="$(XmakeProjectDir)\RE-UE4SS\deps\first\Unreal\include\Unreal\Core\Templates\Less.hpp">
      <Filter>include\Unreal\Core\Templates</Filter>
    </ClInclude>
    <ClInclude Include="$(XmakeProjectDir)\RE-UE4SS\deps\first\Unreal\include\Unreal\Core\Templates\LosesQualifiersFromTo.hpp">
      <Filter>include\Unreal\Core\Templates</Filter>
    </ClInclude>
    <ClInclude Include="$(XmakeProjectDir)\RE-UE4SS\deps\first\Unreal\include\Unreal\Core\Templates\MakeUnsigned.hpp">
      <Filter>include\Unreal\Core\Templates</Filter>
    </ClInclude>
    <ClInclude Include="$(XmakeProjectDir)\RE-UE4SS\deps\first\Unreal\include\Unreal\Core\Templates\MemoryOps.hpp">
      <Filter>include\Unreal\Core\Templates</Filter>
    </ClInclude>
    <ClInclude Include="$(XmakeProjectDir)\RE-UE4SS\deps\first\Unreal\include\Unreal\Core\Templates\Models.hpp">
      <Filter>include\Unreal\Core\Templates</Filter>
    </ClInclude>
    <ClInclude Include="$(XmakeProjectDir)\RE-UE4SS\deps\first\Unreal\include\Unreal\Core\Templates\PointerIsConvertibleFromTo.hpp">
      <Filter>include\Unreal\Core\Templates</Filter>
    </ClInclude>
    <ClInclude Include="$(XmakeProjectDir)\RE-UE4SS\deps\first\Unreal\include\Unreal\Core\Templates\RemoveCV.hpp">
      <Filter>include\Unreal\Core\Templates</Filter>
    </ClInclude>
    <ClInclude Include="$(XmakeProjectDir)\RE-UE4SS\deps\first\Unreal\include\Unreal\Core\Templates\RemoveReference.hpp">
      <Filter>include\Unreal\Core\Templates</Filter>
    </ClInclude>
    <ClInclude Include="$(XmakeProjectDir)\RE-UE4SS\deps\first\Unreal\include\Unreal\Core\Templates\ResolveTypeAmbiguity.hpp">
      <Filter>include\Unreal\Core\Templates</Filter>
    </ClInclude>
    <ClInclude Include="$(XmakeProjectDir)\RE-UE4SS\deps\first\Unreal\include\Unreal\Core\Templates\RetainedRef.hpp">
      <Filter>include\Unreal\Core\Templates</Filter>
    </ClInclude>
    <ClInclude Include="$(XmakeProjectDir)\RE-UE4SS\deps\first\Unreal\include\Unreal\Core\Templates\ReversePredicate.hpp">
      <Filter>include\Unreal\Core\Templates</Filter>
    </ClInclude>
    <ClInclude Include="$(XmakeProjectDir)\RE-UE4SS\deps\first\Unreal\include\Unreal\Core\Templates\Sorting.hpp">
      <Filter>include\Unreal\Core\Templates</Filter>
    </ClInclude>
    <ClInclude Include="$(XmakeProjectDir)\RE-UE4SS\deps\first\Unreal\include\Unreal\Core\Templates\Tuple.hpp">
      <Filter>include\Unreal\Core\Templates</Filter>
    </ClInclude>
    <ClInclude Include="$(XmakeProjectDir)\RE-UE4SS\deps\first\Unreal\include\Unreal\Core\Templates\TypeCompatibleBytes.hpp">
      <Filter>include\Unreal\Core\Templates</Filter>
    </ClInclude>
    <ClInclude Include="$(XmakeProjectDir)\RE-UE4SS\deps\first\Unreal\include\Unreal\Core\Templates\TypeHash.hpp">
      <Filter>include\Unreal\Core\Templates</Filter>
    </ClInclude>
    <ClInclude Include="$(XmakeProjectDir)\RE-UE4SS\deps\first\Unreal\include\Unreal\Core\Templates\UnrealTemplate.hpp">
      <Filter>include\Unreal\Core\Templates</Filter>
    </ClInclude>
    <ClInclude Include="$(XmakeProjectDir)\RE-UE4SS\deps\first\Unreal\include\Unreal\Core\Templates\UnrealTypeTraits.hpp">
      <Filter>include\Unreal\Core\Templates</Filter>
    </ClInclude>
    <ClInclude Include="$(XmakeProjectDir)\RE-UE4SS\deps\first\Unreal\include\Unreal\Core\Traits\IntType.hpp">
      <Filter>include\Unreal\Core\Traits</Filter>
    </ClInclude>
    <ClInclude Include="$(XmakeProjectDir)\RE-UE4SS\deps\first\Unreal\include\Unreal\Core\Traits\IsCharEncodingCompatibleWith.hpp">
      <Filter>include\Unreal\Core\Traits</Filter>
    </ClInclude>
    <ClInclude Include="$(XmakeProjectDir)\RE-UE4SS\deps\first\Unreal\include\Unreal\Core\Traits\IsCharEncodingSimplyConvertibleTo.hpp">
      <Filter>include\Unreal\Core\Traits</Filter>
    </ClInclude>
    <ClInclude Include="$(XmakeProjectDir)\RE-UE4SS\deps\first\Unreal\include\Unreal\Core\Traits\IsCharType.hpp">
      <Filter>include\Unreal\Core\Traits</Filter>
    </ClInclude>
    <ClInclude Include="$(XmakeProjectDir)\RE-UE4SS\deps\first\Unreal\include\Unreal\Core\Traits\IsContiguousContainer.hpp">
      <Filter>include\Unreal\Core\Traits</Filter>
    </ClInclude>
    <ClInclude Include="$(XmakeProjectDir)\RE-UE4SS\deps\first\Unreal\include\Unreal\Core\Traits\IsFixedWidthCharEncoding.hpp">
      <Filter>include\Unreal\Core\Traits</Filter>
    </ClInclude>
    <ClInclude Include="$(XmakeProjectDir)\RE-UE4SS\deps\first\Unreal\include\Unreal\Core\Traits\IsVoidType.hpp">
      <Filter>include\Unreal\Core\Traits</Filter>
    </ClInclude>
    <ClInclude Include="$(XmakeProjectDir)\RE-UE4SS\deps\first\Unreal\include\Unreal\Core\Traits\MemberFunctionPtrOuter.hpp">
      <Filter>include\Unreal\Core\Traits</Filter>
    </ClInclude>
    <ClInclude Include="$(XmakeProjectDir)\RE-UE4SS\deps\first\Unreal\include\Unreal\Core\UObject\UObjectHierarchyFwd.hpp">
      <Filter>include\Unreal\Core\UObject</Filter>
    </ClInclude>
    <ClInclude Include="$(XmakeProjectDir)\RE-UE4SS\deps\first\Unreal\include\Unreal\Core\Windows\AllowWindowsPlatformAtomics.hpp">
      <Filter>include\Unreal\Core\Windows</Filter>
    </ClInclude>
    <ClInclude Include="$(XmakeProjectDir)\RE-UE4SS\deps\first\Unreal\include\Unreal\Core\Windows\AllowWindowsPlatformTypes.hpp">
      <Filter>include\Unreal\Core\Windows</Filter>
    </ClInclude>
    <ClInclude Include="$(XmakeProjectDir)\RE-UE4SS\deps\first\Unreal\include\Unreal\Core\Windows\HideWindowsPlatformAtomics.hpp">
      <Filter>include\Unreal\Core\Windows</Filter>
    </ClInclude>
    <ClInclude Include="$(XmakeProjectDir)\RE-UE4SS\deps\first\Unreal\include\Unreal\Core\Windows\HideWindowsPlatformTypes.hpp">
      <Filter>include\Unreal\Core\Windows</Filter>
    </ClInclude>
    <ClInclude Include="$(XmakeProjectDir)\RE-UE4SS\deps\first\Unreal\include\Unreal\Core\Windows\MinWindows.hpp">
      <Filter>include\Unreal\Core\Windows</Filter>
    </ClInclude>
    <ClInclude Include="$(XmakeProjectDir)\RE-UE4SS\deps\first\Unreal\include\Unreal\Core\Windows\MinimalWindowsApi.hpp">
      <Filter>include\Unreal\Core\Windows</Filter>
    </ClInclude>
    <ClInclude Include="$(XmakeProjectDir)\RE-UE4SS\deps\first\Unreal\include\Unreal\Core\Windows\PostWindowsApi.hpp">
      <Filter>include\Unreal\Core\Windows</Filter>
    </ClInclude>
    <ClInclude Include="$(XmakeProjectDir)\RE-UE4SS\deps\first\Unreal\include\Unreal\Core\Windows\PreWindowsApi.hpp">
      <Filter>include\Unreal\Core\Windows</Filter>
    </ClInclude>
    <ClInclude Include="$(XmakeProjectDir)\RE-UE4SS\deps\first\Unreal\include\Unreal\Core\Windows\WindowsHWrapper.hpp">
      <Filter>include\Unreal\Core\Windows</Filter>
    </ClInclude>
    <ClInclude Include="$(XmakeProjectDir)\RE-UE4SS\deps\first\Unreal\include\Unreal\Core\Windows\WindowsPlatform.hpp">
      <Filter>include\Unreal\Core\Windows</Filter>
    </ClInclude>
    <ClInclude Include="$(XmakeProjectDir)\RE-UE4SS\deps\first\Unreal\include\Unreal\Core\Windows\WindowsPlatformAtomics.hpp">
      <Filter>include\Unreal\Core\Windows</Filter>
    </ClInclude>
    <ClInclude Include="$(XmakeProjectDir)\RE-UE4SS\deps\first\Unreal\include\Unreal\Core\Windows\WindowsPlatformCodeAnalysis.hpp">
      <Filter>include\Unreal\Core\Windows</Filter>
    </ClInclude>
    <ClInclude Include="$(XmakeProjectDir)\RE-UE4SS\deps\first\Unreal\include\Unreal\Core\Windows\WindowsPlatformCompilerPreSetup.hpp">
      <Filter>include\Unreal\Core\Windows</Filter>
    </ClInclude>
    <ClInclude Include="$(XmakeProjectDir)\RE-UE4SS\deps\first\Unreal\include\Unreal\Core\Windows\WindowsPlatformCompilerSetup.hpp">
      <Filter>include\Unreal\Core\Windows</Filter>
    </ClInclude>
    <ClInclude Include="$(XmakeProjectDir)\RE-UE4SS\deps\first\Unreal\include\Unreal\Core\Windows\WindowsPlatformMath.hpp">
      <Filter>include\Unreal\Core\Windows</Filter>
    </ClInclude>
    <ClInclude Include="$(XmakeProjectDir)\RE-UE4SS\deps\first\Unreal\include\Unreal\Core\Windows\WindowsPlatformMemory.hpp">
      <Filter>include\Unreal\Core\Windows</Filter>
    </ClInclude>
    <ClInclude Include="$(XmakeProjectDir)\RE-UE4SS\deps\first\Unreal\include\Unreal\Core\Windows\WindowsPlatformMisc.hpp">
      <Filter>include\Unreal\Core\Windows</Filter>
    </ClInclude>
    <ClInclude Include="$(XmakeProjectDir)\RE-UE4SS\deps\first\Unreal\include\Unreal\Core\Windows\WindowsPlatformString.hpp">
      <Filter>include\Unreal\Core\Windows</Filter>
    </ClInclude>
    <ClInclude Include="$(XmakeProjectDir)\RE-UE4SS\deps\first\Unreal\include\Unreal\Core\Windows\WindowsSystemIncludes.hpp">
      <Filter>include\Unreal\Core\Windows</Filter>
    </ClInclude>
    <ClInclude Include="$(XmakeProjectDir)\RE-UE4SS\deps\first\Unreal\include\Unreal\EnumHelper.hpp">
      <Filter>include\Unreal</Filter>
    </ClInclude>
    <ClInclude Include="$(XmakeProjectDir)\RE-UE4SS\deps\first\Unreal\include\Unreal\FArchive.hpp">
      <Filter>include\Unreal</Filter>
    </ClInclude>
    <ClInclude Include="$(XmakeProjectDir)\RE-UE4SS\deps\first\Unreal\include\Unreal\FAssetData.hpp">
      <Filter>include\Unreal</Filter>
    </ClInclude>
    <ClInclude Include="$(XmakeProjectDir)\RE-UE4SS\deps\first\Unreal\include\Unreal\FField.hpp">
      <Filter>include\Unreal</Filter>
    </ClInclude>
    <ClInclude Include="$(XmakeProjectDir)\RE-UE4SS\deps\first\Unreal\include\Unreal\FFrame.hpp">
      <Filter>include\Unreal</Filter>
    </ClInclude>
    <ClInclude Include="$(XmakeProjectDir)\RE-UE4SS\deps\first\Unreal\include\Unreal\FHitResult.hpp">
      <Filter>include\Unreal</Filter>
    </ClInclude>
    <ClInclude Include="$(XmakeProjectDir)\RE-UE4SS\deps\first\Unreal\include\Unreal\FMemory.hpp">
      <Filter>include\Unreal</Filter>
    </ClInclude>
    <ClInclude Include="$(XmakeProjectDir)\RE-UE4SS\deps\first\Unreal\include\Unreal\FOutputDevice.hpp">
      <Filter>include\Unreal</Filter>
    </ClInclude>
    <ClInclude Include="$(XmakeProjectDir)\RE-UE4SS\deps\first\Unreal\include\Unreal\FPrimaryAssetId.hpp">
      <Filter>include\Unreal</Filter>
    </ClInclude>
    <ClInclude Include="$(XmakeProjectDir)\RE-UE4SS\deps\first\Unreal\include\Unreal\FProperty.hpp">
      <Filter>include\Unreal</Filter>
    </ClInclude>
    <ClInclude Include="$(XmakeProjectDir)\RE-UE4SS\deps\first\Unreal\include\Unreal\FString.hpp">
      <Filter>include\Unreal</Filter>
    </ClInclude>
    <ClInclude Include="$(XmakeProjectDir)\RE-UE4SS\deps\first\Unreal\include\Unreal\FText.hpp">
      <Filter>include\Unreal</Filter>
    </ClInclude>
    <ClInclude Include="$(XmakeProjectDir)\RE-UE4SS\deps\first\Unreal\include\Unreal\FURL.hpp">
      <Filter>include\Unreal</Filter>
    </ClInclude>
    <ClInclude Include="$(XmakeProjectDir)\RE-UE4SS\deps\first\Unreal\include\Unreal\FWeakObjectPtr.hpp">
      <Filter>include\Unreal</Filter>
    </ClInclude>
    <ClInclude Include="$(XmakeProjectDir)\RE-UE4SS\deps\first\Unreal\include\Unreal\FWorldContext.hpp">
      <Filter>include\Unreal</Filter>
    </ClInclude>
    <ClInclude Include="$(XmakeProjectDir)\RE-UE4SS\deps\first\Unreal\include\Unreal\FieldPath.hpp">
      <Filter>include\Unreal</Filter>
    </ClInclude>
    <ClInclude Include="$(XmakeProjectDir)\RE-UE4SS\deps\first\Unreal\include\Unreal\GameplayStatics.hpp">
      <Filter>include\Unreal</Filter>
    </ClInclude>
    <ClInclude Include="$(XmakeProjectDir)\RE-UE4SS\deps\first\Unreal\include\Unreal\Hooks.hpp">
      <Filter>include\Unreal</Filter>
    </ClInclude>
    <ClInclude Include="$(XmakeProjectDir)\RE-UE4SS\deps\first\Unreal\include\Unreal\ITextData.hpp">
      <Filter>include\Unreal</Filter>
    </ClInclude>
    <ClInclude Include="$(XmakeProjectDir)\RE-UE4SS\deps\first\Unreal\include\Unreal\LogVerbosity.hpp">
      <Filter>include\Unreal</Filter>
    </ClInclude>
    <ClInclude Include="$(XmakeProjectDir)\RE-UE4SS\deps\first\Unreal\include\Unreal\NameTypes.hpp">
      <Filter>include\Unreal</Filter>
    </ClInclude>
    <ClInclude Include="$(XmakeProjectDir)\RE-UE4SS\deps\first\Unreal\include\Unreal\PackageName.hpp">
      <Filter>include\Unreal</Filter>
    </ClInclude>
    <ClInclude Include="$(XmakeProjectDir)\RE-UE4SS\deps\first\Unreal\include\Unreal\PersistentObjectPtr.hpp">
      <Filter>include\Unreal</Filter>
    </ClInclude>
    <ClInclude Include="$(XmakeProjectDir)\RE-UE4SS\deps\first\Unreal\include\Unreal\Property\FArrayProperty.hpp">
      <Filter>include\Unreal\Property</Filter>
    </ClInclude>
    <ClInclude Include="$(XmakeProjectDir)\RE-UE4SS\deps\first\Unreal\include\Unreal\Property\FBoolProperty.hpp">
      <Filter>include\Unreal\Property</Filter>
    </ClInclude>
    <ClInclude Include="$(XmakeProjectDir)\RE-UE4SS\deps\first\Unreal\include\Unreal\Property\FClassProperty.hpp">
      <Filter>include\Unreal\Property</Filter>
    </ClInclude>
    <ClInclude Include="$(XmakeProjectDir)\RE-UE4SS\deps\first\Unreal\include\Unreal\Property\FDelegateProperty.hpp">
      <Filter>include\Unreal\Property</Filter>
    </ClInclude>
    <ClInclude Include="$(XmakeProjectDir)\RE-UE4SS\deps\first\Unreal\include\Unreal\Property\FEnumProperty.hpp">
      <Filter>include\Unreal\Property</Filter>
    </ClInclude>
    <ClInclude Include="$(XmakeProjectDir)\RE-UE4SS\deps\first\Unreal\include\Unreal\Property\FFieldPathProperty.hpp">
      <Filter>include\Unreal\Property</Filter>
    </ClInclude>
    <ClInclude Include="$(XmakeProjectDir)\RE-UE4SS\deps\first\Unreal\include\Unreal\Property\FInterfaceProperty.hpp">
      <Filter>include\Unreal\Property</Filter>
    </ClInclude>
    <ClInclude Include="$(XmakeProjectDir)\RE-UE4SS\deps\first\Unreal\include\Unreal\Property\FLazyObjectProperty.hpp">
      <Filter>include\Unreal\Property</Filter>
    </ClInclude>
    <ClInclude Include="$(XmakeProjectDir)\RE-UE4SS\deps\first\Unreal\include\Unreal\Property\FMapProperty.hpp">
      <Filter>include\Unreal\Property</Filter>
    </ClInclude>
    <ClInclude Include="$(XmakeProjectDir)\RE-UE4SS\deps\first\Unreal\include\Unreal\Property\FMulticastDelegateProperty.hpp">
      <Filter>include\Unreal\Property</Filter>
    </ClInclude>
    <ClInclude Include="$(XmakeProjectDir)\RE-UE4SS\deps\first\Unreal\include\Unreal\Property\FMulticastInlineDelegateProperty.hpp">
      <Filter>include\Unreal\Property</Filter>
    </ClInclude>
    <ClInclude Include="$(XmakeProjectDir)\RE-UE4SS\deps\first\Unreal\include\Unreal\Property\FMulticastSparseDelegateProperty.hpp">
      <Filter>include\Unreal\Property</Filter>
    </ClInclude>
    <ClInclude Include="$(XmakeProjectDir)\RE-UE4SS\deps\first\Unreal\include\Unreal\Property\FNameProperty.hpp">
      <Filter>include\Unreal\Property</Filter>
    </ClInclude>
    <ClInclude Include="$(XmakeProjectDir)\RE-UE4SS\deps\first\Unreal\include\Unreal\Property\FNumericProperty.hpp">
      <Filter>include\Unreal\Property</Filter>
    </ClInclude>
    <ClInclude Include="$(XmakeProjectDir)\RE-UE4SS\deps\first\Unreal\include\Unreal\Property\FObjectProperty.hpp">
      <Filter>include\Unreal\Property</Filter>
    </ClInclude>
    <ClInclude Include="$(XmakeProjectDir)\RE-UE4SS\deps\first\Unreal\include\Unreal\Property\FOptionalProperty.hpp">
      <Filter>include\Unreal\Property</Filter>
    </ClInclude>
    <ClInclude Include="$(XmakeProjectDir)\RE-UE4SS\deps\first\Unreal\include\Unreal\Property\FSetProperty.hpp">
      <Filter>include\Unreal\Property</Filter>
    </ClInclude>
    <ClInclude Include="$(XmakeProjectDir)\RE-UE4SS\deps\first\Unreal\include\Unreal\Property\FSoftClassProperty.hpp">
      <Filter>include\Unreal\Property</Filter>
    </ClInclude>
    <ClInclude Include="$(XmakeProjectDir)\RE-UE4SS\deps\first\Unreal\include\Unreal\Property\FSoftObjectProperty.hpp">
      <Filter>include\Unreal\Property</Filter>
    </ClInclude>
    <ClInclude Include="$(XmakeProjectDir)\RE-UE4SS\deps\first\Unreal\include\Unreal\Property\FStrProperty.hpp">
      <Filter>include\Unreal\Property</Filter>
    </ClInclude>
    <ClInclude Include="$(XmakeProjectDir)\RE-UE4SS\deps\first\Unreal\include\Unreal\Property\FStructProperty.hpp">
      <Filter>include\Unreal\Property</Filter>
    </ClInclude>
    <ClInclude Include="$(XmakeProjectDir)\RE-UE4SS\deps\first\Unreal\include\Unreal\Property\FTextProperty.hpp">
      <Filter>include\Unreal\Property</Filter>
    </ClInclude>
    <ClInclude Include="$(XmakeProjectDir)\RE-UE4SS\deps\first\Unreal\include\Unreal\Property\FWeakObjectProperty.hpp">
      <Filter>include\Unreal\Property</Filter>
    </ClInclude>
    <ClInclude Include="$(XmakeProjectDir)\RE-UE4SS\deps\first\Unreal\include\Unreal\Property\NumericPropertyTypes.hpp">
      <Filter>include\Unreal\Property</Filter>
    </ClInclude>
    <ClInclude Include="$(XmakeProjectDir)\RE-UE4SS\deps\first\Unreal\include\Unreal\Property\ScriptArrayHelper.hpp">
      <Filter>include\Unreal\Property</Filter>
    </ClInclude>
    <ClInclude Include="$(XmakeProjectDir)\RE-UE4SS\deps\first\Unreal\include\Unreal\Quat.hpp">
      <Filter>include\Unreal</Filter>
    </ClInclude>
    <ClInclude Include="$(XmakeProjectDir)\RE-UE4SS\deps\first\Unreal\include\Unreal\ReflectedFunction.hpp">
      <Filter>include\Unreal</Filter>
    </ClInclude>
    <ClInclude Include="$(XmakeProjectDir)\RE-UE4SS\deps\first\Unreal\include\Unreal\Rotator.hpp">
      <Filter>include\Unreal</Filter>
    </ClInclude>
    <ClInclude Include="$(XmakeProjectDir)\RE-UE4SS\deps\first\Unreal\include\Unreal\Script.hpp">
      <Filter>include\Unreal</Filter>
    </ClInclude>
    <ClInclude Include="$(XmakeProjectDir)\RE-UE4SS\deps\first\Unreal\include\Unreal\Searcher\ObjectSearcher.hpp">
      <Filter>include\Unreal\Searcher</Filter>
    </ClInclude>
    <ClInclude Include="$(XmakeProjectDir)\RE-UE4SS\deps\first\Unreal\include\Unreal\Signatures.hpp">
      <Filter>include\Unreal</Filter>
    </ClInclude>
    <ClInclude Include="$(XmakeProjectDir)\RE-UE4SS\deps\first\Unreal\include\Unreal\TObjectPtr.hpp">
      <Filter>include\Unreal</Filter>
    </ClInclude>
    <ClInclude Include="$(XmakeProjectDir)\RE-UE4SS\deps\first\Unreal\include\Unreal\TProperty.hpp">
      <Filter>include\Unreal</Filter>
    </ClInclude>
    <ClInclude Include="$(XmakeProjectDir)\RE-UE4SS\deps\first\Unreal\include\Unreal\Transform.hpp">
      <Filter>include\Unreal</Filter>
    </ClInclude>
    <ClInclude Include="$(XmakeProjectDir)\RE-UE4SS\deps\first\Unreal\include\Unreal\TypeChecker.hpp">
      <Filter>include\Unreal</Filter>
    </ClInclude>
    <ClInclude Include="$(XmakeProjectDir)\RE-UE4SS\deps\first\Unreal\include\Unreal\UActorComponent.hpp">
      <Filter>include\Unreal</Filter>
    </ClInclude>
    <ClInclude Include="$(XmakeProjectDir)\RE-UE4SS\deps\first\Unreal\include\Unreal\UAssetRegistry.hpp">
      <Filter>include\Unreal</Filter>
    </ClInclude>
    <ClInclude Include="$(XmakeProjectDir)\RE-UE4SS\deps\first\Unreal\include\Unreal\UAssetRegistryHelpers.hpp">
      <Filter>include\Unreal</Filter>
    </ClInclude>
    <ClInclude Include="$(XmakeProjectDir)\RE-UE4SS\deps\first\Unreal\include\Unreal\UClass.hpp">
      <Filter>include\Unreal</Filter>
    </ClInclude>
    <ClInclude Include="$(XmakeProjectDir)\RE-UE4SS\deps\first\Unreal\include\Unreal\UEngine.hpp">
      <Filter>include\Unreal</Filter>
    </ClInclude>
    <ClInclude Include="$(XmakeProjectDir)\RE-UE4SS\deps\first\Unreal\include\Unreal\UEnum.hpp">
      <Filter>include\Unreal</Filter>
    </ClInclude>
    <ClInclude Include="$(XmakeProjectDir)\RE-UE4SS\deps\first\Unreal\include\Unreal\UField.hpp">
      <Filter>include\Unreal</Filter>
    </ClInclude>
    <ClInclude Include="$(XmakeProjectDir)\RE-UE4SS\deps\first\Unreal\include\Unreal\UFunction.hpp">
      <Filter>include\Unreal</Filter>
    </ClInclude>
    <ClInclude Include="$(XmakeProjectDir)\RE-UE4SS\deps\first\Unreal\include\Unreal\UFunctionStructs.hpp">
      <Filter>include\Unreal</Filter>
    </ClInclude>
    <ClInclude Include="$(XmakeProjectDir)\RE-UE4SS\deps\first\Unreal\include\Unreal\UGameViewportClient.hpp">
      <Filter>include\Unreal</Filter>
    </ClInclude>
    <ClInclude Include="$(XmakeProjectDir)\RE-UE4SS\deps\first\Unreal\include\Unreal\UInterface.hpp">
      <Filter>include\Unreal</Filter>
    </ClInclude>
    <ClInclude Include="$(XmakeProjectDir)\RE-UE4SS\deps\first\Unreal\include\Unreal\UKismetNodeHelperLibrary.hpp">
      <Filter>include\Unreal</Filter>
    </ClInclude>
    <ClInclude Include="$(XmakeProjectDir)\RE-UE4SS\deps\first\Unreal\include\Unreal\UKismetSystemLibrary.hpp">
      <Filter>include\Unreal</Filter>
    </ClInclude>
    <ClInclude Include="$(XmakeProjectDir)\RE-UE4SS\deps\first\Unreal\include\Unreal\ULocalPlayer.hpp">
      <Filter>include\Unreal</Filter>
    </ClInclude>
    <ClInclude Include="$(XmakeProjectDir)\RE-UE4SS\deps\first\Unreal\include\Unreal\UObject.hpp">
      <Filter>include\Unreal</Filter>
    </ClInclude>
    <ClInclude Include="$(XmakeProjectDir)\RE-UE4SS\deps\first\Unreal\include\Unreal\UObjectArray.hpp">
      <Filter>include\Unreal</Filter>
    </ClInclude>
    <ClInclude Include="$(XmakeProjectDir)\RE-UE4SS\deps\first\Unreal\include\Unreal\UObjectGlobals.hpp">
      <Filter>include\Unreal</Filter>
    </ClInclude>
    <ClInclude Include="$(XmakeProjectDir)\RE-UE4SS\deps\first\Unreal\include\Unreal\UObjectMacros.hpp">
      <Filter>include\Unreal</Filter>
    </ClInclude>
    <ClInclude Include="$(XmakeProjectDir)\RE-UE4SS\deps\first\Unreal\include\Unreal\UPackage.hpp">
      <Filter>include\Unreal</Filter>
    </ClInclude>
    <ClInclude Include="$(XmakeProjectDir)\RE-UE4SS\deps\first\Unreal\include\Unreal\UPlayer.hpp">
      <Filter>include\Unreal</Filter>
    </ClInclude>
    <ClInclude Include="$(XmakeProjectDir)\RE-UE4SS\deps\first\Unreal\include\Unreal\UScriptStruct.hpp">
      <Filter>include\Unreal</Filter>
    </ClInclude>
    <ClInclude Include="$(XmakeProjectDir)\RE-UE4SS\deps\first\Unreal\include\Unreal\UStruct.hpp">
      <Filter>include\Unreal</Filter>
    </ClInclude>
    <ClInclude Include="$(XmakeProjectDir)\RE-UE4SS\deps\first\Unreal\include\Unreal\UnrealCoreStructs.hpp">
      <Filter>include\Unreal</Filter>
    </ClInclude>
    <ClInclude Include="$(XmakeProjectDir)\RE-UE4SS\deps\first\Unreal\include\Unreal\UnrealFlags.hpp">
      <Filter>include\Unreal</Filter>
    </ClInclude>
    <ClInclude Include="$(XmakeProjectDir)\RE-UE4SS\deps\first\Unreal\include\Unreal\UnrealInitializer.hpp">
      <Filter>include\Unreal</Filter>
    </ClInclude>
    <ClInclude Include="$(XmakeProjectDir)\RE-UE4SS\deps\first\Unreal\include\Unreal\UnrealVersion.hpp">
      <Filter>include\Unreal</Filter>
    </ClInclude>
    <ClInclude Include="$(XmakeProjectDir)\RE-UE4SS\deps\first\Unreal\include\Unreal\VersionedContainer\Base.hpp">
      <Filter>include\Unreal\VersionedContainer</Filter>
    </ClInclude>
    <ClInclude Include="$(XmakeProjectDir)\RE-UE4SS\deps\first\Unreal\include\Unreal\VersionedContainer\Container.hpp">
      <Filter>include\Unreal\VersionedContainer</Filter>
    </ClInclude>
    <ClInclude Include="$(XmakeProjectDir)\RE-UE4SS\deps\first\Unreal\include\Unreal\VersionedContainer\Derived412.hpp">
      <Filter>include\Unreal\VersionedContainer</Filter>
    </ClInclude>
    <ClInclude Include="$(XmakeProjectDir)\RE-UE4SS\deps\first\Unreal\include\Unreal\VersionedContainer\Derived413.hpp">
      <Filter>include\Unreal\VersionedContainer</Filter>
    </ClInclude>
    <ClInclude Include="$(XmakeProjectDir)\RE-UE4SS\deps\first\Unreal\include\Unreal\VersionedContainer\Derived415.hpp">
      <Filter>include\Unreal\VersionedContainer</Filter>
    </ClInclude>
    <ClInclude Include="$(XmakeProjectDir)\RE-UE4SS\deps\first\Unreal\include\Unreal\VersionedContainer\Derived417.hpp">
      <Filter>include\Unreal\VersionedContainer</Filter>
    </ClInclude>
    <ClInclude Include="$(XmakeProjectDir)\RE-UE4SS\deps\first\Unreal\include\Unreal\VersionedContainer\Derived420.hpp">
      <Filter>include\Unreal\VersionedContainer</Filter>
    </ClInclude>
    <ClInclude Include="$(XmakeProjectDir)\RE-UE4SS\deps\first\Unreal\include\Unreal\VersionedContainer\Derived422.hpp">
      <Filter>include\Unreal\VersionedContainer</Filter>
    </ClInclude>
    <ClInclude Include="$(XmakeProjectDir)\RE-UE4SS\deps\first\Unreal\include\Unreal\VersionedContainer\Derived425.hpp">
      <Filter>include\Unreal\VersionedContainer</Filter>
    </ClInclude>
    <ClInclude Include="$(XmakeProjectDir)\RE-UE4SS\deps\first\Unreal\include\Unreal\VersionedContainer\Derived425_STATS.hpp">
      <Filter>include\Unreal\VersionedContainer</Filter>
    </ClInclude>
    <ClInclude Include="$(XmakeProjectDir)\RE-UE4SS\deps\first\Unreal\include\Unreal\VersionedContainer\Derived427.hpp">
      <Filter>include\Unreal\VersionedContainer</Filter>
    </ClInclude>
    <ClInclude Include="$(XmakeProjectDir)\RE-UE4SS\deps\first\Unreal\include\Unreal\VersionedContainer\Derived427_STATS.hpp">
      <Filter>include\Unreal\VersionedContainer</Filter>
    </ClInclude>
    <ClInclude Include="$(XmakeProjectDir)\RE-UE4SS\deps\first\Unreal\include\Unreal\VersionedContainer\Flags.hpp">
      <Filter>include\Unreal\VersionedContainer</Filter>
    </ClInclude>
    <ClInclude Include="$(XmakeProjectDir)\RE-UE4SS\deps\first\Unreal\include\Unreal\VersionedContainer\Flags412.hpp">
      <Filter>include\Unreal\VersionedContainer</Filter>
    </ClInclude>
    <ClInclude Include="$(XmakeProjectDir)\RE-UE4SS\deps\first\Unreal\include\Unreal\VersionedContainer\Flags415.hpp">
      <Filter>include\Unreal\VersionedContainer</Filter>
    </ClInclude>
    <ClInclude Include="$(XmakeProjectDir)\RE-UE4SS\deps\first\Unreal\include\Unreal\VersionedContainer\Flags422.hpp">
      <Filter>include\Unreal\VersionedContainer</Filter>
    </ClInclude>
    <ClInclude Include="$(XmakeProjectDir)\RE-UE4SS\deps\first\Unreal\include\Unreal\VersionedContainer\Flags425.hpp">
      <Filter>include\Unreal\VersionedContainer</Filter>
    </ClInclude>
    <ClInclude Include="$(XmakeProjectDir)\RE-UE4SS\deps\first\Unreal\include\Unreal\VersionedContainer\UObject412.hpp">
      <Filter>include\Unreal\VersionedContainer</Filter>
    </ClInclude>
    <ClInclude Include="$(XmakeProjectDir)\RE-UE4SS\deps\first\Unreal\include\Unreal\VersionedContainer\UObject415.hpp">
      <Filter>include\Unreal\VersionedContainer</Filter>
    </ClInclude>
    <ClInclude Include="$(XmakeProjectDir)\RE-UE4SS\deps\first\Unreal\include\Unreal\VersionedContainer\UObject422.hpp">
      <Filter>include\Unreal\VersionedContainer</Filter>
    </ClInclude>
    <ClInclude Include="$(XmakeProjectDir)\RE-UE4SS\deps\first\Unreal\include\Unreal\VersionedContainer\UObject425.hpp">
      <Filter>include\Unreal\VersionedContainer</Filter>
    </ClInclude>
    <ClInclude Include="$(XmakeProjectDir)\RE-UE4SS\deps\first\Unreal\include\Unreal\VersionedContainer\UObjectBaseVC.hpp">
      <Filter>include\Unreal\VersionedContainer</Filter>
    </ClInclude>
    <ClInclude Include="$(XmakeProjectDir)\RE-UE4SS\deps\first\Unreal\include\Unreal\VersionedContainer\UnrealVirtualImpl\UnrealVirtual410.hpp">
      <Filter>include\Unreal\VersionedContainer\UnrealVirtualImpl</Filter>
    </ClInclude>
    <ClInclude Include="$(XmakeProjectDir)\RE-UE4SS\deps\first\Unreal\include\Unreal\VersionedContainer\UnrealVirtualImpl\UnrealVirtual411.hpp">
      <Filter>include\Unreal\VersionedContainer\UnrealVirtualImpl</Filter>
    </ClInclude>
    <ClInclude Include="$(XmakeProjectDir)\RE-UE4SS\deps\first\Unreal\include\Unreal\VersionedContainer\UnrealVirtualImpl\UnrealVirtual412.hpp">
      <Filter>include\Unreal\VersionedContainer\UnrealVirtualImpl</Filter>
    </ClInclude>
    <ClInclude Include="$(XmakeProjectDir)\RE-UE4SS\deps\first\Unreal\include\Unreal\VersionedContainer\UnrealVirtualImpl\UnrealVirtual413.hpp">
      <Filter>include\Unreal\VersionedContainer\UnrealVirtualImpl</Filter>
    </ClInclude>
    <ClInclude Include="$(XmakeProjectDir)\RE-UE4SS\deps\first\Unreal\include\Unreal\VersionedContainer\UnrealVirtualImpl\UnrealVirtual414.hpp">
      <Filter>include\Unreal\VersionedContainer\UnrealVirtualImpl</Filter>
    </ClInclude>
    <ClInclude Include="$(XmakeProjectDir)\RE-UE4SS\deps\first\Unreal\include\Unreal\VersionedContainer\UnrealVirtualImpl\UnrealVirtual415.hpp">
      <Filter>include\Unreal\VersionedContainer\UnrealVirtualImpl</Filter>
    </ClInclude>
    <ClInclude Include="$(XmakeProjectDir)\RE-UE4SS\deps\first\Unreal\include\Unreal\VersionedContainer\UnrealVirtualImpl\UnrealVirtual416.hpp">
      <Filter>include\Unreal\VersionedContainer\UnrealVirtualImpl</Filter>
    </ClInclude>
    <ClInclude Include="$(XmakeProjectDir)\RE-UE4SS\deps\first\Unreal\include\Unreal\VersionedContainer\UnrealVirtualImpl\UnrealVirtual417.hpp">
      <Filter>include\Unreal\VersionedContainer\UnrealVirtualImpl</Filter>
    </ClInclude>
    <ClInclude Include="$(XmakeProjectDir)\RE-UE4SS\deps\first\Unreal\include\Unreal\VersionedContainer\UnrealVirtualImpl\UnrealVirtual418.hpp">
      <Filter>include\Unreal\VersionedContainer\UnrealVirtualImpl</Filter>
    </ClInclude>
    <ClInclude Include="$(XmakeProjectDir)\RE-UE4SS\deps\first\Unreal\include\Unreal\VersionedContainer\UnrealVirtualImpl\UnrealVirtual419.hpp">
      <Filter>include\Unreal\VersionedContainer\UnrealVirtualImpl</Filter>
    </ClInclude>
    <ClInclude Include="$(XmakeProjectDir)\RE-UE4SS\deps\first\Unreal\include\Unreal\VersionedContainer\UnrealVirtualImpl\UnrealVirtual420.hpp">
      <Filter>include\Unreal\VersionedContainer\UnrealVirtualImpl</Filter>
    </ClInclude>
    <ClInclude Include="$(XmakeProjectDir)\RE-UE4SS\deps\first\Unreal\include\Unreal\VersionedContainer\UnrealVirtualImpl\UnrealVirtual421.hpp">
      <Filter>include\Unreal\VersionedContainer\UnrealVirtualImpl</Filter>
    </ClInclude>
    <ClInclude Include="$(XmakeProjectDir)\RE-UE4SS\deps\first\Unreal\include\Unreal\VersionedContainer\UnrealVirtualImpl\UnrealVirtual422.hpp">
      <Filter>include\Unreal\VersionedContainer\UnrealVirtualImpl</Filter>
    </ClInclude>
    <ClInclude Include="$(XmakeProjectDir)\RE-UE4SS\deps\first\Unreal\include\Unreal\VersionedContainer\UnrealVirtualImpl\UnrealVirtual423.hpp">
      <Filter>include\Unreal\VersionedContainer\UnrealVirtualImpl</Filter>
    </ClInclude>
    <ClInclude Include="$(XmakeProjectDir)\RE-UE4SS\deps\first\Unreal\include\Unreal\VersionedContainer\UnrealVirtualImpl\UnrealVirtual424.hpp">
      <Filter>include\Unreal\VersionedContainer\UnrealVirtualImpl</Filter>
    </ClInclude>
    <ClInclude Include="$(XmakeProjectDir)\RE-UE4SS\deps\first\Unreal\include\Unreal\VersionedContainer\UnrealVirtualImpl\UnrealVirtual425.hpp">
      <Filter>include\Unreal\VersionedContainer\UnrealVirtualImpl</Filter>
    </ClInclude>
    <ClInclude Include="$(XmakeProjectDir)\RE-UE4SS\deps\first\Unreal\include\Unreal\VersionedContainer\UnrealVirtualImpl\UnrealVirtual426.hpp">
      <Filter>include\Unreal\VersionedContainer\UnrealVirtualImpl</Filter>
    </ClInclude>
    <ClInclude Include="$(XmakeProjectDir)\RE-UE4SS\deps\first\Unreal\include\Unreal\VersionedContainer\UnrealVirtualImpl\UnrealVirtual427.hpp">
      <Filter>include\Unreal\VersionedContainer\UnrealVirtualImpl</Filter>
    </ClInclude>
    <ClInclude Include="$(XmakeProjectDir)\RE-UE4SS\deps\first\Unreal\include\Unreal\VersionedContainer\UnrealVirtualImpl\UnrealVirtual500.hpp">
      <Filter>include\Unreal\VersionedContainer\UnrealVirtualImpl</Filter>
    </ClInclude>
    <ClInclude Include="$(XmakeProjectDir)\RE-UE4SS\deps\first\Unreal\include\Unreal\VersionedContainer\UnrealVirtualImpl\UnrealVirtual501.hpp">
      <Filter>include\Unreal\VersionedContainer\UnrealVirtualImpl</Filter>
    </ClInclude>
    <ClInclude Include="$(XmakeProjectDir)\RE-UE4SS\deps\first\Unreal\include\Unreal\VersionedContainer\UnrealVirtualImpl\UnrealVirtual502.hpp">
      <Filter>include\Unreal\VersionedContainer\UnrealVirtualImpl</Filter>
    </ClInclude>
    <ClInclude Include="$(XmakeProjectDir)\RE-UE4SS\deps\first\Unreal\include\Unreal\VersionedContainer\UnrealVirtualImpl\UnrealVirtual503.hpp">
      <Filter>include\Unreal\VersionedContainer\UnrealVirtualImpl</Filter>
    </ClInclude>
    <ClInclude Include="$(XmakeProjectDir)\RE-UE4SS\deps\first\Unreal\include\Unreal\VersionedContainer\UnrealVirtualImpl\UnrealVirtual504.hpp">
      <Filter>include\Unreal\VersionedContainer\UnrealVirtualImpl</Filter>
    </ClInclude>
    <ClInclude Include="$(XmakeProjectDir)\RE-UE4SS\deps\first\Unreal\include\Unreal\VersionedContainer\UnrealVirtualImpl\UnrealVirtual505.hpp">
      <Filter>include\Unreal\VersionedContainer\UnrealVirtualImpl</Filter>
    </ClInclude>
    <ClInclude Include="$(XmakeProjectDir)\RE-UE4SS\deps\first\Unreal\include\Unreal\VersionedContainer\UnrealVirtualImpl\UnrealVirtualBaseVC.hpp">
      <Filter>include\Unreal\VersionedContainer\UnrealVirtualImpl</Filter>
    </ClInclude>
    <ClInclude Include="$(XmakeProjectDir)\RE-UE4SS\deps\first\Unreal\include\Unreal\VirtualFunctionHelper.hpp">
      <Filter>include\Unreal</Filter>
    </ClInclude>
    <ClInclude Include="$(XmakeProjectDir)\RE-UE4SS\deps\first\Unreal\include\Unreal\World.hpp">
      <Filter>include\Unreal</Filter>
    </ClInclude>


  </ItemGroup>
  <ItemGroup>

    <ClCompile Include="$(XmakeProjectDir)\RE-UE4SS\deps\first\Unreal\src\AActor.cpp">
      <Filter>src</Filter>
    </ClCompile>
    <ClCompile Include="$(XmakeProjectDir)\RE-UE4SS\deps\first\Unreal\src\AGameMode.cpp">
      <Filter>src</Filter>
    </ClCompile>
    <ClCompile Include="$(XmakeProjectDir)\RE-UE4SS\deps\first\Unreal\src\AGameModeBase.cpp">
      <Filter>src</Filter>
    </ClCompile>
    <ClCompile Include="$(XmakeProjectDir)\RE-UE4SS\deps\first\Unreal\src\CanvasPanel.cpp">
      <Filter>src</Filter>
    </ClCompile>
    <ClCompile Include="$(XmakeProjectDir)\RE-UE4SS\deps\first\Unreal\src\ClassListener.cpp">
      <Filter>src</Filter>
    </ClCompile>
    <ClCompile Include="$(XmakeProjectDir)\RE-UE4SS\deps\first\Unreal\src\Core\Containers\BitArray.cpp">
      <Filter>src\Core\Containers</Filter>
    </ClCompile>
    <ClCompile Include="$(XmakeProjectDir)\RE-UE4SS\deps\first\Unreal\src\Core\Containers\ContainerAllocationPolicies.cpp">
      <Filter>src\Core\Containers</Filter>
    </ClCompile>
    <ClCompile Include="$(XmakeProjectDir)\RE-UE4SS\deps\first\Unreal\src\Core\GenericPlatform\GenericPlatformMath.cpp">
      <Filter>src\Core\GenericPlatform</Filter>
    </ClCompile>
    <ClCompile Include="$(XmakeProjectDir)\RE-UE4SS\deps\first\Unreal\src\Core\GenericPlatform\GenericPlatformStricmp.cpp">
      <Filter>src\Core\GenericPlatform</Filter>
    </ClCompile>
    <ClCompile Include="$(XmakeProjectDir)\RE-UE4SS\deps\first\Unreal\src\Core\GenericPlatform\GenericPlatformString.cpp">
      <Filter>src\Core\GenericPlatform</Filter>
    </ClCompile>
    <ClCompile Include="$(XmakeProjectDir)\RE-UE4SS\deps\first\Unreal\src\Core\HAL\UnrealMemory.cpp">
      <Filter>src\Core\HAL</Filter>
    </ClCompile>
    <ClCompile Include="$(XmakeProjectDir)\RE-UE4SS\deps\first\Unreal\src\Core\Microsoft\MinimalWindowsApi.cpp">
      <Filter>src\Core\Microsoft</Filter>
    </ClCompile>
    <ClCompile Include="$(XmakeProjectDir)\RE-UE4SS\deps\first\Unreal\src\Core\Misc\CString.cpp">
      <Filter>src\Core\Misc</Filter>
    </ClCompile>
    <ClCompile Include="$(XmakeProjectDir)\RE-UE4SS\deps\first\Unreal\src\Core\Misc\Crc.cpp">
      <Filter>src\Core\Misc</Filter>
    </ClCompile>
    <ClCompile Include="$(XmakeProjectDir)\RE-UE4SS\deps\first\Unreal\src\FArchive.cpp">
      <Filter>src</Filter>
    </ClCompile>
    <ClCompile Include="$(XmakeProjectDir)\RE-UE4SS\deps\first\Unreal\src\FAssetData.cpp">
      <Filter>src</Filter>
    </ClCompile>
    <ClCompile Include="$(XmakeProjectDir)\RE-UE4SS\deps\first\Unreal\src\FField.cpp">
      <Filter>src</Filter>
    </ClCompile>
    <ClCompile Include="$(XmakeProjectDir)\RE-UE4SS\deps\first\Unreal\src\FFrame.cpp">
      <Filter>src</Filter>
    </ClCompile>
    <ClCompile Include="$(XmakeProjectDir)\RE-UE4SS\deps\first\Unreal\src\FMemory.cpp">
      <Filter>src</Filter>
    </ClCompile>
    <ClCompile Include="$(XmakeProjectDir)\RE-UE4SS\deps\first\Unreal\src\FOutputDevice.cpp">
      <Filter>src</Filter>
    </ClCompile>
    <ClCompile Include="$(XmakeProjectDir)\RE-UE4SS\deps\first\Unreal\src\FProperty.cpp">
      <Filter>src</Filter>
    </ClCompile>
    <ClCompile Include="$(XmakeProjectDir)\RE-UE4SS\deps\first\Unreal\src\FString.cpp">
      <Filter>src</Filter>
    </ClCompile>
    <ClCompile Include="$(XmakeProjectDir)\RE-UE4SS\deps\first\Unreal\src\FText.cpp">
      <Filter>src</Filter>
    </ClCompile>
    <ClCompile Include="$(XmakeProjectDir)\RE-UE4SS\deps\first\Unreal\src\FWeakObjectPtr.cpp">
      <Filter>src</Filter>
    </ClCompile>
    <ClCompile Include="$(XmakeProjectDir)\RE-UE4SS\deps\first\Unreal\src\FWorldContext.cpp">
      <Filter>src</Filter>
    </ClCompile>
    <ClCompile Include="$(XmakeProjectDir)\RE-UE4SS\deps\first\Unreal\src\GameplayStatics.cpp">
      <Filter>src</Filter>
    </ClCompile>
    <ClCompile Include="$(XmakeProjectDir)\RE-UE4SS\deps\first\Unreal\src\Hooks.cpp">
      <Filter>src</Filter>
    </ClCompile>
    <ClCompile Include="$(XmakeProjectDir)\RE-UE4SS\deps\first\Unreal\src\ITextData.cpp">
      <Filter>src</Filter>
    </ClCompile>
    <ClCompile Include="$(XmakeProjectDir)\RE-UE4SS\deps\first\Unreal\src\NameTypes.cpp">
      <Filter>src</Filter>
    </ClCompile>
    <ClCompile Include="$(XmakeProjectDir)\RE-UE4SS\deps\first\Unreal\src\PackageName.cpp">
      <Filter>src</Filter>
    </ClCompile>
    <ClCompile Include="$(XmakeProjectDir)\RE-UE4SS\deps\first\Unreal\src\Property\FArrayProperty.cpp">
      <Filter>src\Property</Filter>
    </ClCompile>
    <ClCompile Include="$(XmakeProjectDir)\RE-UE4SS\deps\first\Unreal\src\Property\FBoolProperty.cpp">
      <Filter>src\Property</Filter>
    </ClCompile>
    <ClCompile Include="$(XmakeProjectDir)\RE-UE4SS\deps\first\Unreal\src\Property\FClassProperty.cpp">
      <Filter>src\Property</Filter>
    </ClCompile>
    <ClCompile Include="$(XmakeProjectDir)\RE-UE4SS\deps\first\Unreal\src\Property\FDelegateProperty.cpp">
      <Filter>src\Property</Filter>
    </ClCompile>
    <ClCompile Include="$(XmakeProjectDir)\RE-UE4SS\deps\first\Unreal\src\Property\FEnumProperty.cpp">
      <Filter>src\Property</Filter>
    </ClCompile>
    <ClCompile Include="$(XmakeProjectDir)\RE-UE4SS\deps\first\Unreal\src\Property\FFieldPathProperty.cpp">
      <Filter>src\Property</Filter>
    </ClCompile>
    <ClCompile Include="$(XmakeProjectDir)\RE-UE4SS\deps\first\Unreal\src\Property\FInterfaceProperty.cpp">
      <Filter>src\Property</Filter>
    </ClCompile>
    <ClCompile Include="$(XmakeProjectDir)\RE-UE4SS\deps\first\Unreal\src\Property\FLazyObjectProperty.cpp">
      <Filter>src\Property</Filter>
    </ClCompile>
    <ClCompile Include="$(XmakeProjectDir)\RE-UE4SS\deps\first\Unreal\src\Property\FMapProperty.cpp">
      <Filter>src\Property</Filter>
    </ClCompile>
    <ClCompile Include="$(XmakeProjectDir)\RE-UE4SS\deps\first\Unreal\src\Property\FMulticastDelegateProperty.cpp">
      <Filter>src\Property</Filter>
    </ClCompile>
    <ClCompile Include="$(XmakeProjectDir)\RE-UE4SS\deps\first\Unreal\src\Property\FMulticastInlineDelegateProperty.cpp">
      <Filter>src\Property</Filter>
    </ClCompile>
    <ClCompile Include="$(XmakeProjectDir)\RE-UE4SS\deps\first\Unreal\src\Property\FMulticastSparseDelegateProperty.cpp">
      <Filter>src\Property</Filter>
    </ClCompile>
    <ClCompile Include="$(XmakeProjectDir)\RE-UE4SS\deps\first\Unreal\src\Property\FNameProperty.cpp">
      <Filter>src\Property</Filter>
    </ClCompile>
    <ClCompile Include="$(XmakeProjectDir)\RE-UE4SS\deps\first\Unreal\src\Property\FNumericProperty.cpp">
      <Filter>src\Property</Filter>
    </ClCompile>
    <ClCompile Include="$(XmakeProjectDir)\RE-UE4SS\deps\first\Unreal\src\Property\FObjectProperty.cpp">
      <Filter>src\Property</Filter>
    </ClCompile>
    <ClCompile Include="$(XmakeProjectDir)\RE-UE4SS\deps\first\Unreal\src\Property\FOptionalProperty.cpp">
      <Filter>src\Property</Filter>
    </ClCompile>
    <ClCompile Include="$(XmakeProjectDir)\RE-UE4SS\deps\first\Unreal\src\Property\FSetProperty.cpp">
      <Filter>src\Property</Filter>
    </ClCompile>
    <ClCompile Include="$(XmakeProjectDir)\RE-UE4SS\deps\first\Unreal\src\Property\FSoftClassProperty.cpp">
      <Filter>src\Property</Filter>
    </ClCompile>
    <ClCompile Include="$(XmakeProjectDir)\RE-UE4SS\deps\first\Unreal\src\Property\FSoftObjectProperty.cpp">
      <Filter>src\Property</Filter>
    </ClCompile>
    <ClCompile Include="$(XmakeProjectDir)\RE-UE4SS\deps\first\Unreal\src\Property\FStrProperty.cpp">
      <Filter>src\Property</Filter>
    </ClCompile>
    <ClCompile Include="$(XmakeProjectDir)\RE-UE4SS\deps\first\Unreal\src\Property\FStructProperty.cpp">
      <Filter>src\Property</Filter>
    </ClCompile>
    <ClCompile Include="$(XmakeProjectDir)\RE-UE4SS\deps\first\Unreal\src\Property\FTextProperty.cpp">
      <Filter>src\Property</Filter>
    </ClCompile>
    <ClCompile Include="$(XmakeProjectDir)\RE-UE4SS\deps\first\Unreal\src\Property\FWeakObjectProperty.cpp">
      <Filter>src\Property</Filter>
    </ClCompile>
    <ClCompile Include="$(XmakeProjectDir)\RE-UE4SS\deps\first\Unreal\src\Property\NumericPropertyTypes.cpp">
      <Filter>src\Property</Filter>
    </ClCompile>
    <ClCompile Include="$(XmakeProjectDir)\RE-UE4SS\deps\first\Unreal\src\Quat.cpp">
      <Filter>src</Filter>
    </ClCompile>
    <ClCompile Include="$(XmakeProjectDir)\RE-UE4SS\deps\first\Unreal\src\ReflectedFunction.cpp">
      <Filter>src</Filter>
    </ClCompile>
    <ClCompile Include="$(XmakeProjectDir)\RE-UE4SS\deps\first\Unreal\src\Searcher\ObjectSearcher.cpp">
      <Filter>src\Searcher</Filter>
    </ClCompile>
    <ClCompile Include="$(XmakeProjectDir)\RE-UE4SS\deps\first\Unreal\src\Signatures.cpp">
      <Filter>src</Filter>
    </ClCompile>
    <ClCompile Include="$(XmakeProjectDir)\RE-UE4SS\deps\first\Unreal\src\TypeChecker.cpp">
      <Filter>src</Filter>
    </ClCompile>
    <ClCompile Include="$(XmakeProjectDir)\RE-UE4SS\deps\first\Unreal\src\UActorComponent.cpp">
      <Filter>src</Filter>
    </ClCompile>
    <ClCompile Include="$(XmakeProjectDir)\RE-UE4SS\deps\first\Unreal\src\UAssetRegistry.cpp">
      <Filter>src</Filter>
    </ClCompile>
    <ClCompile Include="$(XmakeProjectDir)\RE-UE4SS\deps\first\Unreal\src\UAssetRegistryHelpers.cpp">
      <Filter>src</Filter>
    </ClCompile>
    <ClCompile Include="$(XmakeProjectDir)\RE-UE4SS\deps\first\Unreal\src\UClass.cpp">
      <Filter>src</Filter>
    </ClCompile>
    <ClCompile Include="$(XmakeProjectDir)\RE-UE4SS\deps\first\Unreal\src\UEngine.cpp">
      <Filter>src</Filter>
    </ClCompile>
    <ClCompile Include="$(XmakeProjectDir)\RE-UE4SS\deps\first\Unreal\src\UEnum.cpp">
      <Filter>src</Filter>
    </ClCompile>
    <ClCompile Include="$(XmakeProjectDir)\RE-UE4SS\deps\first\Unreal\src\UField.cpp">
      <Filter>src</Filter>
    </ClCompile>
    <ClCompile Include="$(XmakeProjectDir)\RE-UE4SS\deps\first\Unreal\src\UFunction.cpp">
      <Filter>src</Filter>
    </ClCompile>
    <ClCompile Include="$(XmakeProjectDir)\RE-UE4SS\deps\first\Unreal\src\UFunctionStructs.cpp">
      <Filter>src</Filter>
    </ClCompile>
    <ClCompile Include="$(XmakeProjectDir)\RE-UE4SS\deps\first\Unreal\src\UGameViewportClient.cpp">
      <Filter>src</Filter>
    </ClCompile>
    <ClCompile Include="$(XmakeProjectDir)\RE-UE4SS\deps\first\Unreal\src\UInterface.cpp">
      <Filter>src</Filter>
    </ClCompile>
    <ClCompile Include="$(XmakeProjectDir)\RE-UE4SS\deps\first\Unreal\src\UKismetNodeHelperLibrary.cpp">
      <Filter>src</Filter>
    </ClCompile>
    <ClCompile Include="$(XmakeProjectDir)\RE-UE4SS\deps\first\Unreal\src\UKismetSystemLibrary.cpp">
      <Filter>src</Filter>
    </ClCompile>
    <ClCompile Include="$(XmakeProjectDir)\RE-UE4SS\deps\first\Unreal\src\ULocalPlayer.cpp">
      <Filter>src</Filter>
    </ClCompile>
    <ClCompile Include="$(XmakeProjectDir)\RE-UE4SS\deps\first\Unreal\src\UObject.cpp">
      <Filter>src</Filter>
    </ClCompile>
    <ClCompile Include="$(XmakeProjectDir)\RE-UE4SS\deps\first\Unreal\src\UObjectArray.cpp">
      <Filter>src</Filter>
    </ClCompile>
    <ClCompile Include="$(XmakeProjectDir)\RE-UE4SS\deps\first\Unreal\src\UObjectGlobals.cpp">
      <Filter>src</Filter>
    </ClCompile>
    <ClCompile Include="$(XmakeProjectDir)\RE-UE4SS\deps\first\Unreal\src\UPackage.cpp">
      <Filter>src</Filter>
    </ClCompile>
    <ClCompile Include="$(XmakeProjectDir)\RE-UE4SS\deps\first\Unreal\src\UPlayer.cpp">
      <Filter>src</Filter>
    </ClCompile>
    <ClCompile Include="$(XmakeProjectDir)\RE-UE4SS\deps\first\Unreal\src\UScriptStruct.cpp">
      <Filter>src</Filter>
    </ClCompile>
    <ClCompile Include="$(XmakeProjectDir)\RE-UE4SS\deps\first\Unreal\src\UStruct.cpp">
      <Filter>src</Filter>
    </ClCompile>
    <ClCompile Include="$(XmakeProjectDir)\RE-UE4SS\deps\first\Unreal\src\UnrealInitializer.cpp">
      <Filter>src</Filter>
    </ClCompile>
    <ClCompile Include="$(XmakeProjectDir)\RE-UE4SS\deps\first\Unreal\src\UnrealVersion.cpp">
      <Filter>src</Filter>
    </ClCompile>
    <ClCompile Include="$(XmakeProjectDir)\RE-UE4SS\deps\first\Unreal\src\VersionedContainer\Container.cpp">
      <Filter>src\VersionedContainer</Filter>
    </ClCompile>
    <ClCompile Include="$(XmakeProjectDir)\RE-UE4SS\deps\first\Unreal\src\VersionedContainer\Derived412.cpp">
      <Filter>src\VersionedContainer</Filter>
    </ClCompile>
    <ClCompile Include="$(XmakeProjectDir)\RE-UE4SS\deps\first\Unreal\src\VersionedContainer\Derived413.cpp">
      <Filter>src\VersionedContainer</Filter>
    </ClCompile>
    <ClCompile Include="$(XmakeProjectDir)\RE-UE4SS\deps\first\Unreal\src\VersionedContainer\Derived415.cpp">
      <Filter>src\VersionedContainer</Filter>
    </ClCompile>
    <ClCompile Include="$(XmakeProjectDir)\RE-UE4SS\deps\first\Unreal\src\VersionedContainer\Derived417.cpp">
      <Filter>src\VersionedContainer</Filter>
    </ClCompile>
    <ClCompile Include="$(XmakeProjectDir)\RE-UE4SS\deps\first\Unreal\src\VersionedContainer\Derived420.cpp">
      <Filter>src\VersionedContainer</Filter>
    </ClCompile>
    <ClCompile Include="$(XmakeProjectDir)\RE-UE4SS\deps\first\Unreal\src\VersionedContainer\Derived422.cpp">
      <Filter>src\VersionedContainer</Filter>
    </ClCompile>
    <ClCompile Include="$(XmakeProjectDir)\RE-UE4SS\deps\first\Unreal\src\VersionedContainer\Derived425.cpp">
      <Filter>src\VersionedContainer</Filter>
    </ClCompile>
    <ClCompile Include="$(XmakeProjectDir)\RE-UE4SS\deps\first\Unreal\src\VersionedContainer\Derived427.cpp">
      <Filter>src\VersionedContainer</Filter>
    </ClCompile>
    <ClCompile Include="$(XmakeProjectDir)\RE-UE4SS\deps\first\Unreal\src\VersionedContainer\Derived427_STATS.cpp">
      <Filter>src\VersionedContainer</Filter>
    </ClCompile>
    <ClCompile Include="$(XmakeProjectDir)\RE-UE4SS\deps\first\Unreal\src\VersionedContainer\Flags412.cpp">
      <Filter>src\VersionedContainer</Filter>
    </ClCompile>
    <ClCompile Include="$(XmakeProjectDir)\RE-UE4SS\deps\first\Unreal\src\VersionedContainer\Flags415.cpp">
      <Filter>src\VersionedContainer</Filter>
    </ClCompile>
    <ClCompile Include="$(XmakeProjectDir)\RE-UE4SS\deps\first\Unreal\src\VersionedContainer\Flags422.cpp">
      <Filter>src\VersionedContainer</Filter>
    </ClCompile>
    <ClCompile Include="$(XmakeProjectDir)\RE-UE4SS\deps\first\Unreal\src\VersionedContainer\Flags425.cpp">
      <Filter>src\VersionedContainer</Filter>
    </ClCompile>
    <ClCompile Include="$(XmakeProjectDir)\RE-UE4SS\deps\first\Unreal\src\VersionedContainer\UObject412.cpp">
      <Filter>src\VersionedContainer</Filter>
    </ClCompile>
    <ClCompile Include="$(XmakeProjectDir)\RE-UE4SS\deps\first\Unreal\src\VersionedContainer\UObject415.cpp">
      <Filter>src\VersionedContainer</Filter>
    </ClCompile>
    <ClCompile Include="$(XmakeProjectDir)\RE-UE4SS\deps\first\Unreal\src\VersionedContainer\UObject422.cpp">
      <Filter>src\VersionedContainer</Filter>
    </ClCompile>
    <ClCompile Include="$(XmakeProjectDir)\RE-UE4SS\deps\first\Unreal\src\VersionedContainer\UObject425.cpp">
      <Filter>src\VersionedContainer</Filter>
    </ClCompile>
    <ClCompile Include="$(XmakeProjectDir)\RE-UE4SS\deps\first\Unreal\src\VersionedContainer\UObjectBaseVC.cpp">
      <Filter>src\VersionedContainer</Filter>
    </ClCompile>
    <ClCompile Include="$(XmakeProjectDir)\RE-UE4SS\deps\first\Unreal\src\VersionedContainer\UnrealVirtualImpl\UnrealVirtual410.cpp">
      <Filter>src\VersionedContainer\UnrealVirtualImpl</Filter>
    </ClCompile>
    <ClCompile Include="$(XmakeProjectDir)\RE-UE4SS\deps\first\Unreal\src\VersionedContainer\UnrealVirtualImpl\UnrealVirtual411.cpp">
      <Filter>src\VersionedContainer\UnrealVirtualImpl</Filter>
    </ClCompile>
    <ClCompile Include="$(XmakeProjectDir)\RE-UE4SS\deps\first\Unreal\src\VersionedContainer\UnrealVirtualImpl\UnrealVirtual412.cpp">
      <Filter>src\VersionedContainer\UnrealVirtualImpl</Filter>
    </ClCompile>
    <ClCompile Include="$(XmakeProjectDir)\RE-UE4SS\deps\first\Unreal\src\VersionedContainer\UnrealVirtualImpl\UnrealVirtual413.cpp">
      <Filter>src\VersionedContainer\UnrealVirtualImpl</Filter>
    </ClCompile>
    <ClCompile Include="$(XmakeProjectDir)\RE-UE4SS\deps\first\Unreal\src\VersionedContainer\UnrealVirtualImpl\UnrealVirtual414.cpp">
      <Filter>src\VersionedContainer\UnrealVirtualImpl</Filter>
    </ClCompile>
    <ClCompile Include="$(XmakeProjectDir)\RE-UE4SS\deps\first\Unreal\src\VersionedContainer\UnrealVirtualImpl\UnrealVirtual415.cpp">
      <Filter>src\VersionedContainer\UnrealVirtualImpl</Filter>
    </ClCompile>
    <ClCompile Include="$(XmakeProjectDir)\RE-UE4SS\deps\first\Unreal\src\VersionedContainer\UnrealVirtualImpl\UnrealVirtual416.cpp">
      <Filter>src\VersionedContainer\UnrealVirtualImpl</Filter>
    </ClCompile>
    <ClCompile Include="$(XmakeProjectDir)\RE-UE4SS\deps\first\Unreal\src\VersionedContainer\UnrealVirtualImpl\UnrealVirtual417.cpp">
      <Filter>src\VersionedContainer\UnrealVirtualImpl</Filter>
    </ClCompile>
    <ClCompile Include="$(XmakeProjectDir)\RE-UE4SS\deps\first\Unreal\src\VersionedContainer\UnrealVirtualImpl\UnrealVirtual418.cpp">
      <Filter>src\VersionedContainer\UnrealVirtualImpl</Filter>
    </ClCompile>
    <ClCompile Include="$(XmakeProjectDir)\RE-UE4SS\deps\first\Unreal\src\VersionedContainer\UnrealVirtualImpl\UnrealVirtual419.cpp">
      <Filter>src\VersionedContainer\UnrealVirtualImpl</Filter>
    </ClCompile>
    <ClCompile Include="$(XmakeProjectDir)\RE-UE4SS\deps\first\Unreal\src\VersionedContainer\UnrealVirtualImpl\UnrealVirtual420.cpp">
      <Filter>src\VersionedContainer\UnrealVirtualImpl</Filter>
    </ClCompile>
    <ClCompile Include="$(XmakeProjectDir)\RE-UE4SS\deps\first\Unreal\src\VersionedContainer\UnrealVirtualImpl\UnrealVirtual421.cpp">
      <Filter>src\VersionedContainer\UnrealVirtualImpl</Filter>
    </ClCompile>
    <ClCompile Include="$(XmakeProjectDir)\RE-UE4SS\deps\first\Unreal\src\VersionedContainer\UnrealVirtualImpl\UnrealVirtual422.cpp">
      <Filter>src\VersionedContainer\UnrealVirtualImpl</Filter>
    </ClCompile>
    <ClCompile Include="$(XmakeProjectDir)\RE-UE4SS\deps\first\Unreal\src\VersionedContainer\UnrealVirtualImpl\UnrealVirtual423.cpp">
      <Filter>src\VersionedContainer\UnrealVirtualImpl</Filter>
    </ClCompile>
    <ClCompile Include="$(XmakeProjectDir)\RE-UE4SS\deps\first\Unreal\src\VersionedContainer\UnrealVirtualImpl\UnrealVirtual424.cpp">
      <Filter>src\VersionedContainer\UnrealVirtualImpl</Filter>
    </ClCompile>
    <ClCompile Include="$(XmakeProjectDir)\RE-UE4SS\deps\first\Unreal\src\VersionedContainer\UnrealVirtualImpl\UnrealVirtual425.cpp">
      <Filter>src\VersionedContainer\UnrealVirtualImpl</Filter>
    </ClCompile>
    <ClCompile Include="$(XmakeProjectDir)\RE-UE4SS\deps\first\Unreal\src\VersionedContainer\UnrealVirtualImpl\UnrealVirtual426.cpp">
      <Filter>src\VersionedContainer\UnrealVirtualImpl</Filter>
    </ClCompile>
    <ClCompile Include="$(XmakeProjectDir)\RE-UE4SS\deps\first\Unreal\src\VersionedContainer\UnrealVirtualImpl\UnrealVirtual427.cpp">
      <Filter>src\VersionedContainer\UnrealVirtualImpl</Filter>
    </ClCompile>
    <ClCompile Include="$(XmakeProjectDir)\RE-UE4SS\deps\first\Unreal\src\VersionedContainer\UnrealVirtualImpl\UnrealVirtual500.cpp">
      <Filter>src\VersionedContainer\UnrealVirtualImpl</Filter>
    </ClCompile>
    <ClCompile Include="$(XmakeProjectDir)\RE-UE4SS\deps\first\Unreal\src\VersionedContainer\UnrealVirtualImpl\UnrealVirtual501.cpp">
      <Filter>src\VersionedContainer\UnrealVirtualImpl</Filter>
    </ClCompile>
    <ClCompile Include="$(XmakeProjectDir)\RE-UE4SS\deps\first\Unreal\src\VersionedContainer\UnrealVirtualImpl\UnrealVirtual502.cpp">
      <Filter>src\VersionedContainer\UnrealVirtualImpl</Filter>
    </ClCompile>
    <ClCompile Include="$(XmakeProjectDir)\RE-UE4SS\deps\first\Unreal\src\VersionedContainer\UnrealVirtualImpl\UnrealVirtual503.cpp">
      <Filter>src\VersionedContainer\UnrealVirtualImpl</Filter>
    </ClCompile>
    <ClCompile Include="$(XmakeProjectDir)\RE-UE4SS\deps\first\Unreal\src\VersionedContainer\UnrealVirtualImpl\UnrealVirtual504.cpp">
      <Filter>src\VersionedContainer\UnrealVirtualImpl</Filter>
    </ClCompile>
    <ClCompile Include="$(XmakeProjectDir)\RE-UE4SS\deps\first\Unreal\src\VersionedContainer\UnrealVirtualImpl\UnrealVirtual505.cpp">
      <Filter>src\VersionedContainer\UnrealVirtualImpl</Filter>
    </ClCompile>
    <ClCompile Include="$(XmakeProjectDir)\RE-UE4SS\deps\first\Unreal\src\VirtualFunctionHelper.cpp">
      <Filter>src</Filter>
    </ClCompile>
    <ClCompile Include="$(XmakeProjectDir)\RE-UE4SS\deps\first\Unreal\src\World.cpp">
      <Filter>src</Filter>
    </ClCompile>



  </ItemGroup>
  <ItemGroup>

  </ItemGroup>
  <ItemGroup>




  </ItemGroup>
  <Import Condition="Exists('$(MSBuildThisFileDirectory)\Xmake.Custom.files.filters')"
    Project="$(MSBuildThisFileDirectory)\Xmake.Custom.files.filters" />
</Project>
