
Microsoft Visual Studio Solution File, Format Version 12.00
# Visual Studio Version 17
Project("{2150E333-8FDC-42A3-9474-1A3956D46DE8}") = "CMakePredefinedTargets", "CMakePredefinedTargets", "{92BFB830-22A4-3946-BA58-18B25D98E60D}"
EndProject
Project("{8BC9CEB8-8B4A-11D0-8D11-00A0C91BC942}") = "ALL_BUILD", "ALL_BUILD.vcxproj", "{497B2960-1189-3794-8C93-A23D37AA55D4}"
	ProjectSection(ProjectDependencies) = postProject
		{564DA5ED-349A-332C-A86E-2964A87E389E} = {564DA5ED-349A-332C-A86E-2964A87E389E}
		{D71CA344-EFBA-35EC-9455-F93B80B720E8} = {D71CA344-EFBA-35EC-9455-F93B80B720E8}
		{9670C09F-371E-3DE1-B613-D43FE8964CAB} = {9670C09F-371E-3DE1-B613-D43FE8964CAB}
		{08248479-DFD6-33F0-88C9-3503F0BB1FAD} = {08248479-DFD6-33F0-88C9-3503F0BB1FAD}
	EndProjectSection
EndProject
Project("{8BC9CEB8-8B4A-11D0-8D11-00A0C91BC942}") = "INSTALL", "INSTALL.vcxproj", "{0EAF0C0D-D1DD-3348-90FE-320CE4CCA561}"
	ProjectSection(ProjectDependencies) = postProject
		{497B2960-1189-3794-8C93-A23D37AA55D4} = {497B2960-1189-3794-8C93-A23D37AA55D4}
		{D71CA344-EFBA-35EC-9455-F93B80B720E8} = {D71CA344-EFBA-35EC-9455-F93B80B720E8}
	EndProjectSection
EndProject
Project("{8BC9CEB8-8B4A-11D0-8D11-00A0C91BC942}") = "PolyHook_2", "_deps\polyhook2-build\PolyHook_2.vcxproj", "{564DA5ED-349A-332C-A86E-2964A87E389E}"
	ProjectSection(ProjectDependencies) = postProject
		{D71CA344-EFBA-35EC-9455-F93B80B720E8} = {D71CA344-EFBA-35EC-9455-F93B80B720E8}
		{9670C09F-371E-3DE1-B613-D43FE8964CAB} = {9670C09F-371E-3DE1-B613-D43FE8964CAB}
		{08248479-DFD6-33F0-88C9-3503F0BB1FAD} = {08248479-DFD6-33F0-88C9-3503F0BB1FAD}
	EndProjectSection
EndProject
Project("{8BC9CEB8-8B4A-11D0-8D11-00A0C91BC942}") = "ZERO_CHECK", "ZERO_CHECK.vcxproj", "{D71CA344-EFBA-35EC-9455-F93B80B720E8}"
	ProjectSection(ProjectDependencies) = postProject
	EndProjectSection
EndProject
Project("{8BC9CEB8-8B4A-11D0-8D11-00A0C91BC942}") = "asmjit", "_deps\polyhook2-build\asmtk\asmjit.vcxproj", "{9670C09F-371E-3DE1-B613-D43FE8964CAB}"
	ProjectSection(ProjectDependencies) = postProject
		{D71CA344-EFBA-35EC-9455-F93B80B720E8} = {D71CA344-EFBA-35EC-9455-F93B80B720E8}
	EndProjectSection
EndProject
Project("{8BC9CEB8-8B4A-11D0-8D11-00A0C91BC942}") = "asmtk", "_deps\polyhook2-build\asmtk\asmtk.vcxproj", "{08248479-DFD6-33F0-88C9-3503F0BB1FAD}"
	ProjectSection(ProjectDependencies) = postProject
		{D71CA344-EFBA-35EC-9455-F93B80B720E8} = {D71CA344-EFBA-35EC-9455-F93B80B720E8}
		{9670C09F-371E-3DE1-B613-D43FE8964CAB} = {9670C09F-371E-3DE1-B613-D43FE8964CAB}
	EndProjectSection
EndProject
Global
	GlobalSection(SolutionConfigurationPlatforms) = preSolution
		Debug|x64 = Debug|x64
		Release|x64 = Release|x64
		MinSizeRel|x64 = MinSizeRel|x64
		RelWithDebInfo|x64 = RelWithDebInfo|x64
	EndGlobalSection
	GlobalSection(ProjectConfigurationPlatforms) = postSolution
		{497B2960-1189-3794-8C93-A23D37AA55D4}.Debug|x64.ActiveCfg = Debug|x64
		{497B2960-1189-3794-8C93-A23D37AA55D4}.Debug|x64.Build.0 = Debug|x64
		{497B2960-1189-3794-8C93-A23D37AA55D4}.Release|x64.ActiveCfg = Release|x64
		{497B2960-1189-3794-8C93-A23D37AA55D4}.Release|x64.Build.0 = Release|x64
		{497B2960-1189-3794-8C93-A23D37AA55D4}.MinSizeRel|x64.ActiveCfg = MinSizeRel|x64
		{497B2960-1189-3794-8C93-A23D37AA55D4}.MinSizeRel|x64.Build.0 = MinSizeRel|x64
		{497B2960-1189-3794-8C93-A23D37AA55D4}.RelWithDebInfo|x64.ActiveCfg = RelWithDebInfo|x64
		{497B2960-1189-3794-8C93-A23D37AA55D4}.RelWithDebInfo|x64.Build.0 = RelWithDebInfo|x64
		{0EAF0C0D-D1DD-3348-90FE-320CE4CCA561}.Debug|x64.ActiveCfg = Debug|x64
		{0EAF0C0D-D1DD-3348-90FE-320CE4CCA561}.Release|x64.ActiveCfg = Release|x64
		{0EAF0C0D-D1DD-3348-90FE-320CE4CCA561}.MinSizeRel|x64.ActiveCfg = MinSizeRel|x64
		{0EAF0C0D-D1DD-3348-90FE-320CE4CCA561}.RelWithDebInfo|x64.ActiveCfg = RelWithDebInfo|x64
		{564DA5ED-349A-332C-A86E-2964A87E389E}.Debug|x64.ActiveCfg = Debug|x64
		{564DA5ED-349A-332C-A86E-2964A87E389E}.Debug|x64.Build.0 = Debug|x64
		{564DA5ED-349A-332C-A86E-2964A87E389E}.Release|x64.ActiveCfg = Release|x64
		{564DA5ED-349A-332C-A86E-2964A87E389E}.Release|x64.Build.0 = Release|x64
		{564DA5ED-349A-332C-A86E-2964A87E389E}.MinSizeRel|x64.ActiveCfg = MinSizeRel|x64
		{564DA5ED-349A-332C-A86E-2964A87E389E}.MinSizeRel|x64.Build.0 = MinSizeRel|x64
		{564DA5ED-349A-332C-A86E-2964A87E389E}.RelWithDebInfo|x64.ActiveCfg = RelWithDebInfo|x64
		{564DA5ED-349A-332C-A86E-2964A87E389E}.RelWithDebInfo|x64.Build.0 = RelWithDebInfo|x64
		{D71CA344-EFBA-35EC-9455-F93B80B720E8}.Debug|x64.ActiveCfg = Debug|x64
		{D71CA344-EFBA-35EC-9455-F93B80B720E8}.Debug|x64.Build.0 = Debug|x64
		{D71CA344-EFBA-35EC-9455-F93B80B720E8}.Release|x64.ActiveCfg = Release|x64
		{D71CA344-EFBA-35EC-9455-F93B80B720E8}.Release|x64.Build.0 = Release|x64
		{D71CA344-EFBA-35EC-9455-F93B80B720E8}.MinSizeRel|x64.ActiveCfg = MinSizeRel|x64
		{D71CA344-EFBA-35EC-9455-F93B80B720E8}.MinSizeRel|x64.Build.0 = MinSizeRel|x64
		{D71CA344-EFBA-35EC-9455-F93B80B720E8}.RelWithDebInfo|x64.ActiveCfg = RelWithDebInfo|x64
		{D71CA344-EFBA-35EC-9455-F93B80B720E8}.RelWithDebInfo|x64.Build.0 = RelWithDebInfo|x64
		{9670C09F-371E-3DE1-B613-D43FE8964CAB}.Debug|x64.ActiveCfg = Debug|x64
		{9670C09F-371E-3DE1-B613-D43FE8964CAB}.Debug|x64.Build.0 = Debug|x64
		{9670C09F-371E-3DE1-B613-D43FE8964CAB}.Release|x64.ActiveCfg = Release|x64
		{9670C09F-371E-3DE1-B613-D43FE8964CAB}.Release|x64.Build.0 = Release|x64
		{9670C09F-371E-3DE1-B613-D43FE8964CAB}.MinSizeRel|x64.ActiveCfg = MinSizeRel|x64
		{9670C09F-371E-3DE1-B613-D43FE8964CAB}.MinSizeRel|x64.Build.0 = MinSizeRel|x64
		{9670C09F-371E-3DE1-B613-D43FE8964CAB}.RelWithDebInfo|x64.ActiveCfg = RelWithDebInfo|x64
		{9670C09F-371E-3DE1-B613-D43FE8964CAB}.RelWithDebInfo|x64.Build.0 = RelWithDebInfo|x64
		{08248479-DFD6-33F0-88C9-3503F0BB1FAD}.Debug|x64.ActiveCfg = Debug|x64
		{08248479-DFD6-33F0-88C9-3503F0BB1FAD}.Debug|x64.Build.0 = Debug|x64
		{08248479-DFD6-33F0-88C9-3503F0BB1FAD}.Release|x64.ActiveCfg = Release|x64
		{08248479-DFD6-33F0-88C9-3503F0BB1FAD}.Release|x64.Build.0 = Release|x64
		{08248479-DFD6-33F0-88C9-3503F0BB1FAD}.MinSizeRel|x64.ActiveCfg = MinSizeRel|x64
		{08248479-DFD6-33F0-88C9-3503F0BB1FAD}.MinSizeRel|x64.Build.0 = MinSizeRel|x64
		{08248479-DFD6-33F0-88C9-3503F0BB1FAD}.RelWithDebInfo|x64.ActiveCfg = RelWithDebInfo|x64
		{08248479-DFD6-33F0-88C9-3503F0BB1FAD}.RelWithDebInfo|x64.Build.0 = RelWithDebInfo|x64
	EndGlobalSection
	GlobalSection(NestedProjects) = preSolution
		{497B2960-1189-3794-8C93-A23D37AA55D4} = {92BFB830-22A4-3946-BA58-18B25D98E60D}
		{0EAF0C0D-D1DD-3348-90FE-320CE4CCA561} = {92BFB830-22A4-3946-BA58-18B25D98E60D}
		{D71CA344-EFBA-35EC-9455-F93B80B720E8} = {92BFB830-22A4-3946-BA58-18B25D98E60D}
	EndGlobalSection
	GlobalSection(ExtensibilityGlobals) = postSolution
		SolutionGuid = {CAA72C4F-C551-32DE-9910-A3190A0D3658}
	EndGlobalSection
	GlobalSection(ExtensibilityAddIns) = postSolution
	EndGlobalSection
EndGlobal
