<?xml version="1.0" encoding="utf-8"?>
<!--
xmake version 2.9.7+master.540d496f5

  This file is auto generated by xmake.

  Please DO NOT EDIT since all your modification will lost after re-generation.
  See https://github.com/xmake-io/xmake/pull/472 for more infomation.
-->
<Project ToolsVersion="4.0" xmlns="http://schemas.microsoft.com/developer/msbuild/2003">
  <ItemGroup>
    <Filter Include="Properties">
      <UniqueIdentifier>{CC7C6180-942D-056E-3227-E6A2B3FB19CD}</UniqueIdentifier>
    </Filter>
    <Filter Include="..">
      <UniqueIdentifier>{8E361016-0635-41C8-85BF-79EC268BD6C0}</UniqueIdentifier>
    </Filter>
    <Filter Include="..\Intermediates">
      <UniqueIdentifier>{4B2F0C5E-0411-4FB0-BA32-9B433857A992}</UniqueIdentifier>
    </Filter>
    <Filter Include="..\Intermediates\.gens">
      <UniqueIdentifier>{23585C37-0C22-4E48-8B2E-0A3770C9C60D}</UniqueIdentifier>
    </Filter>
    <Filter Include="..\Intermediates\.gens\proxy_generator">
      <UniqueIdentifier>{02A51001-3560-4192-A88B-FA7681D31B5F}</UniqueIdentifier>
    </Filter>
    <Filter Include="..\Intermediates\.gens\proxy_generator\windows">
      <UniqueIdentifier>{1A4275ED-8EA7-4104-9C8D-E40B707A61F2}</UniqueIdentifier>
    </Filter>
    <Filter Include="..\Intermediates\.gens\proxy_generator\windows\x64">
      <UniqueIdentifier>{3B9971F2-CE3E-45F3-9DD8-88FCA7EF5769}</UniqueIdentifier>
    </Filter>
    <Filter Include="..\Intermediates\.gens\proxy_generator\windows\x64\Game__Shipping__Win64">
      <UniqueIdentifier>{BAAFE8D7-EA06-4C72-812E-DE2B7DF0FB4F}</UniqueIdentifier>
    </Filter>

  </ItemGroup>
  <ItemGroup>
    <None Include="$(MSBuildProjectDirectory)\Xmake.Custom.props">
      <Filter>Properties</Filter>
    </None>
    <None Include="$(MSBuildProjectDirectory)\Xmake.Custom.targets">
      <Filter>Properties</Filter>
    </None>
    <None Include="$(MSBuildProjectDirectory)\Xmake.Custom.items">
      <Filter>Properties</Filter>
    </None>
    <None Include="$(MSBuildProjectDirectory)\Xmake.Custom.items.filters">
      <Filter>Properties</Filter>
    </None>
    <None Include="$(XmakeScriptDir)\xmake.lua">
      <Filter>Properties</Filter>
    </None>
  </ItemGroup>
  <ItemGroup>


  </ItemGroup>
  <ItemGroup>

    <ClCompile Include="$(XmakeProjectDir)\Intermediates\.gens\proxy_generator\windows\x64\Game__Shipping__Win64\dllmain.cpp">
      <Filter>..\Intermediates\.gens\proxy_generator\windows\x64\Game__Shipping__Win64</Filter>
    </ClCompile>



  </ItemGroup>
  <ItemGroup>

  </ItemGroup>
  <ItemGroup>
    <ResourceCompile Include="$(XmakeProjectDir)\RE-UE4SS\UE4SS\proxy_generator\proxy\proxy.rc">
      <Filter><!-- nil --></Filter>
    </ResourceCompile>




  </ItemGroup>
  <Import Condition="Exists('$(MSBuildThisFileDirectory)\Xmake.Custom.files.filters')"
    Project="$(MSBuildThisFileDirectory)\Xmake.Custom.files.filters" />
</Project>
