<?xml version="1.0" encoding="utf-8"?>
<!--
xmake version 2.9.7+master.540d496f5

  This file is auto generated by xmake.

  Please DO NOT EDIT since all your modification will lost after re-generation.
  See https://github.com/xmake-io/xmake/pull/472 for more infomation.
-->
<Project ToolsVersion="4.0" xmlns="http://schemas.microsoft.com/developer/msbuild/2003">
  <ItemGroup>
    <Filter Include="Properties">
      <UniqueIdentifier>{CC7C6180-942D-056E-3227-E6A2B3FB19CD}</UniqueIdentifier>
    </Filter>
    <Filter Include="include">
      <UniqueIdentifier>{04CCF0D3-2EF0-416E-960B-AE7879D46B6B}</UniqueIdentifier>
    </Filter>
    <Filter Include="include\Constructs">
      <UniqueIdentifier>{8A190507-B9D3-43B9-B528-620503947A3C}</UniqueIdentifier>
    </Filter>
    <Filter Include="include\Constructs\Views">
      <UniqueIdentifier>{A2FB8AFB-3798-4A35-AFA7-4E2A188A47DE}</UniqueIdentifier>
    </Filter>

  </ItemGroup>
  <ItemGroup>
    <None Include="$(MSBuildProjectDirectory)\Xmake.Custom.props">
      <Filter>Properties</Filter>
    </None>
    <None Include="$(MSBuildProjectDirectory)\Xmake.Custom.targets">
      <Filter>Properties</Filter>
    </None>
    <None Include="$(MSBuildProjectDirectory)\Xmake.Custom.items">
      <Filter>Properties</Filter>
    </None>
    <None Include="$(MSBuildProjectDirectory)\Xmake.Custom.items.filters">
      <Filter>Properties</Filter>
    </None>
    <None Include="$(XmakeScriptDir)\xmake.lua">
      <Filter>Properties</Filter>
    </None>
  </ItemGroup>
  <ItemGroup>
    <ClInclude Include="$(XmakeProjectDir)\RE-UE4SS\deps\first\Constructs\include\Constructs\Annotated.hpp">
      <Filter>include\Constructs</Filter>
    </ClInclude>
    <ClInclude Include="$(XmakeProjectDir)\RE-UE4SS\deps\first\Constructs\include\Constructs\CompileTimeString.hpp">
      <Filter>include\Constructs</Filter>
    </ClInclude>
    <ClInclude Include="$(XmakeProjectDir)\RE-UE4SS\deps\first\Constructs\include\Constructs\Generator.hpp">
      <Filter>include\Constructs</Filter>
    </ClInclude>
    <ClInclude Include="$(XmakeProjectDir)\RE-UE4SS\deps\first\Constructs\include\Constructs\Loop.hpp">
      <Filter>include\Constructs</Filter>
    </ClInclude>
    <ClInclude Include="$(XmakeProjectDir)\RE-UE4SS\deps\first\Constructs\include\Constructs\Views\EnumerateView.hpp">
      <Filter>include\Constructs\Views</Filter>
    </ClInclude>


  </ItemGroup>
  <ItemGroup>




  </ItemGroup>
  <ItemGroup>

  </ItemGroup>
  <ItemGroup>




  </ItemGroup>
  <Import Condition="Exists('$(MSBuildThisFileDirectory)\Xmake.Custom.files.filters')"
    Project="$(MSBuildThisFileDirectory)\Xmake.Custom.files.filters" />
</Project>
