<?xml version="1.0" encoding="utf-8"?>
<!--
xmake version 2.9.7+master.540d496f5

  This file is auto generated by xmake.

  Please DO NOT EDIT since all your modification will lost after re-generation.
  See https://github.com/xmake-io/xmake/pull/472 for more infomation.
-->
<Project ToolsVersion="4.0" xmlns="http://schemas.microsoft.com/developer/msbuild/2003">
  <ItemGroup>
    <Filter Include="Properties">
      <UniqueIdentifier>{CC7C6180-942D-056E-3227-E6A2B3FB19CD}</UniqueIdentifier>
    </Filter>
    <Filter Include="generated_include">
      <UniqueIdentifier>{B97FE16B-84E1-45D4-B958-36454C00BA20}</UniqueIdentifier>
    </Filter>
    <Filter Include="include">
      <UniqueIdentifier>{04CCF0D3-2EF0-416E-960B-AE7879D46B6B}</UniqueIdentifier>
    </Filter>
    <Filter Include="include\GUI">
      <UniqueIdentifier>{9B060B16-B751-4257-828D-38DCCEE4FB7D}</UniqueIdentifier>
    </Filter>
    <Filter Include="include\GUI\LiveView">
      <UniqueIdentifier>{868E57F3-8976-40B5-A56E-49289641A805}</UniqueIdentifier>
    </Filter>
    <Filter Include="include\GUI\LiveView\Filter">
      <UniqueIdentifier>{FBF8C3F8-39EB-4F44-B910-F4165E67136C}</UniqueIdentifier>
    </Filter>
    <Filter Include="include\LuaType">
      <UniqueIdentifier>{4B32D036-9962-4CA0-8F08-D0CADC9615AC}</UniqueIdentifier>
    </Filter>
    <Filter Include="include\Mod">
      <UniqueIdentifier>{E23552A8-E31A-4695-8FDF-14F614BBFF4A}</UniqueIdentifier>
    </Filter>
    <Filter Include="include\ObjectDumper">
      <UniqueIdentifier>{9910BE07-E9FD-46A5-9E17-5602CADB0CDC}</UniqueIdentifier>
    </Filter>
    <Filter Include="include\SDKGenerator">
      <UniqueIdentifier>{E3F3A429-ACE4-49DE-8681-2F06155FC421}</UniqueIdentifier>
    </Filter>
    <Filter Include="include\USMapGenerator">
      <UniqueIdentifier>{40F67203-6D7F-4589-9C26-7F62359939C7}</UniqueIdentifier>
    </Filter>
    <Filter Include="include\UnrealCustom">
      <UniqueIdentifier>{E1E1C5EC-C79F-46BF-BB9A-FE0605132F2A}</UniqueIdentifier>
    </Filter>
    <Filter Include="src">
      <UniqueIdentifier>{491FBF00-292E-479F-8C8F-7A2AC045023A}</UniqueIdentifier>
    </Filter>
    <Filter Include="src\GUI">
      <UniqueIdentifier>{5616F50E-8175-4C63-83C0-B531F55FC2CA}</UniqueIdentifier>
    </Filter>
    <Filter Include="src\LuaType">
      <UniqueIdentifier>{13D712AB-DB8F-42FB-96D7-99E3E32B1804}</UniqueIdentifier>
    </Filter>
    <Filter Include="src\Mod">
      <UniqueIdentifier>{5EBEEAB4-923F-4B91-82C7-7266A9D5A857}</UniqueIdentifier>
    </Filter>
    <Filter Include="src\ObjectDumper">
      <UniqueIdentifier>{AB153429-44C5-4F64-A055-C3988451773F}</UniqueIdentifier>
    </Filter>
    <Filter Include="src\SDKGenerator">
      <UniqueIdentifier>{8FD039F7-7ACE-4C17-B30D-EB3248C7C97D}</UniqueIdentifier>
    </Filter>
    <Filter Include="src\USMapGenerator">
      <UniqueIdentifier>{2321F867-C71D-4AD5-8569-8DDE07929E9F}</UniqueIdentifier>
    </Filter>
    <Filter Include="src\UnrealCustom">
      <UniqueIdentifier>{1D695D87-EC5E-47CD-BA95-1AB2FAA5B695}</UniqueIdentifier>
    </Filter>

  </ItemGroup>
  <ItemGroup>
    <None Include="$(MSBuildProjectDirectory)\Xmake.Custom.props">
      <Filter>Properties</Filter>
    </None>
    <None Include="$(MSBuildProjectDirectory)\Xmake.Custom.targets">
      <Filter>Properties</Filter>
    </None>
    <None Include="$(MSBuildProjectDirectory)\Xmake.Custom.items">
      <Filter>Properties</Filter>
    </None>
    <None Include="$(MSBuildProjectDirectory)\Xmake.Custom.items.filters">
      <Filter>Properties</Filter>
    </None>
    <None Include="$(XmakeScriptDir)\xmake.lua">
      <Filter>Properties</Filter>
    </None>
  </ItemGroup>
  <ItemGroup>
    <ClInclude Include="$(XmakeProjectDir)\RE-UE4SS\UE4SS\generated_include\MacroSetter.hpp">
      <Filter>generated_include</Filter>
    </ClInclude>
    <ClInclude Include="$(XmakeProjectDir)\RE-UE4SS\UE4SS\include\Common.hpp">
      <Filter>include</Filter>
    </ClInclude>
    <ClInclude Include="$(XmakeProjectDir)\RE-UE4SS\UE4SS\include\CrashDumper.hpp">
      <Filter>include</Filter>
    </ClInclude>
    <ClInclude Include="$(XmakeProjectDir)\RE-UE4SS\UE4SS\include\ExceptionHandling.hpp">
      <Filter>include</Filter>
    </ClInclude>
    <ClInclude Include="$(XmakeProjectDir)\RE-UE4SS\UE4SS\include\GUI\BPMods.hpp">
      <Filter>include\GUI</Filter>
    </ClInclude>
    <ClInclude Include="$(XmakeProjectDir)\RE-UE4SS\UE4SS\include\GUI\Console.hpp">
      <Filter>include\GUI</Filter>
    </ClInclude>
    <ClInclude Include="$(XmakeProjectDir)\RE-UE4SS\UE4SS\include\GUI\ConsoleOutputDevice.hpp">
      <Filter>include\GUI</Filter>
    </ClInclude>
    <ClInclude Include="$(XmakeProjectDir)\RE-UE4SS\UE4SS\include\GUI\DX11.hpp">
      <Filter>include\GUI</Filter>
    </ClInclude>
    <ClInclude Include="$(XmakeProjectDir)\RE-UE4SS\UE4SS\include\GUI\Dumpers.hpp">
      <Filter>include\GUI</Filter>
    </ClInclude>
    <ClInclude Include="$(XmakeProjectDir)\RE-UE4SS\UE4SS\include\GUI\GLFW3_OpenGL3.hpp">
      <Filter>include\GUI</Filter>
    </ClInclude>
    <ClInclude Include="$(XmakeProjectDir)\RE-UE4SS\UE4SS\include\GUI\GUI.hpp">
      <Filter>include\GUI</Filter>
    </ClInclude>
    <ClInclude Include="$(XmakeProjectDir)\RE-UE4SS\UE4SS\include\GUI\GUITab.hpp">
      <Filter>include\GUI</Filter>
    </ClInclude>
    <ClInclude Include="$(XmakeProjectDir)\RE-UE4SS\UE4SS\include\GUI\ImGuiUtility.hpp">
      <Filter>include\GUI</Filter>
    </ClInclude>
    <ClInclude Include="$(XmakeProjectDir)\RE-UE4SS\UE4SS\include\GUI\LiveView.hpp">
      <Filter>include\GUI</Filter>
    </ClInclude>
    <ClInclude Include="$(XmakeProjectDir)\RE-UE4SS\UE4SS\include\GUI\LiveView\Filter\ClassNamesFilter.hpp">
      <Filter>include\GUI\LiveView\Filter</Filter>
    </ClInclude>
    <ClInclude Include="$(XmakeProjectDir)\RE-UE4SS\UE4SS\include\GUI\LiveView\Filter\DefaultObjectsOnly.hpp">
      <Filter>include\GUI\LiveView\Filter</Filter>
    </ClInclude>
    <ClInclude Include="$(XmakeProjectDir)\RE-UE4SS\UE4SS\include\GUI\LiveView\Filter\FunctionParamFlags.hpp">
      <Filter>include\GUI\LiveView\Filter</Filter>
    </ClInclude>
    <ClInclude Include="$(XmakeProjectDir)\RE-UE4SS\UE4SS\include\GUI\LiveView\Filter\HasProperty.hpp">
      <Filter>include\GUI\LiveView\Filter</Filter>
    </ClInclude>
    <ClInclude Include="$(XmakeProjectDir)\RE-UE4SS\UE4SS\include\GUI\LiveView\Filter\HasPropertyType.hpp">
      <Filter>include\GUI\LiveView\Filter</Filter>
    </ClInclude>
    <ClInclude Include="$(XmakeProjectDir)\RE-UE4SS\UE4SS\include\GUI\LiveView\Filter\IncludeDefaultObjects.hpp">
      <Filter>include\GUI\LiveView\Filter</Filter>
    </ClInclude>
    <ClInclude Include="$(XmakeProjectDir)\RE-UE4SS\UE4SS\include\GUI\LiveView\Filter\InstancesOnly.hpp">
      <Filter>include\GUI\LiveView\Filter</Filter>
    </ClInclude>
    <ClInclude Include="$(XmakeProjectDir)\RE-UE4SS\UE4SS\include\GUI\LiveView\Filter\NonInstancesOnly.hpp">
      <Filter>include\GUI\LiveView\Filter</Filter>
    </ClInclude>
    <ClInclude Include="$(XmakeProjectDir)\RE-UE4SS\UE4SS\include\GUI\LiveView\Filter\SearchFilter.hpp">
      <Filter>include\GUI\LiveView\Filter</Filter>
    </ClInclude>
    <ClInclude Include="$(XmakeProjectDir)\RE-UE4SS\UE4SS\include\GUI\SearcherWidget.hpp">
      <Filter>include\GUI</Filter>
    </ClInclude>
    <ClInclude Include="$(XmakeProjectDir)\RE-UE4SS\UE4SS\include\GUI\UFunctionCallerWidget.hpp">
      <Filter>include\GUI</Filter>
    </ClInclude>
    <ClInclude Include="$(XmakeProjectDir)\RE-UE4SS\UE4SS\include\GUI\Windows.hpp">
      <Filter>include\GUI</Filter>
    </ClInclude>
    <ClInclude Include="$(XmakeProjectDir)\RE-UE4SS\UE4SS\include\LuaCustomMemberFunctions.hpp">
      <Filter>include</Filter>
    </ClInclude>
    <ClInclude Include="$(XmakeProjectDir)\RE-UE4SS\UE4SS\include\LuaLibrary.hpp">
      <Filter>include</Filter>
    </ClInclude>
    <ClInclude Include="$(XmakeProjectDir)\RE-UE4SS\UE4SS\include\LuaScriptMemoryAccess.hpp">
      <Filter>include</Filter>
    </ClInclude>
    <ClInclude Include="$(XmakeProjectDir)\RE-UE4SS\UE4SS\include\LuaTests.hpp">
      <Filter>include</Filter>
    </ClInclude>
    <ClInclude Include="$(XmakeProjectDir)\RE-UE4SS\UE4SS\include\LuaType\LuaAActor.hpp">
      <Filter>include\LuaType</Filter>
    </ClInclude>
    <ClInclude Include="$(XmakeProjectDir)\RE-UE4SS\UE4SS\include\LuaType\LuaCustomProperty.hpp">
      <Filter>include\LuaType</Filter>
    </ClInclude>
    <ClInclude Include="$(XmakeProjectDir)\RE-UE4SS\UE4SS\include\LuaType\LuaFName.hpp">
      <Filter>include\LuaType</Filter>
    </ClInclude>
    <ClInclude Include="$(XmakeProjectDir)\RE-UE4SS\UE4SS\include\LuaType\LuaFOutputDevice.hpp">
      <Filter>include\LuaType</Filter>
    </ClInclude>
    <ClInclude Include="$(XmakeProjectDir)\RE-UE4SS\UE4SS\include\LuaType\LuaFSoftObjectPath.hpp">
      <Filter>include\LuaType</Filter>
    </ClInclude>
    <ClInclude Include="$(XmakeProjectDir)\RE-UE4SS\UE4SS\include\LuaType\LuaFString.hpp">
      <Filter>include\LuaType</Filter>
    </ClInclude>
    <ClInclude Include="$(XmakeProjectDir)\RE-UE4SS\UE4SS\include\LuaType\LuaFText.hpp">
      <Filter>include\LuaType</Filter>
    </ClInclude>
    <ClInclude Include="$(XmakeProjectDir)\RE-UE4SS\UE4SS\include\LuaType\LuaFURL.hpp">
      <Filter>include\LuaType</Filter>
    </ClInclude>
    <ClInclude Include="$(XmakeProjectDir)\RE-UE4SS\UE4SS\include\LuaType\LuaFWeakObjectPtr.hpp">
      <Filter>include\LuaType</Filter>
    </ClInclude>
    <ClInclude Include="$(XmakeProjectDir)\RE-UE4SS\UE4SS\include\LuaType\LuaModRef.hpp">
      <Filter>include\LuaType</Filter>
    </ClInclude>
    <ClInclude Include="$(XmakeProjectDir)\RE-UE4SS\UE4SS\include\LuaType\LuaTArray.hpp">
      <Filter>include\LuaType</Filter>
    </ClInclude>
    <ClInclude Include="$(XmakeProjectDir)\RE-UE4SS\UE4SS\include\LuaType\LuaTSoftClassPtr.hpp">
      <Filter>include\LuaType</Filter>
    </ClInclude>
    <ClInclude Include="$(XmakeProjectDir)\RE-UE4SS\UE4SS\include\LuaType\LuaUClass.hpp">
      <Filter>include\LuaType</Filter>
    </ClInclude>
    <ClInclude Include="$(XmakeProjectDir)\RE-UE4SS\UE4SS\include\LuaType\LuaUEnum.hpp">
      <Filter>include\LuaType</Filter>
    </ClInclude>
    <ClInclude Include="$(XmakeProjectDir)\RE-UE4SS\UE4SS\include\LuaType\LuaUFunction.hpp">
      <Filter>include\LuaType</Filter>
    </ClInclude>
    <ClInclude Include="$(XmakeProjectDir)\RE-UE4SS\UE4SS\include\LuaType\LuaUInterface.hpp">
      <Filter>include\LuaType</Filter>
    </ClInclude>
    <ClInclude Include="$(XmakeProjectDir)\RE-UE4SS\UE4SS\include\LuaType\LuaUObject.hpp">
      <Filter>include\LuaType</Filter>
    </ClInclude>
    <ClInclude Include="$(XmakeProjectDir)\RE-UE4SS\UE4SS\include\LuaType\LuaUScriptStruct.hpp">
      <Filter>include\LuaType</Filter>
    </ClInclude>
    <ClInclude Include="$(XmakeProjectDir)\RE-UE4SS\UE4SS\include\LuaType\LuaUStruct.hpp">
      <Filter>include\LuaType</Filter>
    </ClInclude>
    <ClInclude Include="$(XmakeProjectDir)\RE-UE4SS\UE4SS\include\LuaType\LuaUWorld.hpp">
      <Filter>include\LuaType</Filter>
    </ClInclude>
    <ClInclude Include="$(XmakeProjectDir)\RE-UE4SS\UE4SS\include\LuaType\LuaXArrayProperty.hpp">
      <Filter>include\LuaType</Filter>
    </ClInclude>
    <ClInclude Include="$(XmakeProjectDir)\RE-UE4SS\UE4SS\include\LuaType\LuaXBoolProperty.hpp">
      <Filter>include\LuaType</Filter>
    </ClInclude>
    <ClInclude Include="$(XmakeProjectDir)\RE-UE4SS\UE4SS\include\LuaType\LuaXEnumProperty.hpp">
      <Filter>include\LuaType</Filter>
    </ClInclude>
    <ClInclude Include="$(XmakeProjectDir)\RE-UE4SS\UE4SS\include\LuaType\LuaXFieldClass.hpp">
      <Filter>include\LuaType</Filter>
    </ClInclude>
    <ClInclude Include="$(XmakeProjectDir)\RE-UE4SS\UE4SS\include\LuaType\LuaXInterfaceProperty.hpp">
      <Filter>include\LuaType</Filter>
    </ClInclude>
    <ClInclude Include="$(XmakeProjectDir)\RE-UE4SS\UE4SS\include\LuaType\LuaXObjectProperty.hpp">
      <Filter>include\LuaType</Filter>
    </ClInclude>
    <ClInclude Include="$(XmakeProjectDir)\RE-UE4SS\UE4SS\include\LuaType\LuaXProperty.hpp">
      <Filter>include\LuaType</Filter>
    </ClInclude>
    <ClInclude Include="$(XmakeProjectDir)\RE-UE4SS\UE4SS\include\LuaType\LuaXStructProperty.hpp">
      <Filter>include\LuaType</Filter>
    </ClInclude>
    <ClInclude Include="$(XmakeProjectDir)\RE-UE4SS\UE4SS\include\Mod\CppMod.hpp">
      <Filter>include\Mod</Filter>
    </ClInclude>
    <ClInclude Include="$(XmakeProjectDir)\RE-UE4SS\UE4SS\include\Mod\CppUserModBase.hpp">
      <Filter>include\Mod</Filter>
    </ClInclude>
    <ClInclude Include="$(XmakeProjectDir)\RE-UE4SS\UE4SS\include\Mod\LuaMod.hpp">
      <Filter>include\Mod</Filter>
    </ClInclude>
    <ClInclude Include="$(XmakeProjectDir)\RE-UE4SS\UE4SS\include\Mod\Mod.hpp">
      <Filter>include\Mod</Filter>
    </ClInclude>
    <ClInclude Include="$(XmakeProjectDir)\RE-UE4SS\UE4SS\include\ObjectDumper\ObjectToString.hpp">
      <Filter>include\ObjectDumper</Filter>
    </ClInclude>
    <ClInclude Include="$(XmakeProjectDir)\RE-UE4SS\UE4SS\include\SDKGenerator\Common.hpp">
      <Filter>include\SDKGenerator</Filter>
    </ClInclude>
    <ClInclude Include="$(XmakeProjectDir)\RE-UE4SS\UE4SS\include\SDKGenerator\Generator.hpp">
      <Filter>include\SDKGenerator</Filter>
    </ClInclude>
    <ClInclude Include="$(XmakeProjectDir)\RE-UE4SS\UE4SS\include\SDKGenerator\JSONDumper.hpp">
      <Filter>include\SDKGenerator</Filter>
    </ClInclude>
    <ClInclude Include="$(XmakeProjectDir)\RE-UE4SS\UE4SS\include\SDKGenerator\TMapOverrideGen.hpp">
      <Filter>include\SDKGenerator</Filter>
    </ClInclude>
    <ClInclude Include="$(XmakeProjectDir)\RE-UE4SS\UE4SS\include\SDKGenerator\UEHeaderGenerator.hpp">
      <Filter>include\SDKGenerator</Filter>
    </ClInclude>
    <ClInclude Include="$(XmakeProjectDir)\RE-UE4SS\UE4SS\include\SettingsManager.hpp">
      <Filter>include</Filter>
    </ClInclude>
    <ClInclude Include="$(XmakeProjectDir)\RE-UE4SS\UE4SS\include\Signatures.hpp">
      <Filter>include</Filter>
    </ClInclude>
    <ClInclude Include="$(XmakeProjectDir)\RE-UE4SS\UE4SS\include\UE4SSProgram.hpp">
      <Filter>include</Filter>
    </ClInclude>
    <ClInclude Include="$(XmakeProjectDir)\RE-UE4SS\UE4SS\include\USMapGenerator\Generator.hpp">
      <Filter>include\USMapGenerator</Filter>
    </ClInclude>
    <ClInclude Include="$(XmakeProjectDir)\RE-UE4SS\UE4SS\include\UnrealCustom\CustomProperty.hpp">
      <Filter>include\UnrealCustom</Filter>
    </ClInclude>
    <ClInclude Include="$(XmakeProjectDir)\RE-UE4SS\UE4SS\include\UnrealDef.hpp">
      <Filter>include</Filter>
    </ClInclude>


  </ItemGroup>
  <ItemGroup>

    <ClCompile Include="$(XmakeProjectDir)\RE-UE4SS\UE4SS\src\CrashDumper.cpp">
      <Filter>src</Filter>
    </ClCompile>
    <ClCompile Include="$(XmakeProjectDir)\RE-UE4SS\UE4SS\src\GUI\BPMods.cpp">
      <Filter>src\GUI</Filter>
    </ClCompile>
    <ClCompile Include="$(XmakeProjectDir)\RE-UE4SS\UE4SS\src\GUI\Console.cpp">
      <Filter>src\GUI</Filter>
    </ClCompile>
    <ClCompile Include="$(XmakeProjectDir)\RE-UE4SS\UE4SS\src\GUI\ConsoleOutputDevice.cpp">
      <Filter>src\GUI</Filter>
    </ClCompile>
    <ClCompile Include="$(XmakeProjectDir)\RE-UE4SS\UE4SS\src\GUI\DX11.cpp">
      <Filter>src\GUI</Filter>
    </ClCompile>
    <ClCompile Include="$(XmakeProjectDir)\RE-UE4SS\UE4SS\src\GUI\Dumpers.cpp">
      <Filter>src\GUI</Filter>
    </ClCompile>
    <ClCompile Include="$(XmakeProjectDir)\RE-UE4SS\UE4SS\src\GUI\GLFW3_OpenGL3.cpp">
      <Filter>src\GUI</Filter>
    </ClCompile>
    <ClCompile Include="$(XmakeProjectDir)\RE-UE4SS\UE4SS\src\GUI\GUI.cpp">
      <Filter>src\GUI</Filter>
    </ClCompile>
    <ClCompile Include="$(XmakeProjectDir)\RE-UE4SS\UE4SS\src\GUI\GUITab.cpp">
      <Filter>src\GUI</Filter>
    </ClCompile>
    <ClCompile Include="$(XmakeProjectDir)\RE-UE4SS\UE4SS\src\GUI\ImGuiUtility.cpp">
      <Filter>src\GUI</Filter>
    </ClCompile>
    <ClCompile Include="$(XmakeProjectDir)\RE-UE4SS\UE4SS\src\GUI\LiveView.cpp">
      <Filter>src\GUI</Filter>
    </ClCompile>
    <ClCompile Include="$(XmakeProjectDir)\RE-UE4SS\UE4SS\src\GUI\SearcherWidget.cpp">
      <Filter>src\GUI</Filter>
    </ClCompile>
    <ClCompile Include="$(XmakeProjectDir)\RE-UE4SS\UE4SS\src\GUI\UFunctionCallerWidget.cpp">
      <Filter>src\GUI</Filter>
    </ClCompile>
    <ClCompile Include="$(XmakeProjectDir)\RE-UE4SS\UE4SS\src\GUI\Windows.cpp">
      <Filter>src\GUI</Filter>
    </ClCompile>
    <ClCompile Include="$(XmakeProjectDir)\RE-UE4SS\UE4SS\src\LuaLibrary.cpp">
      <Filter>src</Filter>
    </ClCompile>
    <ClCompile Include="$(XmakeProjectDir)\RE-UE4SS\UE4SS\src\LuaType\LuaAActor.cpp">
      <Filter>src\LuaType</Filter>
    </ClCompile>
    <ClCompile Include="$(XmakeProjectDir)\RE-UE4SS\UE4SS\src\LuaType\LuaCustomProperty.cpp">
      <Filter>src\LuaType</Filter>
    </ClCompile>
    <ClCompile Include="$(XmakeProjectDir)\RE-UE4SS\UE4SS\src\LuaType\LuaFName.cpp">
      <Filter>src\LuaType</Filter>
    </ClCompile>
    <ClCompile Include="$(XmakeProjectDir)\RE-UE4SS\UE4SS\src\LuaType\LuaFOutputDevice.cpp">
      <Filter>src\LuaType</Filter>
    </ClCompile>
    <ClCompile Include="$(XmakeProjectDir)\RE-UE4SS\UE4SS\src\LuaType\LuaFSoftObjectPath.cpp">
      <Filter>src\LuaType</Filter>
    </ClCompile>
    <ClCompile Include="$(XmakeProjectDir)\RE-UE4SS\UE4SS\src\LuaType\LuaFString.cpp">
      <Filter>src\LuaType</Filter>
    </ClCompile>
    <ClCompile Include="$(XmakeProjectDir)\RE-UE4SS\UE4SS\src\LuaType\LuaFText.cpp">
      <Filter>src\LuaType</Filter>
    </ClCompile>
    <ClCompile Include="$(XmakeProjectDir)\RE-UE4SS\UE4SS\src\LuaType\LuaFURL.cpp">
      <Filter>src\LuaType</Filter>
    </ClCompile>
    <ClCompile Include="$(XmakeProjectDir)\RE-UE4SS\UE4SS\src\LuaType\LuaFWeakObjectPtr.cpp">
      <Filter>src\LuaType</Filter>
    </ClCompile>
    <ClCompile Include="$(XmakeProjectDir)\RE-UE4SS\UE4SS\src\LuaType\LuaModRef.cpp">
      <Filter>src\LuaType</Filter>
    </ClCompile>
    <ClCompile Include="$(XmakeProjectDir)\RE-UE4SS\UE4SS\src\LuaType\LuaTArray.cpp">
      <Filter>src\LuaType</Filter>
    </ClCompile>
    <ClCompile Include="$(XmakeProjectDir)\RE-UE4SS\UE4SS\src\LuaType\LuaTSoftClassPtr.cpp">
      <Filter>src\LuaType</Filter>
    </ClCompile>
    <ClCompile Include="$(XmakeProjectDir)\RE-UE4SS\UE4SS\src\LuaType\LuaUClass.cpp">
      <Filter>src\LuaType</Filter>
    </ClCompile>
    <ClCompile Include="$(XmakeProjectDir)\RE-UE4SS\UE4SS\src\LuaType\LuaUEnum.cpp">
      <Filter>src\LuaType</Filter>
    </ClCompile>
    <ClCompile Include="$(XmakeProjectDir)\RE-UE4SS\UE4SS\src\LuaType\LuaUFunction.cpp">
      <Filter>src\LuaType</Filter>
    </ClCompile>
    <ClCompile Include="$(XmakeProjectDir)\RE-UE4SS\UE4SS\src\LuaType\LuaUInterface.cpp">
      <Filter>src\LuaType</Filter>
    </ClCompile>
    <ClCompile Include="$(XmakeProjectDir)\RE-UE4SS\UE4SS\src\LuaType\LuaUObject.cpp">
      <Filter>src\LuaType</Filter>
    </ClCompile>
    <ClCompile Include="$(XmakeProjectDir)\RE-UE4SS\UE4SS\src\LuaType\LuaUScriptStruct.cpp">
      <Filter>src\LuaType</Filter>
    </ClCompile>
    <ClCompile Include="$(XmakeProjectDir)\RE-UE4SS\UE4SS\src\LuaType\LuaUStruct.cpp">
      <Filter>src\LuaType</Filter>
    </ClCompile>
    <ClCompile Include="$(XmakeProjectDir)\RE-UE4SS\UE4SS\src\LuaType\LuaUWorld.cpp">
      <Filter>src\LuaType</Filter>
    </ClCompile>
    <ClCompile Include="$(XmakeProjectDir)\RE-UE4SS\UE4SS\src\LuaType\LuaXArrayProperty.cpp">
      <Filter>src\LuaType</Filter>
    </ClCompile>
    <ClCompile Include="$(XmakeProjectDir)\RE-UE4SS\UE4SS\src\LuaType\LuaXBoolProperty.cpp">
      <Filter>src\LuaType</Filter>
    </ClCompile>
    <ClCompile Include="$(XmakeProjectDir)\RE-UE4SS\UE4SS\src\LuaType\LuaXEnumProperty.cpp">
      <Filter>src\LuaType</Filter>
    </ClCompile>
    <ClCompile Include="$(XmakeProjectDir)\RE-UE4SS\UE4SS\src\LuaType\LuaXFieldClass.cpp">
      <Filter>src\LuaType</Filter>
    </ClCompile>
    <ClCompile Include="$(XmakeProjectDir)\RE-UE4SS\UE4SS\src\LuaType\LuaXInterfaceProperty.cpp">
      <Filter>src\LuaType</Filter>
    </ClCompile>
    <ClCompile Include="$(XmakeProjectDir)\RE-UE4SS\UE4SS\src\LuaType\LuaXObjectProperty.cpp">
      <Filter>src\LuaType</Filter>
    </ClCompile>
    <ClCompile Include="$(XmakeProjectDir)\RE-UE4SS\UE4SS\src\LuaType\LuaXProperty.cpp">
      <Filter>src\LuaType</Filter>
    </ClCompile>
    <ClCompile Include="$(XmakeProjectDir)\RE-UE4SS\UE4SS\src\LuaType\LuaXStructProperty.cpp">
      <Filter>src\LuaType</Filter>
    </ClCompile>
    <ClCompile Include="$(XmakeProjectDir)\RE-UE4SS\UE4SS\src\Mod\CppMod.cpp">
      <Filter>src\Mod</Filter>
    </ClCompile>
    <ClCompile Include="$(XmakeProjectDir)\RE-UE4SS\UE4SS\src\Mod\CppUserModBase.cpp">
      <Filter>src\Mod</Filter>
    </ClCompile>
    <ClCompile Include="$(XmakeProjectDir)\RE-UE4SS\UE4SS\src\Mod\LuaMod.cpp">
      <Filter>src\Mod</Filter>
    </ClCompile>
    <ClCompile Include="$(XmakeProjectDir)\RE-UE4SS\UE4SS\src\Mod\Mod.cpp">
      <Filter>src\Mod</Filter>
    </ClCompile>
    <ClCompile Include="$(XmakeProjectDir)\RE-UE4SS\UE4SS\src\ObjectDumper\ObjectToString.cpp">
      <Filter>src\ObjectDumper</Filter>
    </ClCompile>
    <ClCompile Include="$(XmakeProjectDir)\RE-UE4SS\UE4SS\src\SDKGenerator\Common.cpp">
      <Filter>src\SDKGenerator</Filter>
    </ClCompile>
    <ClCompile Include="$(XmakeProjectDir)\RE-UE4SS\UE4SS\src\SDKGenerator\Generator.cpp">
      <Filter>src\SDKGenerator</Filter>
    </ClCompile>
    <ClCompile Include="$(XmakeProjectDir)\RE-UE4SS\UE4SS\src\SDKGenerator\JSONDumper.cpp">
      <Filter>src\SDKGenerator</Filter>
    </ClCompile>
    <ClCompile Include="$(XmakeProjectDir)\RE-UE4SS\UE4SS\src\SDKGenerator\TMapOverrideGen.cpp">
      <Filter>src\SDKGenerator</Filter>
    </ClCompile>
    <ClCompile Include="$(XmakeProjectDir)\RE-UE4SS\UE4SS\src\SDKGenerator\UEHeaderGenerator.cpp">
      <Filter>src\SDKGenerator</Filter>
    </ClCompile>
    <ClCompile Include="$(XmakeProjectDir)\RE-UE4SS\UE4SS\src\SettingsManager.cpp">
      <Filter>src</Filter>
    </ClCompile>
    <ClCompile Include="$(XmakeProjectDir)\RE-UE4SS\UE4SS\src\Signatures.cpp">
      <Filter>src</Filter>
    </ClCompile>
    <ClCompile Include="$(XmakeProjectDir)\RE-UE4SS\UE4SS\src\UE4SSProgram.cpp">
      <Filter>src</Filter>
    </ClCompile>
    <ClCompile Include="$(XmakeProjectDir)\RE-UE4SS\UE4SS\src\USMapGenerator\Generator.cpp">
      <Filter>src\USMapGenerator</Filter>
    </ClCompile>
    <ClCompile Include="$(XmakeProjectDir)\RE-UE4SS\UE4SS\src\UnrealCustom\CustomProperty.cpp">
      <Filter>src\UnrealCustom</Filter>
    </ClCompile>
    <ClCompile Include="$(XmakeProjectDir)\RE-UE4SS\UE4SS\src\main_ue4ss_rewritten.cpp">
      <Filter>src</Filter>
    </ClCompile>



  </ItemGroup>
  <ItemGroup>

  </ItemGroup>
  <ItemGroup>




  </ItemGroup>
  <Import Condition="Exists('$(MSBuildThisFileDirectory)\Xmake.Custom.files.filters')"
    Project="$(MSBuildThisFileDirectory)\Xmake.Custom.files.filters" />
</Project>
