<?xml version="1.0" encoding="utf-8"?>
<!--
xmake version 2.9.7+master.540d496f5

  This file is auto generated by xmake.

  Please DO NOT EDIT since all your modification will lost after re-generation.
  See https://github.com/xmake-io/xmake/pull/472 for more infomation.
-->
<Project ToolsVersion="4.0" xmlns="http://schemas.microsoft.com/developer/msbuild/2003">
  <ItemGroup>
    <Filter Include="Properties">
      <UniqueIdentifier>{CC7C6180-942D-056E-3227-E6A2B3FB19CD}</UniqueIdentifier>
    </Filter>
    <Filter Include="include">
      <UniqueIdentifier>{04CCF0D3-2EF0-416E-960B-AE7879D46B6B}</UniqueIdentifier>
    </Filter>
    <Filter Include="include\DynamicOutput">
      <UniqueIdentifier>{4DA7E559-A8D6-440A-865C-F2FD943877B2}</UniqueIdentifier>
    </Filter>
    <Filter Include="src">
      <UniqueIdentifier>{491FBF00-292E-479F-8C8F-7A2AC045023A}</UniqueIdentifier>
    </Filter>

  </ItemGroup>
  <ItemGroup>
    <None Include="$(MSBuildProjectDirectory)\Xmake.Custom.props">
      <Filter>Properties</Filter>
    </None>
    <None Include="$(MSBuildProjectDirectory)\Xmake.Custom.targets">
      <Filter>Properties</Filter>
    </None>
    <None Include="$(MSBuildProjectDirectory)\Xmake.Custom.items">
      <Filter>Properties</Filter>
    </None>
    <None Include="$(MSBuildProjectDirectory)\Xmake.Custom.items.filters">
      <Filter>Properties</Filter>
    </None>
    <None Include="$(XmakeScriptDir)\xmake.lua">
      <Filter>Properties</Filter>
    </None>
  </ItemGroup>
  <ItemGroup>
    <ClInclude Include="$(XmakeProjectDir)\RE-UE4SS\deps\first\DynamicOutput\include\DynamicOutput\Common.hpp">
      <Filter>include\DynamicOutput</Filter>
    </ClInclude>
    <ClInclude Include="$(XmakeProjectDir)\RE-UE4SS\deps\first\DynamicOutput\include\DynamicOutput\DebugConsoleDevice.hpp">
      <Filter>include\DynamicOutput</Filter>
    </ClInclude>
    <ClInclude Include="$(XmakeProjectDir)\RE-UE4SS\deps\first\DynamicOutput\include\DynamicOutput\DynamicOutput.hpp">
      <Filter>include\DynamicOutput</Filter>
    </ClInclude>
    <ClInclude Include="$(XmakeProjectDir)\RE-UE4SS\deps\first\DynamicOutput\include\DynamicOutput\FileDevice.hpp">
      <Filter>include\DynamicOutput</Filter>
    </ClInclude>
    <ClInclude Include="$(XmakeProjectDir)\RE-UE4SS\deps\first\DynamicOutput\include\DynamicOutput\Macros.hpp">
      <Filter>include\DynamicOutput</Filter>
    </ClInclude>
    <ClInclude Include="$(XmakeProjectDir)\RE-UE4SS\deps\first\DynamicOutput\include\DynamicOutput\NewFileDevice.hpp">
      <Filter>include\DynamicOutput</Filter>
    </ClInclude>
    <ClInclude Include="$(XmakeProjectDir)\RE-UE4SS\deps\first\DynamicOutput\include\DynamicOutput\Output.hpp">
      <Filter>include\DynamicOutput</Filter>
    </ClInclude>
    <ClInclude Include="$(XmakeProjectDir)\RE-UE4SS\deps\first\DynamicOutput\include\DynamicOutput\OutputDevice.hpp">
      <Filter>include\DynamicOutput</Filter>
    </ClInclude>
    <ClInclude Include="$(XmakeProjectDir)\RE-UE4SS\deps\first\DynamicOutput\include\DynamicOutput\TestDevice.hpp">
      <Filter>include\DynamicOutput</Filter>
    </ClInclude>


  </ItemGroup>
  <ItemGroup>

    <ClCompile Include="$(XmakeProjectDir)\RE-UE4SS\deps\first\DynamicOutput\src\DebugConsoleDevice.cpp">
      <Filter>src</Filter>
    </ClCompile>
    <ClCompile Include="$(XmakeProjectDir)\RE-UE4SS\deps\first\DynamicOutput\src\Output.cpp">
      <Filter>src</Filter>
    </ClCompile>
    <ClCompile Include="$(XmakeProjectDir)\RE-UE4SS\deps\first\DynamicOutput\src\OutputDevice.cpp">
      <Filter>src</Filter>
    </ClCompile>



  </ItemGroup>
  <ItemGroup>

  </ItemGroup>
  <ItemGroup>




  </ItemGroup>
  <Import Condition="Exists('$(MSBuildThisFileDirectory)\Xmake.Custom.files.filters')"
    Project="$(MSBuildThisFileDirectory)\Xmake.Custom.files.filters" />
</Project>
