<?xml version="1.0" encoding="utf-8"?>
<!--
xmake version 2.9.7+master.540d496f5

  This file is auto generated by xmake.

  Please DO NOT EDIT since all your modification will lost after re-generation.
  See https://github.com/xmake-io/xmake/pull/472 for more infomation.
-->
<Project ToolsVersion="4.0" xmlns="http://schemas.microsoft.com/developer/msbuild/2003">
  <ItemGroup>
    <Filter Include="Properties">
      <UniqueIdentifier>{CC7C6180-942D-056E-3227-E6A2B3FB19CD}</UniqueIdentifier>
    </Filter>
    <Filter Include="include">
      <UniqueIdentifier>{04CCF0D3-2EF0-416E-960B-AE7879D46B6B}</UniqueIdentifier>
    </Filter>
    <Filter Include="include\JSON">
      <UniqueIdentifier>{8E4D2134-AF78-4CFD-BBFA-44D6844B4C58}</UniqueIdentifier>
    </Filter>
    <Filter Include="include\JSON\Parser">
      <UniqueIdentifier>{F5439209-F242-4B43-AB07-D0C0EF2FDB55}</UniqueIdentifier>
    </Filter>
    <Filter Include="src">
      <UniqueIdentifier>{491FBF00-292E-479F-8C8F-7A2AC045023A}</UniqueIdentifier>
    </Filter>
    <Filter Include="src\Parser">
      <UniqueIdentifier>{3851921E-53DA-4897-AD5D-D4FECC8FF2D1}</UniqueIdentifier>
    </Filter>

  </ItemGroup>
  <ItemGroup>
    <None Include="$(MSBuildProjectDirectory)\Xmake.Custom.props">
      <Filter>Properties</Filter>
    </None>
    <None Include="$(MSBuildProjectDirectory)\Xmake.Custom.targets">
      <Filter>Properties</Filter>
    </None>
    <None Include="$(MSBuildProjectDirectory)\Xmake.Custom.items">
      <Filter>Properties</Filter>
    </None>
    <None Include="$(MSBuildProjectDirectory)\Xmake.Custom.items.filters">
      <Filter>Properties</Filter>
    </None>
    <None Include="$(XmakeScriptDir)\xmake.lua">
      <Filter>Properties</Filter>
    </None>
  </ItemGroup>
  <ItemGroup>
    <ClInclude Include="$(XmakeProjectDir)\RE-UE4SS\deps\first\JSON\include\JSON\Array.hpp">
      <Filter>include\JSON</Filter>
    </ClInclude>
    <ClInclude Include="$(XmakeProjectDir)\RE-UE4SS\deps\first\JSON\include\JSON\Bool.hpp">
      <Filter>include\JSON</Filter>
    </ClInclude>
    <ClInclude Include="$(XmakeProjectDir)\RE-UE4SS\deps\first\JSON\include\JSON\Common.hpp">
      <Filter>include\JSON</Filter>
    </ClInclude>
    <ClInclude Include="$(XmakeProjectDir)\RE-UE4SS\deps\first\JSON\include\JSON\JSON.hpp">
      <Filter>include\JSON</Filter>
    </ClInclude>
    <ClInclude Include="$(XmakeProjectDir)\RE-UE4SS\deps\first\JSON\include\JSON\KeyValuePair.hpp">
      <Filter>include\JSON</Filter>
    </ClInclude>
    <ClInclude Include="$(XmakeProjectDir)\RE-UE4SS\deps\first\JSON\include\JSON\Null.hpp">
      <Filter>include\JSON</Filter>
    </ClInclude>
    <ClInclude Include="$(XmakeProjectDir)\RE-UE4SS\deps\first\JSON\include\JSON\Number.hpp">
      <Filter>include\JSON</Filter>
    </ClInclude>
    <ClInclude Include="$(XmakeProjectDir)\RE-UE4SS\deps\first\JSON\include\JSON\Object.hpp">
      <Filter>include\JSON</Filter>
    </ClInclude>
    <ClInclude Include="$(XmakeProjectDir)\RE-UE4SS\deps\first\JSON\include\JSON\Parser\Parser.hpp">
      <Filter>include\JSON\Parser</Filter>
    </ClInclude>
    <ClInclude Include="$(XmakeProjectDir)\RE-UE4SS\deps\first\JSON\include\JSON\Parser\TokenParser.hpp">
      <Filter>include\JSON\Parser</Filter>
    </ClInclude>
    <ClInclude Include="$(XmakeProjectDir)\RE-UE4SS\deps\first\JSON\include\JSON\Parser\Tokens.hpp">
      <Filter>include\JSON\Parser</Filter>
    </ClInclude>
    <ClInclude Include="$(XmakeProjectDir)\RE-UE4SS\deps\first\JSON\include\JSON\String.hpp">
      <Filter>include\JSON</Filter>
    </ClInclude>
    <ClInclude Include="$(XmakeProjectDir)\RE-UE4SS\deps\first\JSON\include\JSON\Value.hpp">
      <Filter>include\JSON</Filter>
    </ClInclude>


  </ItemGroup>
  <ItemGroup>

    <ClCompile Include="$(XmakeProjectDir)\RE-UE4SS\deps\first\JSON\src\Array.cpp">
      <Filter>src</Filter>
    </ClCompile>
    <ClCompile Include="$(XmakeProjectDir)\RE-UE4SS\deps\first\JSON\src\Bool.cpp">
      <Filter>src</Filter>
    </ClCompile>
    <ClCompile Include="$(XmakeProjectDir)\RE-UE4SS\deps\first\JSON\src\Null.cpp">
      <Filter>src</Filter>
    </ClCompile>
    <ClCompile Include="$(XmakeProjectDir)\RE-UE4SS\deps\first\JSON\src\Number.cpp">
      <Filter>src</Filter>
    </ClCompile>
    <ClCompile Include="$(XmakeProjectDir)\RE-UE4SS\deps\first\JSON\src\Object.cpp">
      <Filter>src</Filter>
    </ClCompile>
    <ClCompile Include="$(XmakeProjectDir)\RE-UE4SS\deps\first\JSON\src\Parser\Parser.cpp">
      <Filter>src\Parser</Filter>
    </ClCompile>
    <ClCompile Include="$(XmakeProjectDir)\RE-UE4SS\deps\first\JSON\src\Parser\TokenParser.cpp">
      <Filter>src\Parser</Filter>
    </ClCompile>
    <ClCompile Include="$(XmakeProjectDir)\RE-UE4SS\deps\first\JSON\src\String.cpp">
      <Filter>src</Filter>
    </ClCompile>



  </ItemGroup>
  <ItemGroup>

  </ItemGroup>
  <ItemGroup>




  </ItemGroup>
  <Import Condition="Exists('$(MSBuildThisFileDirectory)\Xmake.Custom.files.filters')"
    Project="$(MSBuildThisFileDirectory)\Xmake.Custom.files.filters" />
</Project>
